{
	"name": "@ui-schema/kit-dnd",
	"version": "0.0.7",
	"lockfileVersion": 3,
	"requires": true,
	"packages": {
		"": {
			"name": "@ui-schema/kit-dnd",
			"version": "0.0.7",
			"license": "MIT",
			"devDependencies": {
				"@types/react": "^18.0",
				"immutable": "^4.0.0",
				"react": "^18.0",
				"react-dnd": "^14.0.0"
			},
			"peerDependencies": {
				"@types/react": "^16.8 || ^17.0 || ^18.0",
				"immutable": "^4.0.0",
				"react": "^16.8 || ^17.0 || ^18.0",
				"react-dnd": "^14.0.0"
			},
			"peerDependenciesMeta": {
				"@types/react": {
					"optional": true
				}
			}
		},
		"node_modules/@babel/runtime": {
			"version": "7.26.0",
			"resolved": "https://registry.npmjs.org/@babel/runtime/-/runtime-7.26.0.tgz",
			"integrity": "sha512-FDSOghenHTiToteC/QRlv2q3DhPZ/oOXTBoirfWNx1Cx3TMVcGWQtMMmQcSvb/JjpNeGzx8Pq/b4fKEJuWm1sw==",
			"dev": true,
			"license": "MIT",
			"dependencies": {
				"regenerator-runtime": "^0.14.0"
			},
			"engines": {
				"node": ">=6.9.0"
			}
		},
		"node_modules/@react-dnd/asap": {
			"version": "4.0.1",
			"resolved": "https://registry.npmjs.org/@react-dnd/asap/-/asap-4.0.1.tgz",
			"integrity": "sha512-kLy0PJDDwvwwTXxqTFNAAllPHD73AycE9ypWeln/IguoGBEbvFcPDbCV03G52bEcC5E+YgupBE0VzHGdC8SIXg==",
			"dev": true,
			"license": "MIT"
		},
		"node_modules/@react-dnd/invariant": {
			"version": "2.0.0",
			"resolved": "https://registry.npmjs.org/@react-dnd/invariant/-/invariant-2.0.0.tgz",
			"integrity": "sha512-xL4RCQBCBDJ+GRwKTFhGUW8GXa4yoDfJrPbLblc3U09ciS+9ZJXJ3Qrcs/x2IODOdIE5kQxvMmE2UKyqUictUw==",
			"dev": true,
			"license": "MIT"
		},
		"node_modules/@react-dnd/shallowequal": {
			"version": "2.0.0",
			"resolved": "https://registry.npmjs.org/@react-dnd/shallowequal/-/shallowequal-2.0.0.tgz",
			"integrity": "sha512-Pc/AFTdwZwEKJxFJvlxrSmGe/di+aAOBn60sremrpLo6VI/6cmiUYNNwlI5KNYttg7uypzA3ILPMPgxB2GYZEg==",
			"dev": true,
			"license": "MIT"
		},
		"node_modules/@types/prop-types": {
			"version": "15.7.13",
			"resolved": "https://registry.npmjs.org/@types/prop-types/-/prop-types-15.7.13.tgz",
			"integrity": "sha512-hCZTSvwbzWGvhqxp/RqVqwU999pBf2vp7hzIjiYOsl8wqOmUxkQ6ddw1cV3l8811+kdUFus/q4d1Y3E3SyEifA==",
			"dev": true,
			"license": "MIT"
		},
		"node_modules/@types/react": {
			"version": "18.3.12",
			"resolved": "https://registry.npmjs.org/@types/react/-/react-18.3.12.tgz",
			"integrity": "sha512-D2wOSq/d6Agt28q7rSI3jhU7G6aiuzljDGZ2hTZHIkrTLUI+AF3WMeKkEZ9nN2fkBAlcktT6vcZjDFiIhMYEQw==",
			"dev": true,
			"license": "MIT",
			"dependencies": {
				"@types/prop-types": "*",
				"csstype": "^3.0.2"
			}
		},
		"node_modules/csstype": {
			"version": "3.1.3",
			"resolved": "https://registry.npmjs.org/csstype/-/csstype-3.1.3.tgz",
			"integrity": "sha512-M1uQkMl8rQK/szD0LNhtqxIPLpimGm8sOBwU7lLnCpSbTyY3yeU1Vc7l4KT5zT4s/yOxHH5O7tIuuLOCnLADRw==",
			"dev": true,
			"license": "MIT"
		},
		"node_modules/dnd-core": {
			"version": "14.0.1",
			"resolved": "https://registry.npmjs.org/dnd-core/-/dnd-core-14.0.1.tgz",
			"integrity": "sha512-+PVS2VPTgKFPYWo3vAFEA8WPbTf7/xo43TifH9G8S1KqnrQu0o77A3unrF5yOugy4mIz7K5wAVFHUcha7wsz6A==",
			"dev": true,
			"license": "MIT",
			"dependencies": {
				"@react-dnd/asap": "^4.0.0",
				"@react-dnd/invariant": "^2.0.0",
				"redux": "^4.1.1"
			}
		},
		"node_modules/fast-deep-equal": {
			"version": "3.1.3",
			"resolved": "https://registry.npmjs.org/fast-deep-equal/-/fast-deep-equal-3.1.3.tgz",
			"integrity": "sha512-f3qQ9oQy9j2AhBe/H9VC91wLmKBCCU/gDOnKNAYG5hswO7BLKj09Hc5HYNz9cGI++xlpDCIgDaitVs03ATR84Q==",
			"dev": true,
			"license": "MIT"
		},
		"node_modules/hoist-non-react-statics": {
			"version": "3.3.2",
			"resolved": "https://registry.npmjs.org/hoist-non-react-statics/-/hoist-non-react-statics-3.3.2.tgz",
			"integrity": "sha512-/gGivxi8JPKWNm/W0jSmzcMPpfpPLc3dY/6GxhX2hQ9iGj3aDfklV4ET7NjKpSinLpJ5vafa9iiGIEZg10SfBw==",
			"dev": true,
			"license": "BSD-3-Clause",
			"dependencies": {
				"react-is": "^16.7.0"
			}
		},
		"node_modules/immutable": {
			"version": "4.3.7",
			"resolved": "https://registry.npmjs.org/immutable/-/immutable-4.3.7.tgz",
			"integrity": "sha512-1hqclzwYwjRDFLjcFxOM5AYkkG0rpFPpr1RLPMEuGczoS7YA8gLhy8SWXYRAA/XwfEHpfo3cw5JGioS32fnMRw==",
			"dev": true,
			"license": "MIT"
		},
		"node_modules/js-tokens": {
			"version": "4.0.0",
			"resolved": "https://registry.npmjs.org/js-tokens/-/js-tokens-4.0.0.tgz",
			"integrity": "sha512-RdJUflcE3cUzKiMqQgsCu06FPu9UdIJO0beYbPhHN4k6apgJtifcoCtT9bcxOpYBtpD2kCM6Sbzg4CausW/PKQ==",
			"dev": true,
			"license": "MIT"
		},
		"node_modules/loose-envify": {
			"version": "1.4.0",
			"resolved": "https://registry.npmjs.org/loose-envify/-/loose-envify-1.4.0.tgz",
			"integrity": "sha512-lyuxPGr/Wfhrlem2CL/UcnUc1zcqKAImBDzukY7Y5F/yQiNdko6+fRLevlw1HgMySw7f611UIY408EtxRSoK3Q==",
			"dev": true,
			"license": "MIT",
			"dependencies": {
				"js-tokens": "^3.0.0 || ^4.0.0"
			},
			"bin": {
				"loose-envify": "cli.js"
			}
		},
		"node_modules/react": {
			"version": "18.3.1",
			"resolved": "https://registry.npmjs.org/react/-/react-18.3.1.tgz",
			"integrity": "sha512-wS+hAgJShR0KhEvPJArfuPVN1+Hz1t0Y6n5jLrGQbkb4urgPE/0Rve+1kMB1v/oWgHgm4WIcV+i7F2pTVj+2iQ==",
			"dev": true,
			"license": "MIT",
			"dependencies": {
				"loose-envify": "^1.1.0"
			},
			"engines": {
				"node": ">=0.10.0"
			}
		},
		"node_modules/react-dnd": {
			"version": "14.0.5",
			"resolved": "https://registry.npmjs.org/react-dnd/-/react-dnd-14.0.5.tgz",
			"integrity": "sha512-9i1jSgbyVw0ELlEVt/NkCUkxy1hmhJOkePoCH713u75vzHGyXhPDm28oLfc2NMSBjZRM1Y+wRjHXJT3sPrTy+A==",
			"dev": true,
			"license": "MIT",
			"dependencies": {
				"@react-dnd/invariant": "^2.0.0",
				"@react-dnd/shallowequal": "^2.0.0",
				"dnd-core": "14.0.1",
				"fast-deep-equal": "^3.1.3",
				"hoist-non-react-statics": "^3.3.2"
			},
			"peerDependencies": {
				"@types/hoist-non-react-statics": ">= 3.3.1",
				"@types/node": ">= 12",
				"@types/react": ">= 16",
				"react": ">= 16.14"
			},
			"peerDependenciesMeta": {
				"@types/hoist-non-react-statics": {
					"optional": true
				},
				"@types/node": {
					"optional": true
				},
				"@types/react": {
					"optional": true
				}
			}
		},
		"node_modules/react-is": {
			"version": "16.13.1",
			"resolved": "https://registry.npmjs.org/react-is/-/react-is-16.13.1.tgz",
			"integrity": "sha512-24e6ynE2H+OKt4kqsOvNd8kBpV65zoxbA4BVsEOB3ARVWQki/DHzaUoC5KuON/BiccDaCCTZBuOcfZs70kR8bQ==",
			"dev": true,
			"license": "MIT"
		},
		"node_modules/redux": {
			"version": "4.2.1",
			"resolved": "https://registry.npmjs.org/redux/-/redux-4.2.1.tgz",
			"integrity": "sha512-LAUYz4lc+Do8/g7aeRa8JkyDErK6ekstQaqWQrNRW//MY1TvCEpMtpTWvlQ+FPbWCx+Xixu/6SHt5N0HR+SB4w==",
			"dev": true,
			"license": "MIT",
			"dependencies": {
				"@babel/runtime": "^7.9.2"
			}
		},
		"node_modules/regenerator-runtime": {
			"version": "0.14.1",
			"resolved": "https://registry.npmjs.org/regenerator-runtime/-/regenerator-runtime-0.14.1.tgz",
			"integrity": "sha512-dYnhHh0nJoMfnkZs6GmmhFknAGRrLznOu5nc9ML+EJxGvrx6H7teuevqVqCuPcPK//3eDrrjQhehXVx9cnkGdw==",
			"dev": true,
			"license": "MIT"
		}
	}
}
