{
	"name": "@ui-schema/ds-bootstrap",
	"version": "0.3.0-alpha.1",
	"lockfileVersion": 2,
	"requires": true,
	"packages": {
		"": {
			"name": "@ui-schema/ds-bootstrap",
			"version": "0.3.0-alpha.1",
			"license": "MIT",
			"dependencies": {
				"react-uid": "^2.2.0"
			},
			"devDependencies": {
				"react": "^16.12",
				"react-dom": "^16.12"
			},
			"peerDependencies": {
				"@ui-schema/ui-schema": "~0.3.0-alpha",
				"react": "^16.8"
			}
		},
		"node_modules/@ui-schema/ui-schema": {
			"version": "0.3.0-alpha.4",
			"resolved": "https://registry.npmjs.org/@ui-schema/ui-schema/-/ui-schema-0.3.0-alpha.4.tgz",
			"integrity": "sha512-xRKHfKOP0dCfkV8nDQT2TVu6GYYev7aV6JiLmOd729fb6j1abO5VRxlGXfvfMVrAH2xubhwAyf2MPObxm7/ujA==",
			"peer": true,
			"peerDependencies": {
				"immutable": "^4.0.0-rc",
				"react": "^16.8 || ^17.0"
			}
		},
		"node_modules/immutable": {
			"version": "4.0.0-rc.15",
			"resolved": "https://registry.npmjs.org/immutable/-/immutable-4.0.0-rc.15.tgz",
			"integrity": "sha512-v8+A3sNyaieoP9dHegl3tEYnIZa7vqNiSv0U6D7YddiZi34VjKy4GsIxrRHj2d8+CS3MeiVja5QyNe4JO/aEXA==",
			"peer": true
		},
		"node_modules/js-tokens": {
			"version": "4.0.0",
			"resolved": "https://registry.npmjs.org/js-tokens/-/js-tokens-4.0.0.tgz",
			"integrity": "sha512-RdJUflcE3cUzKiMqQgsCu06FPu9UdIJO0beYbPhHN4k6apgJtifcoCtT9bcxOpYBtpD2kCM6Sbzg4CausW/PKQ=="
		},
		"node_modules/loose-envify": {
			"version": "1.4.0",
			"resolved": "https://registry.npmjs.org/loose-envify/-/loose-envify-1.4.0.tgz",
			"integrity": "sha512-lyuxPGr/Wfhrlem2CL/UcnUc1zcqKAImBDzukY7Y5F/yQiNdko6+fRLevlw1HgMySw7f611UIY408EtxRSoK3Q==",
			"dependencies": {
				"js-tokens": "^3.0.0 || ^4.0.0"
			},
			"bin": {
				"loose-envify": "cli.js"
			}
		},
		"node_modules/object-assign": {
			"version": "4.1.1",
			"resolved": "https://registry.npmjs.org/object-assign/-/object-assign-4.1.1.tgz",
			"integrity": "sha1-IQmtx5ZYh8/AXLvUQsrIv7s2CGM=",
			"engines": {
				"node": ">=0.10.0"
			}
		},
		"node_modules/prop-types": {
			"version": "15.7.2",
			"resolved": "https://registry.npmjs.org/prop-types/-/prop-types-15.7.2.tgz",
			"integrity": "sha512-8QQikdH7//R2vurIJSutZ1smHYTcLpRWEOlHnzcWHmBYrOGUysKwSsrC89BCiFj3CbrfJ/nXFdJepOVrY1GCHQ==",
			"dependencies": {
				"loose-envify": "^1.4.0",
				"object-assign": "^4.1.1",
				"react-is": "^16.8.1"
			}
		},
		"node_modules/react": {
			"version": "16.14.0",
			"resolved": "https://registry.npmjs.org/react/-/react-16.14.0.tgz",
			"integrity": "sha512-0X2CImDkJGApiAlcf0ODKIneSwBPhqJawOa5wCtKbu7ZECrmS26NvtSILynQ66cgkT/RJ4LidJOc3bUESwmU8g==",
			"dependencies": {
				"loose-envify": "^1.1.0",
				"object-assign": "^4.1.1",
				"prop-types": "^15.6.2"
			},
			"engines": {
				"node": ">=0.10.0"
			}
		},
		"node_modules/react-dom": {
			"version": "16.14.0",
			"resolved": "https://registry.npmjs.org/react-dom/-/react-dom-16.14.0.tgz",
			"integrity": "sha512-1gCeQXDLoIqMgqD3IO2Ah9bnf0w9kzhwN5q4FGnHZ67hBm9yePzB5JJAIQCc8x3pFnNlwFq4RidZggNAAkzWWw==",
			"dev": true,
			"dependencies": {
				"loose-envify": "^1.1.0",
				"object-assign": "^4.1.1",
				"prop-types": "^15.6.2",
				"scheduler": "^0.19.1"
			},
			"peerDependencies": {
				"react": "^16.14.0"
			}
		},
		"node_modules/react-is": {
			"version": "16.13.1",
			"resolved": "https://registry.npmjs.org/react-is/-/react-is-16.13.1.tgz",
			"integrity": "sha512-24e6ynE2H+OKt4kqsOvNd8kBpV65zoxbA4BVsEOB3ARVWQki/DHzaUoC5KuON/BiccDaCCTZBuOcfZs70kR8bQ=="
		},
		"node_modules/react-uid": {
			"version": "2.3.1",
			"resolved": "https://registry.npmjs.org/react-uid/-/react-uid-2.3.1.tgz",
			"integrity": "sha512-6C5pwNYP1udgp5feQ9MTBZBKD4su9nhD2aYCFY1bB0Bpask8wYKYz0ZhAtAJ4lcmTDC5kY1ByGTQMFDHQW6p0w==",
			"dependencies": {
				"tslib": "^1.10.0"
			},
			"engines": {
				"node": ">=8.5.0"
			},
			"peerDependencies": {
				"@types/react": "^16.8.0 || ^17.0.0",
				"react": "^16.8.0 || ^17.0.0"
			},
			"peerDependenciesMeta": {
				"@types/react": {
					"optional": true
				}
			}
		},
		"node_modules/scheduler": {
			"version": "0.19.1",
			"resolved": "https://registry.npmjs.org/scheduler/-/scheduler-0.19.1.tgz",
			"integrity": "sha512-n/zwRWRYSUj0/3g/otKDRPMh6qv2SYMWNq85IEa8iZyAv8od9zDYpGSnpBEjNgcMNq6Scbu5KfIPxNF72R/2EA==",
			"dev": true,
			"dependencies": {
				"loose-envify": "^1.1.0",
				"object-assign": "^4.1.1"
			}
		},
		"node_modules/tslib": {
			"version": "1.14.1",
			"resolved": "https://registry.npmjs.org/tslib/-/tslib-1.14.1.tgz",
			"integrity": "sha512-Xni35NKzjgMrwevysHTCArtLDpPvye8zV/0E4EyYn43P7/7qvQwPh9BGkHewbMulVntbigmcT7rdX3BNo9wRJg=="
		}
	},
	"dependencies": {
		"@ui-schema/ui-schema": {
			"version": "0.3.0-alpha.4",
			"resolved": "https://registry.npmjs.org/@ui-schema/ui-schema/-/ui-schema-0.3.0-alpha.4.tgz",
			"integrity": "sha512-xRKHfKOP0dCfkV8nDQT2TVu6GYYev7aV6JiLmOd729fb6j1abO5VRxlGXfvfMVrAH2xubhwAyf2MPObxm7/ujA==",
			"peer": true,
			"requires": {}
		},
		"immutable": {
			"version": "4.0.0-rc.15",
			"resolved": "https://registry.npmjs.org/immutable/-/immutable-4.0.0-rc.15.tgz",
			"integrity": "sha512-v8+A3sNyaieoP9dHegl3tEYnIZa7vqNiSv0U6D7YddiZi34VjKy4GsIxrRHj2d8+CS3MeiVja5QyNe4JO/aEXA==",
			"peer": true
		},
		"js-tokens": {
			"version": "4.0.0",
			"resolved": "https://registry.npmjs.org/js-tokens/-/js-tokens-4.0.0.tgz",
			"integrity": "sha512-RdJUflcE3cUzKiMqQgsCu06FPu9UdIJO0beYbPhHN4k6apgJtifcoCtT9bcxOpYBtpD2kCM6Sbzg4CausW/PKQ=="
		},
		"loose-envify": {
			"version": "1.4.0",
			"resolved": "https://registry.npmjs.org/loose-envify/-/loose-envify-1.4.0.tgz",
			"integrity": "sha512-lyuxPGr/Wfhrlem2CL/UcnUc1zcqKAImBDzukY7Y5F/yQiNdko6+fRLevlw1HgMySw7f611UIY408EtxRSoK3Q==",
			"requires": {
				"js-tokens": "^3.0.0 || ^4.0.0"
			}
		},
		"object-assign": {
			"version": "4.1.1",
			"resolved": "https://registry.npmjs.org/object-assign/-/object-assign-4.1.1.tgz",
			"integrity": "sha1-IQmtx5ZYh8/AXLvUQsrIv7s2CGM="
		},
		"prop-types": {
			"version": "15.7.2",
			"resolved": "https://registry.npmjs.org/prop-types/-/prop-types-15.7.2.tgz",
			"integrity": "sha512-8QQikdH7//R2vurIJSutZ1smHYTcLpRWEOlHnzcWHmBYrOGUysKwSsrC89BCiFj3CbrfJ/nXFdJepOVrY1GCHQ==",
			"requires": {
				"loose-envify": "^1.4.0",
				"object-assign": "^4.1.1",
				"react-is": "^16.8.1"
			}
		},
		"react": {
			"version": "16.14.0",
			"resolved": "https://registry.npmjs.org/react/-/react-16.14.0.tgz",
			"integrity": "sha512-0X2CImDkJGApiAlcf0ODKIneSwBPhqJawOa5wCtKbu7ZECrmS26NvtSILynQ66cgkT/RJ4LidJOc3bUESwmU8g==",
			"requires": {
				"loose-envify": "^1.1.0",
				"object-assign": "^4.1.1",
				"prop-types": "^15.6.2"
			}
		},
		"react-dom": {
			"version": "16.14.0",
			"resolved": "https://registry.npmjs.org/react-dom/-/react-dom-16.14.0.tgz",
			"integrity": "sha512-1gCeQXDLoIqMgqD3IO2Ah9bnf0w9kzhwN5q4FGnHZ67hBm9yePzB5JJAIQCc8x3pFnNlwFq4RidZggNAAkzWWw==",
			"dev": true,
			"requires": {
				"loose-envify": "^1.1.0",
				"object-assign": "^4.1.1",
				"prop-types": "^15.6.2",
				"scheduler": "^0.19.1"
			}
		},
		"react-is": {
			"version": "16.13.1",
			"resolved": "https://registry.npmjs.org/react-is/-/react-is-16.13.1.tgz",
			"integrity": "sha512-24e6ynE2H+OKt4kqsOvNd8kBpV65zoxbA4BVsEOB3ARVWQki/DHzaUoC5KuON/BiccDaCCTZBuOcfZs70kR8bQ=="
		},
		"react-uid": {
			"version": "2.3.1",
			"resolved": "https://registry.npmjs.org/react-uid/-/react-uid-2.3.1.tgz",
			"integrity": "sha512-6C5pwNYP1udgp5feQ9MTBZBKD4su9nhD2aYCFY1bB0Bpask8wYKYz0ZhAtAJ4lcmTDC5kY1ByGTQMFDHQW6p0w==",
			"requires": {
				"tslib": "^1.10.0"
			}
		},
		"scheduler": {
			"version": "0.19.1",
			"resolved": "https://registry.npmjs.org/scheduler/-/scheduler-0.19.1.tgz",
			"integrity": "sha512-n/zwRWRYSUj0/3g/otKDRPMh6qv2SYMWNq85IEa8iZyAv8od9zDYpGSnpBEjNgcMNq6Scbu5KfIPxNF72R/2EA==",
			"dev": true,
			"requires": {
				"loose-envify": "^1.1.0",
				"object-assign": "^4.1.1"
			}
		},
		"tslib": {
			"version": "1.14.1",
			"resolved": "https://registry.npmjs.org/tslib/-/tslib-1.14.1.tgz",
			"integrity": "sha512-Xni35NKzjgMrwevysHTCArtLDpPvye8zV/0E4EyYn43P7/7qvQwPh9BGkHewbMulVntbigmcT7rdX3BNo9wRJg=="
		}
	}
}
