{
	"name": "@ui-schema/material-editorjs",
	"version": "0.0.1",
	"lockfileVersion": 1,
	"requires": true,
	"dependencies": {
		"@babel/runtime": {
			"version": "7.13.8",
			"resolved": "https://registry.npmjs.org/@babel/runtime/-/runtime-7.13.8.tgz",
			"integrity": "sha512-CwQljpw6qSayc0fRG1soxHAKs1CnQMOChm4mlQP6My0kf9upVGizj/KhlTTgyUnETmHpcUXjaluNAkteRFuafg==",
			"dev": true,
			"requires": {
				"regenerator-runtime": "^0.13.4"
			}
		},
		"@editorjs/editorjs": {
			"version": "2.19.2-rc.1",
			"resolved": "https://registry.npmjs.org/@editorjs/editorjs/-/editorjs-2.19.2-rc.1.tgz",
			"integrity": "sha512-SwtMJ/el2fEMChPKCOAiRfkPsSO2YGhKbpyw5hrduiFZNhXMu556HBtNCFQjPRT6Esh+OA04LEzAmO6ctloDLg==",
			"dev": true,
			"requires": {
				"codex-notifier": "^1.1.2",
				"codex-tooltip": "^1.0.1"
			}
		},
		"@emotion/hash": {
			"version": "0.8.0",
			"resolved": "https://registry.npmjs.org/@emotion/hash/-/hash-0.8.0.tgz",
			"integrity": "sha512-kBJtf7PH6aWwZ6fka3zQ0p6SBYzx4fl1LoZXE2RrnYST9Xljm7WfKJrU4g/Xr3Beg72MLrp1AWNUmuYJTL7Cow==",
			"dev": true
		},
		"@material-ui/core": {
			"version": "4.11.3",
			"resolved": "https://registry.npmjs.org/@material-ui/core/-/core-4.11.3.tgz",
			"integrity": "sha512-Adt40rGW6Uds+cAyk3pVgcErpzU/qxc7KBR94jFHBYretU4AtWZltYcNsbeMn9tXL86jjVL1kuGcIHsgLgFGRw==",
			"dev": true,
			"requires": {
				"@babel/runtime": "^7.4.4",
				"@material-ui/styles": "^4.11.3",
				"@material-ui/system": "^4.11.3",
				"@material-ui/types": "^5.1.0",
				"@material-ui/utils": "^4.11.2",
				"@types/react-transition-group": "^4.2.0",
				"clsx": "^1.0.4",
				"hoist-non-react-statics": "^3.3.2",
				"popper.js": "1.16.1-lts",
				"prop-types": "^15.7.2",
				"react-is": "^16.8.0 || ^17.0.0",
				"react-transition-group": "^4.4.0"
			}
		},
		"@material-ui/icons": {
			"version": "4.11.2",
			"resolved": "https://registry.npmjs.org/@material-ui/icons/-/icons-4.11.2.tgz",
			"integrity": "sha512-fQNsKX2TxBmqIGJCSi3tGTO/gZ+eJgWmMJkgDiOfyNaunNaxcklJQFaFogYcFl0qFuaEz1qaXYXboa/bUXVSOQ==",
			"dev": true,
			"requires": {
				"@babel/runtime": "^7.4.4"
			}
		},
		"@material-ui/styles": {
			"version": "4.11.3",
			"resolved": "https://registry.npmjs.org/@material-ui/styles/-/styles-4.11.3.tgz",
			"integrity": "sha512-HzVzCG+PpgUGMUYEJ2rTEmQYeonGh41BYfILNFb/1ueqma+p1meSdu4RX6NjxYBMhf7k+jgfHFTTz+L1SXL/Zg==",
			"dev": true,
			"requires": {
				"@babel/runtime": "^7.4.4",
				"@emotion/hash": "^0.8.0",
				"@material-ui/types": "^5.1.0",
				"@material-ui/utils": "^4.11.2",
				"clsx": "^1.0.4",
				"csstype": "^2.5.2",
				"hoist-non-react-statics": "^3.3.2",
				"jss": "^10.5.1",
				"jss-plugin-camel-case": "^10.5.1",
				"jss-plugin-default-unit": "^10.5.1",
				"jss-plugin-global": "^10.5.1",
				"jss-plugin-nested": "^10.5.1",
				"jss-plugin-props-sort": "^10.5.1",
				"jss-plugin-rule-value-function": "^10.5.1",
				"jss-plugin-vendor-prefixer": "^10.5.1",
				"prop-types": "^15.7.2"
			}
		},
		"@material-ui/system": {
			"version": "4.11.3",
			"resolved": "https://registry.npmjs.org/@material-ui/system/-/system-4.11.3.tgz",
			"integrity": "sha512-SY7otguNGol41Mu2Sg6KbBP1ZRFIbFLHGK81y4KYbsV2yIcaEPOmsCK6zwWlp+2yTV3J/VwT6oSBARtGIVdXPw==",
			"dev": true,
			"requires": {
				"@babel/runtime": "^7.4.4",
				"@material-ui/utils": "^4.11.2",
				"csstype": "^2.5.2",
				"prop-types": "^15.7.2"
			}
		},
		"@material-ui/types": {
			"version": "5.1.0",
			"resolved": "https://registry.npmjs.org/@material-ui/types/-/types-5.1.0.tgz",
			"integrity": "sha512-7cqRjrY50b8QzRSYyhSpx4WRw2YuO0KKIGQEVk5J8uoz2BanawykgZGoWEqKm7pVIbzFDN0SpPcVV4IhOFkl8A==",
			"dev": true
		},
		"@material-ui/utils": {
			"version": "4.11.2",
			"resolved": "https://registry.npmjs.org/@material-ui/utils/-/utils-4.11.2.tgz",
			"integrity": "sha512-Uul8w38u+PICe2Fg2pDKCaIG7kOyhowZ9vjiC1FsVwPABTW8vPPKfF6OvxRq3IiBaI1faOJmgdvMG7rMJARBhA==",
			"dev": true,
			"requires": {
				"@babel/runtime": "^7.4.4",
				"prop-types": "^15.7.2",
				"react-is": "^16.8.0 || ^17.0.0"
			}
		},
		"@types/prop-types": {
			"version": "15.7.3",
			"resolved": "https://registry.npmjs.org/@types/prop-types/-/prop-types-15.7.3.tgz",
			"integrity": "sha512-KfRL3PuHmqQLOG+2tGpRO26Ctg+Cq1E01D2DMriKEATHgWLfeNDmq9e29Q9WIky0dQ3NPkd1mzYH8Lm936Z9qw==",
			"dev": true
		},
		"@types/react": {
			"version": "17.0.2",
			"resolved": "https://registry.npmjs.org/@types/react/-/react-17.0.2.tgz",
			"integrity": "sha512-Xt40xQsrkdvjn1EyWe1Bc0dJLcil/9x2vAuW7ya+PuQip4UYUaXyhzWmAbwRsdMgwOFHpfp7/FFZebDU6Y8VHA==",
			"dev": true,
			"requires": {
				"@types/prop-types": "*",
				"csstype": "^3.0.2"
			},
			"dependencies": {
				"csstype": {
					"version": "3.0.7",
					"resolved": "https://registry.npmjs.org/csstype/-/csstype-3.0.7.tgz",
					"integrity": "sha512-KxnUB0ZMlnUWCsx2Z8MUsr6qV6ja1w9ArPErJaJaF8a5SOWoHLIszeCTKGRGRgtLgYrs1E8CHkNSP1VZTTPc9g==",
					"dev": true
				}
			}
		},
		"@types/react-transition-group": {
			"version": "4.4.1",
			"resolved": "https://registry.npmjs.org/@types/react-transition-group/-/react-transition-group-4.4.1.tgz",
			"integrity": "sha512-vIo69qKKcYoJ8wKCJjwSgCTM+z3chw3g18dkrDfVX665tMH7tmbDxEAnPdey4gTlwZz5QuHGzd+hul0OVZDqqQ==",
			"dev": true,
			"requires": {
				"@types/react": "*"
			}
		},
		"clsx": {
			"version": "1.1.1",
			"resolved": "https://registry.npmjs.org/clsx/-/clsx-1.1.1.tgz",
			"integrity": "sha512-6/bPho624p3S2pMyvP5kKBPXnI3ufHLObBFCfgx+LkeR5lg2XYy2hqZqUf45ypD8COn2bhgGJSUE+l5dhNBieA=="
		},
		"codex-notifier": {
			"version": "1.1.2",
			"resolved": "https://registry.npmjs.org/codex-notifier/-/codex-notifier-1.1.2.tgz",
			"integrity": "sha512-DCp6xe/LGueJ1N5sXEwcBc3r3PyVkEEDNWCVigfvywAkeXcZMk9K41a31tkEFBW0Ptlwji6/JlAb49E3Yrxbtg==",
			"dev": true
		},
		"codex-tooltip": {
			"version": "1.0.2",
			"resolved": "https://registry.npmjs.org/codex-tooltip/-/codex-tooltip-1.0.2.tgz",
			"integrity": "sha512-oC+Bu5X/zyhbPydgMSLWKoM/+vkJMqaLWu3Dt/jZgXS3MWK23INwC5DMBrVXZSufAFk0i0SUni38k9rLMyZn/w==",
			"dev": true
		},
		"css-vendor": {
			"version": "2.0.8",
			"resolved": "https://registry.npmjs.org/css-vendor/-/css-vendor-2.0.8.tgz",
			"integrity": "sha512-x9Aq0XTInxrkuFeHKbYC7zWY8ai7qJ04Kxd9MnvbC1uO5DagxoHQjm4JvG+vCdXOoFtCjbL2XSZfxmoYa9uQVQ==",
			"dev": true,
			"requires": {
				"@babel/runtime": "^7.8.3",
				"is-in-browser": "^1.0.2"
			}
		},
		"csstype": {
			"version": "2.6.16",
			"resolved": "https://registry.npmjs.org/csstype/-/csstype-2.6.16.tgz",
			"integrity": "sha512-61FBWoDHp/gRtsoDkq/B1nWrCUG/ok1E3tUrcNbZjsE9Cxd9yzUirjS3+nAATB8U4cTtaQmAHbNndoFz5L6C9Q==",
			"dev": true
		},
		"dom-helpers": {
			"version": "5.2.0",
			"resolved": "https://registry.npmjs.org/dom-helpers/-/dom-helpers-5.2.0.tgz",
			"integrity": "sha512-Ru5o9+V8CpunKnz5LGgWXkmrH/20cGKwcHwS4m73zIvs54CN9epEmT/HLqFJW3kXpakAFkEdzgy1hzlJe3E4OQ==",
			"dev": true,
			"requires": {
				"@babel/runtime": "^7.8.7",
				"csstype": "^3.0.2"
			},
			"dependencies": {
				"csstype": {
					"version": "3.0.7",
					"resolved": "https://registry.npmjs.org/csstype/-/csstype-3.0.7.tgz",
					"integrity": "sha512-KxnUB0ZMlnUWCsx2Z8MUsr6qV6ja1w9ArPErJaJaF8a5SOWoHLIszeCTKGRGRgtLgYrs1E8CHkNSP1VZTTPc9g==",
					"dev": true
				}
			}
		},
		"hoist-non-react-statics": {
			"version": "3.3.2",
			"resolved": "https://registry.npmjs.org/hoist-non-react-statics/-/hoist-non-react-statics-3.3.2.tgz",
			"integrity": "sha512-/gGivxi8JPKWNm/W0jSmzcMPpfpPLc3dY/6GxhX2hQ9iGj3aDfklV4ET7NjKpSinLpJ5vafa9iiGIEZg10SfBw==",
			"dev": true,
			"requires": {
				"react-is": "^16.7.0"
			},
			"dependencies": {
				"react-is": {
					"version": "16.13.1",
					"resolved": "https://registry.npmjs.org/react-is/-/react-is-16.13.1.tgz",
					"integrity": "sha512-24e6ynE2H+OKt4kqsOvNd8kBpV65zoxbA4BVsEOB3ARVWQki/DHzaUoC5KuON/BiccDaCCTZBuOcfZs70kR8bQ==",
					"dev": true
				}
			}
		},
		"hyphenate-style-name": {
			"version": "1.0.4",
			"resolved": "https://registry.npmjs.org/hyphenate-style-name/-/hyphenate-style-name-1.0.4.tgz",
			"integrity": "sha512-ygGZLjmXfPHj+ZWh6LwbC37l43MhfztxetbFCoYTM2VjkIUpeHgSNn7QIyVFj7YQ1Wl9Cbw5sholVJPzWvC2MQ==",
			"dev": true
		},
		"immutable": {
			"version": "4.0.0-rc.12",
			"resolved": "https://registry.npmjs.org/immutable/-/immutable-4.0.0-rc.12.tgz",
			"integrity": "sha512-0M2XxkZLx/mi3t8NVwIm1g8nHoEmM9p9UBl/G9k4+hm0kBgOVdMV/B3CY5dQ8qG8qc80NN4gDV4HQv6FTJ5q7A==",
			"dev": true
		},
		"indefinite-observable": {
			"version": "2.0.1",
			"resolved": "https://registry.npmjs.org/indefinite-observable/-/indefinite-observable-2.0.1.tgz",
			"integrity": "sha512-G8vgmork+6H9S8lUAg1gtXEj2JxIQTo0g2PbFiYOdjkziSI0F7UYBiVwhZRuixhBCNGczAls34+5HJPyZysvxQ==",
			"dev": true,
			"requires": {
				"symbol-observable": "1.2.0"
			}
		},
		"is-in-browser": {
			"version": "1.1.3",
			"resolved": "https://registry.npmjs.org/is-in-browser/-/is-in-browser-1.1.3.tgz",
			"integrity": "sha1-Vv9NtoOgeMYILrldrX3GLh0E+DU=",
			"dev": true
		},
		"js-tokens": {
			"version": "4.0.0",
			"resolved": "https://registry.npmjs.org/js-tokens/-/js-tokens-4.0.0.tgz",
			"integrity": "sha512-RdJUflcE3cUzKiMqQgsCu06FPu9UdIJO0beYbPhHN4k6apgJtifcoCtT9bcxOpYBtpD2kCM6Sbzg4CausW/PKQ==",
			"dev": true
		},
		"jss": {
			"version": "10.5.1",
			"resolved": "https://registry.npmjs.org/jss/-/jss-10.5.1.tgz",
			"integrity": "sha512-hbbO3+FOTqVdd7ZUoTiwpHzKXIo5vGpMNbuXH1a0wubRSWLWSBvwvaq4CiHH/U42CmjOnp6lVNNs/l+Z7ZdDmg==",
			"dev": true,
			"requires": {
				"@babel/runtime": "^7.3.1",
				"csstype": "^3.0.2",
				"indefinite-observable": "^2.0.1",
				"is-in-browser": "^1.1.3",
				"tiny-warning": "^1.0.2"
			},
			"dependencies": {
				"csstype": {
					"version": "3.0.7",
					"resolved": "https://registry.npmjs.org/csstype/-/csstype-3.0.7.tgz",
					"integrity": "sha512-KxnUB0ZMlnUWCsx2Z8MUsr6qV6ja1w9ArPErJaJaF8a5SOWoHLIszeCTKGRGRgtLgYrs1E8CHkNSP1VZTTPc9g==",
					"dev": true
				}
			}
		},
		"jss-plugin-camel-case": {
			"version": "10.5.1",
			"resolved": "https://registry.npmjs.org/jss-plugin-camel-case/-/jss-plugin-camel-case-10.5.1.tgz",
			"integrity": "sha512-9+oymA7wPtswm+zxVti1qiowC5q7bRdCJNORtns2JUj/QHp2QPXYwSNRD8+D2Cy3/CEMtdJzlNnt5aXmpS6NAg==",
			"dev": true,
			"requires": {
				"@babel/runtime": "^7.3.1",
				"hyphenate-style-name": "^1.0.3",
				"jss": "10.5.1"
			}
		},
		"jss-plugin-default-unit": {
			"version": "10.5.1",
			"resolved": "https://registry.npmjs.org/jss-plugin-default-unit/-/jss-plugin-default-unit-10.5.1.tgz",
			"integrity": "sha512-D48hJBc9Tj3PusvlillHW8Fz0y/QqA7MNmTYDQaSB/7mTrCZjt7AVRROExoOHEtd2qIYKOYJW3Jc2agnvsXRlQ==",
			"dev": true,
			"requires": {
				"@babel/runtime": "^7.3.1",
				"jss": "10.5.1"
			}
		},
		"jss-plugin-global": {
			"version": "10.5.1",
			"resolved": "https://registry.npmjs.org/jss-plugin-global/-/jss-plugin-global-10.5.1.tgz",
			"integrity": "sha512-jX4XpNgoaB8yPWw/gA1aPXJEoX0LNpvsROPvxlnYe+SE0JOhuvF7mA6dCkgpXBxfTWKJsno7cDSCgzHTocRjCQ==",
			"dev": true,
			"requires": {
				"@babel/runtime": "^7.3.1",
				"jss": "10.5.1"
			}
		},
		"jss-plugin-nested": {
			"version": "10.5.1",
			"resolved": "https://registry.npmjs.org/jss-plugin-nested/-/jss-plugin-nested-10.5.1.tgz",
			"integrity": "sha512-xXkWKOCljuwHNjSYcXrCxBnjd8eJp90KVFW1rlhvKKRXnEKVD6vdKXYezk2a89uKAHckSvBvBoDGsfZrldWqqQ==",
			"dev": true,
			"requires": {
				"@babel/runtime": "^7.3.1",
				"jss": "10.5.1",
				"tiny-warning": "^1.0.2"
			}
		},
		"jss-plugin-props-sort": {
			"version": "10.5.1",
			"resolved": "https://registry.npmjs.org/jss-plugin-props-sort/-/jss-plugin-props-sort-10.5.1.tgz",
			"integrity": "sha512-t+2vcevNmMg4U/jAuxlfjKt46D/jHzCPEjsjLRj/J56CvP7Iy03scsUP58Iw8mVnaV36xAUZH2CmAmAdo8994g==",
			"dev": true,
			"requires": {
				"@babel/runtime": "^7.3.1",
				"jss": "10.5.1"
			}
		},
		"jss-plugin-rule-value-function": {
			"version": "10.5.1",
			"resolved": "https://registry.npmjs.org/jss-plugin-rule-value-function/-/jss-plugin-rule-value-function-10.5.1.tgz",
			"integrity": "sha512-3gjrSxsy4ka/lGQsTDY8oYYtkt2esBvQiceGBB4PykXxHoGRz14tbCK31Zc6DHEnIeqsjMUGbq+wEly5UViStQ==",
			"dev": true,
			"requires": {
				"@babel/runtime": "^7.3.1",
				"jss": "10.5.1",
				"tiny-warning": "^1.0.2"
			}
		},
		"jss-plugin-vendor-prefixer": {
			"version": "10.5.1",
			"resolved": "https://registry.npmjs.org/jss-plugin-vendor-prefixer/-/jss-plugin-vendor-prefixer-10.5.1.tgz",
			"integrity": "sha512-cLkH6RaPZWHa1TqSfd2vszNNgxT1W0omlSjAd6hCFHp3KIocSrW21gaHjlMU26JpTHwkc+tJTCQOmE/O1A4FKQ==",
			"dev": true,
			"requires": {
				"@babel/runtime": "^7.3.1",
				"css-vendor": "^2.0.8",
				"jss": "10.5.1"
			}
		},
		"loose-envify": {
			"version": "1.4.0",
			"resolved": "https://registry.npmjs.org/loose-envify/-/loose-envify-1.4.0.tgz",
			"integrity": "sha512-lyuxPGr/Wfhrlem2CL/UcnUc1zcqKAImBDzukY7Y5F/yQiNdko6+fRLevlw1HgMySw7f611UIY408EtxRSoK3Q==",
			"dev": true,
			"requires": {
				"js-tokens": "^3.0.0 || ^4.0.0"
			}
		},
		"object-assign": {
			"version": "4.1.1",
			"resolved": "https://registry.npmjs.org/object-assign/-/object-assign-4.1.1.tgz",
			"integrity": "sha1-IQmtx5ZYh8/AXLvUQsrIv7s2CGM=",
			"dev": true
		},
		"popper.js": {
			"version": "1.16.1-lts",
			"resolved": "https://registry.npmjs.org/popper.js/-/popper.js-1.16.1-lts.tgz",
			"integrity": "sha512-Kjw8nKRl1m+VrSFCoVGPph93W/qrSO7ZkqPpTf7F4bk/sqcfWK019dWBUpE/fBOsOQY1dks/Bmcbfn1heM/IsA==",
			"dev": true
		},
		"prop-types": {
			"version": "15.7.2",
			"resolved": "https://registry.npmjs.org/prop-types/-/prop-types-15.7.2.tgz",
			"integrity": "sha512-8QQikdH7//R2vurIJSutZ1smHYTcLpRWEOlHnzcWHmBYrOGUysKwSsrC89BCiFj3CbrfJ/nXFdJepOVrY1GCHQ==",
			"dev": true,
			"requires": {
				"loose-envify": "^1.4.0",
				"object-assign": "^4.1.1",
				"react-is": "^16.8.1"
			},
			"dependencies": {
				"react-is": {
					"version": "16.13.1",
					"resolved": "https://registry.npmjs.org/react-is/-/react-is-16.13.1.tgz",
					"integrity": "sha512-24e6ynE2H+OKt4kqsOvNd8kBpV65zoxbA4BVsEOB3ARVWQki/DHzaUoC5KuON/BiccDaCCTZBuOcfZs70kR8bQ==",
					"dev": true
				}
			}
		},
		"react": {
			"version": "16.14.0",
			"resolved": "https://registry.npmjs.org/react/-/react-16.14.0.tgz",
			"integrity": "sha512-0X2CImDkJGApiAlcf0ODKIneSwBPhqJawOa5wCtKbu7ZECrmS26NvtSILynQ66cgkT/RJ4LidJOc3bUESwmU8g==",
			"dev": true,
			"requires": {
				"loose-envify": "^1.1.0",
				"object-assign": "^4.1.1",
				"prop-types": "^15.6.2"
			}
		},
		"react-editor-js": {
			"version": "1.9.0",
			"resolved": "https://registry.npmjs.org/react-editor-js/-/react-editor-js-1.9.0.tgz",
			"integrity": "sha512-Frg7cTO5cM6oFJF+cb3y/qhMc6e6ipEJi+EkiER2ajn19CmYxg+c+vttuGJIxXc5TE/ZzTTuTM5PqP1MjmCR3A==",
			"dev": true
		},
		"react-is": {
			"version": "17.0.1",
			"resolved": "https://registry.npmjs.org/react-is/-/react-is-17.0.1.tgz",
			"integrity": "sha512-NAnt2iGDXohE5LI7uBnLnqvLQMtzhkiAOLXTmv+qnF9Ky7xAPcX8Up/xWIhxvLVGJvuLiNc4xQLtuqDRzb4fSA==",
			"dev": true
		},
		"react-transition-group": {
			"version": "4.4.1",
			"resolved": "https://registry.npmjs.org/react-transition-group/-/react-transition-group-4.4.1.tgz",
			"integrity": "sha512-Djqr7OQ2aPUiYurhPalTrVy9ddmFCCzwhqQmtN+J3+3DzLO209Fdr70QrN8Z3DsglWql6iY1lDWAfpFiBtuKGw==",
			"dev": true,
			"requires": {
				"@babel/runtime": "^7.5.5",
				"dom-helpers": "^5.0.1",
				"loose-envify": "^1.4.0",
				"prop-types": "^15.6.2"
			}
		},
		"react-uid": {
			"version": "2.3.1",
			"resolved": "https://registry.npmjs.org/react-uid/-/react-uid-2.3.1.tgz",
			"integrity": "sha512-6C5pwNYP1udgp5feQ9MTBZBKD4su9nhD2aYCFY1bB0Bpask8wYKYz0ZhAtAJ4lcmTDC5kY1ByGTQMFDHQW6p0w==",
			"requires": {
				"tslib": "^1.10.0"
			}
		},
		"regenerator-runtime": {
			"version": "0.13.7",
			"resolved": "https://registry.npmjs.org/regenerator-runtime/-/regenerator-runtime-0.13.7.tgz",
			"integrity": "sha512-a54FxoJDIr27pgf7IgeQGxmqUNYrcV338lf/6gH456HZ/PhX+5BcwHXG9ajESmwe6WRO0tAzRUrRmNONWgkrew==",
			"dev": true
		},
		"symbol-observable": {
			"version": "1.2.0",
			"resolved": "https://registry.npmjs.org/symbol-observable/-/symbol-observable-1.2.0.tgz",
			"integrity": "sha512-e900nM8RRtGhlV36KGEU9k65K3mPb1WV70OdjfxlG2EAuM1noi/E/BaW/uMhL7bPEssK8QV57vN3esixjUvcXQ==",
			"dev": true
		},
		"tiny-warning": {
			"version": "1.0.3",
			"resolved": "https://registry.npmjs.org/tiny-warning/-/tiny-warning-1.0.3.tgz",
			"integrity": "sha512-lBN9zLN/oAf68o3zNXYrdCt1kP8WsiGW8Oo2ka41b2IM5JL/S1CTyX1rW0mb/zSuJun0ZUrDxx4sqvYS2FWzPA==",
			"dev": true
		},
		"tslib": {
			"version": "1.14.1",
			"resolved": "https://registry.npmjs.org/tslib/-/tslib-1.14.1.tgz",
			"integrity": "sha512-Xni35NKzjgMrwevysHTCArtLDpPvye8zV/0E4EyYn43P7/7qvQwPh9BGkHewbMulVntbigmcT7rdX3BNo9wRJg=="
		}
	}
}
