{
	"name": "@ui-schema/material-editorjs",
	"version": "0.0.12",
	"lockfileVersion": 2,
	"requires": true,
	"packages": {
		"": {
			"name": "@ui-schema/material-editorjs",
			"version": "0.0.12",
			"license": "MIT",
			"dependencies": {
				"clsx": "^1.1.0",
				"react-uid": "^2.2.0"
			},
			"devDependencies": {
				"@editorjs/editorjs": "^2.19.2-rc.1",
				"@mui/icons-material": "^5.1",
				"@mui/material": "^5.1",
				"@mui/system": "^5.1",
				"@types/react": "^17.0",
				"immutable": "^4.0.0",
				"react": "^17.0",
				"react-dom": "^17.0",
				"react-editor-js": "^1.6.0"
			},
			"peerDependencies": {
				"@editorjs/editorjs": "^2.19.2-rc.1",
				"@mui/icons-material": "^5.1",
				"@mui/material": "^5.1",
				"@ui-schema/ds-material": "~0.4.0-alpha",
				"@ui-schema/ui-schema": "~0.4.0-alpha",
				"immutable": "^4.0.0",
				"react": "^17.0 || ^18.0",
				"react-editor-js": "^1.6.0"
			}
		},
		"node_modules/@babel/runtime": {
			"version": "7.17.9",
			"resolved": "https://registry.npmjs.org/@babel/runtime/-/runtime-7.17.9.tgz",
			"integrity": "sha512-lSiBBvodq29uShpWGNbgFdKYNiFDo5/HIYsaCEY9ff4sb10x9jizo2+pRrSyF4jKZCXqgzuqBOQKbUm90gQwJg==",
			"dev": true,
			"dependencies": {
				"regenerator-runtime": "^0.13.4"
			},
			"engines": {
				"node": ">=6.9.0"
			}
		},
		"node_modules/@editorjs/editorjs": {
			"version": "2.24.2",
			"resolved": "https://registry.npmjs.org/@editorjs/editorjs/-/editorjs-2.24.2.tgz",
			"integrity": "sha512-vlIBkZjJt1Bosl+45aFF5FLGouCBfJ46bOj3DhdPMdF5NH39bPs9muvWRRpgtLNrXM7S4AH+a8VqPc1mOGNkjg==",
			"dev": true,
			"dependencies": {
				"codex-notifier": "^1.1.2",
				"codex-tooltip": "^1.0.5",
				"nanoid": "^3.1.22"
			}
		},
		"node_modules/@emotion/cache": {
			"version": "11.7.1",
			"resolved": "https://registry.npmjs.org/@emotion/cache/-/cache-11.7.1.tgz",
			"integrity": "sha512-r65Zy4Iljb8oyjtLeCuBH8Qjiy107dOYC6SJq7g7GV5UCQWMObY4SJDPGFjiiVpPrOJ2hmJOoBiYTC7hwx9E2A==",
			"dev": true,
			"dependencies": {
				"@emotion/memoize": "^0.7.4",
				"@emotion/sheet": "^1.1.0",
				"@emotion/utils": "^1.0.0",
				"@emotion/weak-memoize": "^0.2.5",
				"stylis": "4.0.13"
			}
		},
		"node_modules/@emotion/is-prop-valid": {
			"version": "1.1.2",
			"resolved": "https://registry.npmjs.org/@emotion/is-prop-valid/-/is-prop-valid-1.1.2.tgz",
			"integrity": "sha512-3QnhqeL+WW88YjYbQL5gUIkthuMw7a0NGbZ7wfFVk2kg/CK5w8w5FFa0RzWjyY1+sujN0NWbtSHH6OJmWHtJpQ==",
			"dev": true,
			"dependencies": {
				"@emotion/memoize": "^0.7.4"
			}
		},
		"node_modules/@emotion/memoize": {
			"version": "0.7.5",
			"resolved": "https://registry.npmjs.org/@emotion/memoize/-/memoize-0.7.5.tgz",
			"integrity": "sha512-igX9a37DR2ZPGYtV6suZ6whr8pTFtyHL3K/oLUotxpSVO2ASaprmAe2Dkq7tBo7CRY7MMDrAa9nuQP9/YG8FxQ==",
			"dev": true
		},
		"node_modules/@emotion/sheet": {
			"version": "1.1.0",
			"resolved": "https://registry.npmjs.org/@emotion/sheet/-/sheet-1.1.0.tgz",
			"integrity": "sha512-u0AX4aSo25sMAygCuQTzS+HsImZFuS8llY8O7b9MDRzbJM0kVJlAz6KNDqcG7pOuQZJmj/8X/rAW+66kMnMW+g==",
			"dev": true
		},
		"node_modules/@emotion/utils": {
			"version": "1.1.0",
			"resolved": "https://registry.npmjs.org/@emotion/utils/-/utils-1.1.0.tgz",
			"integrity": "sha512-iRLa/Y4Rs5H/f2nimczYmS5kFJEbpiVvgN3XVfZ022IYhuNA1IRSHEizcof88LtCTXtl9S2Cxt32KgaXEu72JQ==",
			"dev": true
		},
		"node_modules/@emotion/weak-memoize": {
			"version": "0.2.5",
			"resolved": "https://registry.npmjs.org/@emotion/weak-memoize/-/weak-memoize-0.2.5.tgz",
			"integrity": "sha512-6U71C2Wp7r5XtFtQzYrW5iKFT67OixrSxjI4MptCHzdSVlgabczzqLe0ZSgnub/5Kp4hSbpDB1tMytZY9pwxxA==",
			"dev": true
		},
		"node_modules/@mui/base": {
			"version": "5.0.0-alpha.79",
			"resolved": "https://registry.npmjs.org/@mui/base/-/base-5.0.0-alpha.79.tgz",
			"integrity": "sha512-/lZLF027BkiEjM8MIYoeS/FEhTKf+41ePU9SOijMGrCin1Y0Igucw+IHa1fF8HXD7wDbFKqHuso3J1jMG8wyNw==",
			"dev": true,
			"dependencies": {
				"@babel/runtime": "^7.17.2",
				"@emotion/is-prop-valid": "^1.1.2",
				"@mui/types": "^7.1.3",
				"@mui/utils": "^5.6.1",
				"@popperjs/core": "^2.11.5",
				"clsx": "^1.1.1",
				"prop-types": "^15.7.2",
				"react-is": "^17.0.2"
			},
			"engines": {
				"node": ">=12.0.0"
			},
			"funding": {
				"type": "opencollective",
				"url": "https://opencollective.com/mui"
			},
			"peerDependencies": {
				"@types/react": "^17.0.0 || ^18.0.0",
				"react": "^17.0.0 || ^18.0.0",
				"react-dom": "^17.0.0 || ^18.0.0"
			},
			"peerDependenciesMeta": {
				"@types/react": {
					"optional": true
				}
			}
		},
		"node_modules/@mui/icons-material": {
			"version": "5.6.2",
			"resolved": "https://registry.npmjs.org/@mui/icons-material/-/icons-material-5.6.2.tgz",
			"integrity": "sha512-9QdI7axKuBAyaGz4mtdi7Uy1j73/thqFmEuxpJHxNC7O8ADEK1Da3t2veK2tgmsXsUlAHcAG63gg+GvWWeQNqQ==",
			"dev": true,
			"dependencies": {
				"@babel/runtime": "^7.17.2"
			},
			"engines": {
				"node": ">=12.0.0"
			},
			"funding": {
				"type": "opencollective",
				"url": "https://opencollective.com/mui"
			},
			"peerDependencies": {
				"@mui/material": "^5.0.0",
				"@types/react": "^17.0.0 || ^18.0.0",
				"react": "^17.0.0 || ^18.0.0"
			},
			"peerDependenciesMeta": {
				"@types/react": {
					"optional": true
				}
			}
		},
		"node_modules/@mui/material": {
			"version": "5.6.4",
			"resolved": "https://registry.npmjs.org/@mui/material/-/material-5.6.4.tgz",
			"integrity": "sha512-7TD+u/SExZK2a55w6reX56oPk37gKr/M/XGt156X+m0d9LhzOsW864nkErIX/H8oSkX/6kCimxu1FDsO+gjiVw==",
			"dev": true,
			"dependencies": {
				"@babel/runtime": "^7.17.2",
				"@mui/base": "5.0.0-alpha.79",
				"@mui/system": "^5.6.4",
				"@mui/types": "^7.1.3",
				"@mui/utils": "^5.6.1",
				"@types/react-transition-group": "^4.4.4",
				"clsx": "^1.1.1",
				"csstype": "^3.0.11",
				"hoist-non-react-statics": "^3.3.2",
				"prop-types": "^15.7.2",
				"react-is": "^17.0.2",
				"react-transition-group": "^4.4.2"
			},
			"engines": {
				"node": ">=12.0.0"
			},
			"funding": {
				"type": "opencollective",
				"url": "https://opencollective.com/mui"
			},
			"peerDependencies": {
				"@emotion/react": "^11.5.0",
				"@emotion/styled": "^11.3.0",
				"@types/react": "^17.0.0 || ^18.0.0",
				"react": "^17.0.0 || ^18.0.0",
				"react-dom": "^17.0.0 || ^18.0.0"
			},
			"peerDependenciesMeta": {
				"@emotion/react": {
					"optional": true
				},
				"@emotion/styled": {
					"optional": true
				},
				"@types/react": {
					"optional": true
				}
			}
		},
		"node_modules/@mui/private-theming": {
			"version": "5.6.2",
			"resolved": "https://registry.npmjs.org/@mui/private-theming/-/private-theming-5.6.2.tgz",
			"integrity": "sha512-IbrSfFXfiZdyhRMC2bgGTFtb16RBQ5mccmjeh3MtAERWuepiCK7gkW5D9WhEsfTu6iez+TEjeUKSgmMHlsM2mg==",
			"dev": true,
			"dependencies": {
				"@babel/runtime": "^7.17.2",
				"@mui/utils": "^5.6.1",
				"prop-types": "^15.7.2"
			},
			"engines": {
				"node": ">=12.0.0"
			},
			"funding": {
				"type": "opencollective",
				"url": "https://opencollective.com/mui"
			},
			"peerDependencies": {
				"@types/react": "^17.0.0 || ^18.0.0",
				"react": "^17.0.0 || ^18.0.0"
			},
			"peerDependenciesMeta": {
				"@types/react": {
					"optional": true
				}
			}
		},
		"node_modules/@mui/styled-engine": {
			"version": "5.6.1",
			"resolved": "https://registry.npmjs.org/@mui/styled-engine/-/styled-engine-5.6.1.tgz",
			"integrity": "sha512-jEhH6TBY8jc9S8yVncXmoTYTbATjEu44RMFXj6sIYfKr5NArVwTwRo3JexLL0t3BOAiYM4xsFLgfKEIvB9SAeQ==",
			"dev": true,
			"dependencies": {
				"@babel/runtime": "^7.17.2",
				"@emotion/cache": "^11.7.1",
				"prop-types": "^15.7.2"
			},
			"engines": {
				"node": ">=12.0.0"
			},
			"funding": {
				"type": "opencollective",
				"url": "https://opencollective.com/mui"
			},
			"peerDependencies": {
				"@emotion/react": "^11.4.1",
				"@emotion/styled": "^11.3.0",
				"react": "^17.0.0 || ^18.0.0"
			},
			"peerDependenciesMeta": {
				"@emotion/react": {
					"optional": true
				},
				"@emotion/styled": {
					"optional": true
				}
			}
		},
		"node_modules/@mui/system": {
			"version": "5.6.4",
			"resolved": "https://registry.npmjs.org/@mui/system/-/system-5.6.4.tgz",
			"integrity": "sha512-7rsWED1wMFMePySJobsBerFZNu7ga580QSi3Zd6sJR8nVj12qD3yIdfvxA70/PxJ/805KbIT0GX7edKI+hpyhA==",
			"dev": true,
			"dependencies": {
				"@babel/runtime": "^7.17.2",
				"@mui/private-theming": "^5.6.2",
				"@mui/styled-engine": "^5.6.1",
				"@mui/types": "^7.1.3",
				"@mui/utils": "^5.6.1",
				"clsx": "^1.1.1",
				"csstype": "^3.0.11",
				"prop-types": "^15.7.2"
			},
			"engines": {
				"node": ">=12.0.0"
			},
			"funding": {
				"type": "opencollective",
				"url": "https://opencollective.com/mui"
			},
			"peerDependencies": {
				"@emotion/react": "^11.5.0",
				"@emotion/styled": "^11.3.0",
				"@types/react": "^17.0.0 || ^18.0.0",
				"react": "^17.0.0 || ^18.0.0"
			},
			"peerDependenciesMeta": {
				"@emotion/react": {
					"optional": true
				},
				"@emotion/styled": {
					"optional": true
				},
				"@types/react": {
					"optional": true
				}
			}
		},
		"node_modules/@mui/types": {
			"version": "7.1.3",
			"resolved": "https://registry.npmjs.org/@mui/types/-/types-7.1.3.tgz",
			"integrity": "sha512-DDF0UhMBo4Uezlk+6QxrlDbchF79XG6Zs0zIewlR4c0Dt6GKVFfUtzPtHCH1tTbcSlq/L2bGEdiaoHBJ9Y1gSA==",
			"dev": true,
			"peerDependencies": {
				"@types/react": "*"
			},
			"peerDependenciesMeta": {
				"@types/react": {
					"optional": true
				}
			}
		},
		"node_modules/@mui/utils": {
			"version": "5.6.1",
			"resolved": "https://registry.npmjs.org/@mui/utils/-/utils-5.6.1.tgz",
			"integrity": "sha512-CPrzrkiBusCZBLWu0Sg5MJvR3fKJyK3gKecLVX012LULyqg2U64Oz04BKhfkbtBrPBbSQxM+DWW9B1c9hmV9nQ==",
			"dev": true,
			"dependencies": {
				"@babel/runtime": "^7.17.2",
				"@types/prop-types": "^15.7.4",
				"@types/react-is": "^16.7.1 || ^17.0.0",
				"prop-types": "^15.7.2",
				"react-is": "^17.0.2"
			},
			"engines": {
				"node": ">=12.0.0"
			},
			"funding": {
				"type": "opencollective",
				"url": "https://opencollective.com/mui"
			},
			"peerDependencies": {
				"react": "^17.0.0 || ^18.0.0"
			}
		},
		"node_modules/@popperjs/core": {
			"version": "2.11.5",
			"resolved": "https://registry.npmjs.org/@popperjs/core/-/core-2.11.5.tgz",
			"integrity": "sha512-9X2obfABZuDVLCgPK9aX0a/x4jaOEweTTWE2+9sr0Qqqevj2Uv5XorvusThmc9XGYpS9yI+fhh8RTafBtGposw==",
			"dev": true,
			"funding": {
				"type": "opencollective",
				"url": "https://opencollective.com/popperjs"
			}
		},
		"node_modules/@types/prop-types": {
			"version": "15.7.5",
			"resolved": "https://registry.npmjs.org/@types/prop-types/-/prop-types-15.7.5.tgz",
			"integrity": "sha512-JCB8C6SnDoQf0cNycqd/35A7MjcnK+ZTqE7judS6o7utxUCg6imJg3QK2qzHKszlTjcj2cn+NwMB2i96ubpj7w==",
			"dev": true
		},
		"node_modules/@types/react": {
			"version": "17.0.44",
			"resolved": "https://registry.npmjs.org/@types/react/-/react-17.0.44.tgz",
			"integrity": "sha512-Ye0nlw09GeMp2Suh8qoOv0odfgCoowfM/9MG6WeRD60Gq9wS90bdkdRtYbRkNhXOpG4H+YXGvj4wOWhAC0LJ1g==",
			"dev": true,
			"dependencies": {
				"@types/prop-types": "*",
				"@types/scheduler": "*",
				"csstype": "^3.0.2"
			}
		},
		"node_modules/@types/react-is": {
			"version": "17.0.3",
			"resolved": "https://registry.npmjs.org/@types/react-is/-/react-is-17.0.3.tgz",
			"integrity": "sha512-aBTIWg1emtu95bLTLx0cpkxwGW3ueZv71nE2YFBpL8k/z5czEW8yYpOo8Dp+UUAFAtKwNaOsh/ioSeQnWlZcfw==",
			"dev": true,
			"dependencies": {
				"@types/react": "*"
			}
		},
		"node_modules/@types/react-transition-group": {
			"version": "4.4.4",
			"resolved": "https://registry.npmjs.org/@types/react-transition-group/-/react-transition-group-4.4.4.tgz",
			"integrity": "sha512-7gAPz7anVK5xzbeQW9wFBDg7G++aPLAFY0QaSMOou9rJZpbuI58WAuJrgu+qR92l61grlnCUe7AFX8KGahAgug==",
			"dev": true,
			"dependencies": {
				"@types/react": "*"
			}
		},
		"node_modules/@types/scheduler": {
			"version": "0.16.2",
			"resolved": "https://registry.npmjs.org/@types/scheduler/-/scheduler-0.16.2.tgz",
			"integrity": "sha512-hppQEBDmlwhFAXKJX2KnWLYu5yMfi91yazPb2l+lbJiwW+wdo1gNeRA+3RgNSO39WYX2euey41KEwnqesU2Jew==",
			"dev": true
		},
		"node_modules/clsx": {
			"version": "1.1.1",
			"resolved": "https://registry.npmjs.org/clsx/-/clsx-1.1.1.tgz",
			"integrity": "sha512-6/bPho624p3S2pMyvP5kKBPXnI3ufHLObBFCfgx+LkeR5lg2XYy2hqZqUf45ypD8COn2bhgGJSUE+l5dhNBieA==",
			"engines": {
				"node": ">=6"
			}
		},
		"node_modules/codex-notifier": {
			"version": "1.1.2",
			"resolved": "https://registry.npmjs.org/codex-notifier/-/codex-notifier-1.1.2.tgz",
			"integrity": "sha512-DCp6xe/LGueJ1N5sXEwcBc3r3PyVkEEDNWCVigfvywAkeXcZMk9K41a31tkEFBW0Ptlwji6/JlAb49E3Yrxbtg==",
			"dev": true
		},
		"node_modules/codex-tooltip": {
			"version": "1.0.5",
			"resolved": "https://registry.npmjs.org/codex-tooltip/-/codex-tooltip-1.0.5.tgz",
			"integrity": "sha512-IuA8LeyLU5p1B+HyhOsqR6oxyFQ11k3i9e9aXw40CrHFTRO2Y1npNBVU3W1SvhKAbUU7R/YikUBdcYFP0RcJag==",
			"dev": true
		},
		"node_modules/csstype": {
			"version": "3.0.11",
			"resolved": "https://registry.npmjs.org/csstype/-/csstype-3.0.11.tgz",
			"integrity": "sha512-sa6P2wJ+CAbgyy4KFssIb/JNMLxFvKF1pCYCSXS8ZMuqZnMsrxqI2E5sPyoTpxoPU/gVZMzr2zjOfg8GIZOMsw==",
			"dev": true
		},
		"node_modules/dom-helpers": {
			"version": "5.2.1",
			"resolved": "https://registry.npmjs.org/dom-helpers/-/dom-helpers-5.2.1.tgz",
			"integrity": "sha512-nRCa7CK3VTrM2NmGkIy4cbK7IZlgBE/PYMn55rrXefr5xXDP0LdtfPnblFDoVdcAfslJ7or6iqAUnx0CCGIWQA==",
			"dev": true,
			"dependencies": {
				"@babel/runtime": "^7.8.7",
				"csstype": "^3.0.2"
			}
		},
		"node_modules/hoist-non-react-statics": {
			"version": "3.3.2",
			"resolved": "https://registry.npmjs.org/hoist-non-react-statics/-/hoist-non-react-statics-3.3.2.tgz",
			"integrity": "sha512-/gGivxi8JPKWNm/W0jSmzcMPpfpPLc3dY/6GxhX2hQ9iGj3aDfklV4ET7NjKpSinLpJ5vafa9iiGIEZg10SfBw==",
			"dev": true,
			"dependencies": {
				"react-is": "^16.7.0"
			}
		},
		"node_modules/hoist-non-react-statics/node_modules/react-is": {
			"version": "16.13.1",
			"resolved": "https://registry.npmjs.org/react-is/-/react-is-16.13.1.tgz",
			"integrity": "sha512-24e6ynE2H+OKt4kqsOvNd8kBpV65zoxbA4BVsEOB3ARVWQki/DHzaUoC5KuON/BiccDaCCTZBuOcfZs70kR8bQ==",
			"dev": true
		},
		"node_modules/immutable": {
			"version": "4.0.0",
			"resolved": "https://registry.npmjs.org/immutable/-/immutable-4.0.0.tgz",
			"integrity": "sha512-zIE9hX70qew5qTUjSS7wi1iwj/l7+m54KWU247nhM3v806UdGj1yDndXj+IOYxxtW9zyLI+xqFNZjTuDaLUqFw==",
			"dev": true
		},
		"node_modules/js-tokens": {
			"version": "4.0.0",
			"resolved": "https://registry.npmjs.org/js-tokens/-/js-tokens-4.0.0.tgz",
			"integrity": "sha512-RdJUflcE3cUzKiMqQgsCu06FPu9UdIJO0beYbPhHN4k6apgJtifcoCtT9bcxOpYBtpD2kCM6Sbzg4CausW/PKQ==",
			"dev": true
		},
		"node_modules/loose-envify": {
			"version": "1.4.0",
			"resolved": "https://registry.npmjs.org/loose-envify/-/loose-envify-1.4.0.tgz",
			"integrity": "sha512-lyuxPGr/Wfhrlem2CL/UcnUc1zcqKAImBDzukY7Y5F/yQiNdko6+fRLevlw1HgMySw7f611UIY408EtxRSoK3Q==",
			"dev": true,
			"dependencies": {
				"js-tokens": "^3.0.0 || ^4.0.0"
			},
			"bin": {
				"loose-envify": "cli.js"
			}
		},
		"node_modules/nanoid": {
			"version": "3.3.4",
			"resolved": "https://registry.npmjs.org/nanoid/-/nanoid-3.3.4.tgz",
			"integrity": "sha512-MqBkQh/OHTS2egovRtLk45wEyNXwF+cokD+1YPf9u5VfJiRdAiRwB2froX5Co9Rh20xs4siNPm8naNotSD6RBw==",
			"dev": true,
			"bin": {
				"nanoid": "bin/nanoid.cjs"
			},
			"engines": {
				"node": "^10 || ^12 || ^13.7 || ^14 || >=15.0.1"
			}
		},
		"node_modules/object-assign": {
			"version": "4.1.1",
			"resolved": "https://registry.npmjs.org/object-assign/-/object-assign-4.1.1.tgz",
			"integrity": "sha1-IQmtx5ZYh8/AXLvUQsrIv7s2CGM=",
			"dev": true,
			"engines": {
				"node": ">=0.10.0"
			}
		},
		"node_modules/prop-types": {
			"version": "15.8.1",
			"resolved": "https://registry.npmjs.org/prop-types/-/prop-types-15.8.1.tgz",
			"integrity": "sha512-oj87CgZICdulUohogVAR7AjlC0327U4el4L6eAvOqCeudMDVU0NThNaV+b9Df4dXgSP1gXMTnPdhfe/2qDH5cg==",
			"dev": true,
			"dependencies": {
				"loose-envify": "^1.4.0",
				"object-assign": "^4.1.1",
				"react-is": "^16.13.1"
			}
		},
		"node_modules/prop-types/node_modules/react-is": {
			"version": "16.13.1",
			"resolved": "https://registry.npmjs.org/react-is/-/react-is-16.13.1.tgz",
			"integrity": "sha512-24e6ynE2H+OKt4kqsOvNd8kBpV65zoxbA4BVsEOB3ARVWQki/DHzaUoC5KuON/BiccDaCCTZBuOcfZs70kR8bQ==",
			"dev": true
		},
		"node_modules/react": {
			"version": "17.0.2",
			"resolved": "https://registry.npmjs.org/react/-/react-17.0.2.tgz",
			"integrity": "sha512-gnhPt75i/dq/z3/6q/0asP78D0u592D5L1pd7M8P+dck6Fu/jJeL6iVVK23fptSUZj8Vjf++7wXA8UNclGQcbA==",
			"dev": true,
			"dependencies": {
				"loose-envify": "^1.1.0",
				"object-assign": "^4.1.1"
			},
			"engines": {
				"node": ">=0.10.0"
			}
		},
		"node_modules/react-dom": {
			"version": "17.0.2",
			"resolved": "https://registry.npmjs.org/react-dom/-/react-dom-17.0.2.tgz",
			"integrity": "sha512-s4h96KtLDUQlsENhMn1ar8t2bEa+q/YAtj8pPPdIjPDGBDIVNsrD9aXNWqspUe6AzKCIG0C1HZZLqLV7qpOBGA==",
			"dev": true,
			"dependencies": {
				"loose-envify": "^1.1.0",
				"object-assign": "^4.1.1",
				"scheduler": "^0.20.2"
			},
			"peerDependencies": {
				"react": "17.0.2"
			}
		},
		"node_modules/react-editor-js": {
			"version": "1.10.0",
			"resolved": "https://registry.npmjs.org/react-editor-js/-/react-editor-js-1.10.0.tgz",
			"integrity": "sha512-A4OZ88fkUdts1bOHy3CWpPiO37n2D9EG6gvVimD0zyiWJzR6EY7lM1MfLETWEU1NgEOdvj/0Qt0A9LcmRBKuGw==",
			"dev": true,
			"peerDependencies": {
				"@editorjs/editorjs": "*",
				"@editorjs/paragraph": "*"
			}
		},
		"node_modules/react-is": {
			"version": "17.0.2",
			"resolved": "https://registry.npmjs.org/react-is/-/react-is-17.0.2.tgz",
			"integrity": "sha512-w2GsyukL62IJnlaff/nRegPQR94C/XXamvMWmSHRJ4y7Ts/4ocGRmTHvOs8PSE6pB3dWOrD/nueuU5sduBsQ4w==",
			"dev": true
		},
		"node_modules/react-transition-group": {
			"version": "4.4.2",
			"resolved": "https://registry.npmjs.org/react-transition-group/-/react-transition-group-4.4.2.tgz",
			"integrity": "sha512-/RNYfRAMlZwDSr6z4zNKV6xu53/e2BuaBbGhbyYIXTrmgu/bGHzmqOs7mJSJBHy9Ud+ApHx3QjrkKSp1pxvlFg==",
			"dev": true,
			"dependencies": {
				"@babel/runtime": "^7.5.5",
				"dom-helpers": "^5.0.1",
				"loose-envify": "^1.4.0",
				"prop-types": "^15.6.2"
			},
			"peerDependencies": {
				"react": ">=16.6.0",
				"react-dom": ">=16.6.0"
			}
		},
		"node_modules/react-uid": {
			"version": "2.3.2",
			"resolved": "https://registry.npmjs.org/react-uid/-/react-uid-2.3.2.tgz",
			"integrity": "sha512-oeaoT4YOjsqHdrEJoO8SONNNBsoGh7AJPbsNqRK6Dv8UMdctWxA4ncj9gAA/Odki5g0GZaDSR7HydBJ8HxwgNg==",
			"dependencies": {
				"tslib": "^2.0.0"
			},
			"engines": {
				"node": ">=12"
			},
			"peerDependencies": {
				"@types/react": "^16.8.0 || ^17.0.0 || ^18.0.0",
				"react": "^16.8.0 || ^17.0.0 || ^18.0.0"
			},
			"peerDependenciesMeta": {
				"@types/react": {
					"optional": true
				}
			}
		},
		"node_modules/regenerator-runtime": {
			"version": "0.13.9",
			"resolved": "https://registry.npmjs.org/regenerator-runtime/-/regenerator-runtime-0.13.9.tgz",
			"integrity": "sha512-p3VT+cOEgxFsRRA9X4lkI1E+k2/CtnKtU4gcxyaCUreilL/vqI6CdZ3wxVUx3UOUg+gnUOQQcRI7BmSI656MYA==",
			"dev": true
		},
		"node_modules/scheduler": {
			"version": "0.20.2",
			"resolved": "https://registry.npmjs.org/scheduler/-/scheduler-0.20.2.tgz",
			"integrity": "sha512-2eWfGgAqqWFGqtdMmcL5zCMK1U8KlXv8SQFGglL3CEtd0aDVDWgeF/YoCmvln55m5zSk3J/20hTaSBeSObsQDQ==",
			"dev": true,
			"dependencies": {
				"loose-envify": "^1.1.0",
				"object-assign": "^4.1.1"
			}
		},
		"node_modules/stylis": {
			"version": "4.0.13",
			"resolved": "https://registry.npmjs.org/stylis/-/stylis-4.0.13.tgz",
			"integrity": "sha512-xGPXiFVl4YED9Jh7Euv2V220mriG9u4B2TA6Ybjc1catrstKD2PpIdU3U0RKpkVBC2EhmL/F0sPCr9vrFTNRag==",
			"dev": true
		},
		"node_modules/tslib": {
			"version": "2.4.0",
			"resolved": "https://registry.npmjs.org/tslib/-/tslib-2.4.0.tgz",
			"integrity": "sha512-d6xOpEDfsi2CZVlPQzGeux8XMwLT9hssAsaPYExaQMuYskwb+x1x7J371tWlbBdWHroy99KnVB6qIkUbs5X3UQ=="
		}
	},
	"dependencies": {
		"@babel/runtime": {
			"version": "7.17.9",
			"resolved": "https://registry.npmjs.org/@babel/runtime/-/runtime-7.17.9.tgz",
			"integrity": "sha512-lSiBBvodq29uShpWGNbgFdKYNiFDo5/HIYsaCEY9ff4sb10x9jizo2+pRrSyF4jKZCXqgzuqBOQKbUm90gQwJg==",
			"dev": true,
			"requires": {
				"regenerator-runtime": "^0.13.4"
			}
		},
		"@editorjs/editorjs": {
			"version": "2.24.2",
			"resolved": "https://registry.npmjs.org/@editorjs/editorjs/-/editorjs-2.24.2.tgz",
			"integrity": "sha512-vlIBkZjJt1Bosl+45aFF5FLGouCBfJ46bOj3DhdPMdF5NH39bPs9muvWRRpgtLNrXM7S4AH+a8VqPc1mOGNkjg==",
			"dev": true,
			"requires": {
				"codex-notifier": "^1.1.2",
				"codex-tooltip": "^1.0.5",
				"nanoid": "^3.1.22"
			}
		},
		"@emotion/cache": {
			"version": "11.7.1",
			"resolved": "https://registry.npmjs.org/@emotion/cache/-/cache-11.7.1.tgz",
			"integrity": "sha512-r65Zy4Iljb8oyjtLeCuBH8Qjiy107dOYC6SJq7g7GV5UCQWMObY4SJDPGFjiiVpPrOJ2hmJOoBiYTC7hwx9E2A==",
			"dev": true,
			"requires": {
				"@emotion/memoize": "^0.7.4",
				"@emotion/sheet": "^1.1.0",
				"@emotion/utils": "^1.0.0",
				"@emotion/weak-memoize": "^0.2.5",
				"stylis": "4.0.13"
			}
		},
		"@emotion/is-prop-valid": {
			"version": "1.1.2",
			"resolved": "https://registry.npmjs.org/@emotion/is-prop-valid/-/is-prop-valid-1.1.2.tgz",
			"integrity": "sha512-3QnhqeL+WW88YjYbQL5gUIkthuMw7a0NGbZ7wfFVk2kg/CK5w8w5FFa0RzWjyY1+sujN0NWbtSHH6OJmWHtJpQ==",
			"dev": true,
			"requires": {
				"@emotion/memoize": "^0.7.4"
			}
		},
		"@emotion/memoize": {
			"version": "0.7.5",
			"resolved": "https://registry.npmjs.org/@emotion/memoize/-/memoize-0.7.5.tgz",
			"integrity": "sha512-igX9a37DR2ZPGYtV6suZ6whr8pTFtyHL3K/oLUotxpSVO2ASaprmAe2Dkq7tBo7CRY7MMDrAa9nuQP9/YG8FxQ==",
			"dev": true
		},
		"@emotion/sheet": {
			"version": "1.1.0",
			"resolved": "https://registry.npmjs.org/@emotion/sheet/-/sheet-1.1.0.tgz",
			"integrity": "sha512-u0AX4aSo25sMAygCuQTzS+HsImZFuS8llY8O7b9MDRzbJM0kVJlAz6KNDqcG7pOuQZJmj/8X/rAW+66kMnMW+g==",
			"dev": true
		},
		"@emotion/utils": {
			"version": "1.1.0",
			"resolved": "https://registry.npmjs.org/@emotion/utils/-/utils-1.1.0.tgz",
			"integrity": "sha512-iRLa/Y4Rs5H/f2nimczYmS5kFJEbpiVvgN3XVfZ022IYhuNA1IRSHEizcof88LtCTXtl9S2Cxt32KgaXEu72JQ==",
			"dev": true
		},
		"@emotion/weak-memoize": {
			"version": "0.2.5",
			"resolved": "https://registry.npmjs.org/@emotion/weak-memoize/-/weak-memoize-0.2.5.tgz",
			"integrity": "sha512-6U71C2Wp7r5XtFtQzYrW5iKFT67OixrSxjI4MptCHzdSVlgabczzqLe0ZSgnub/5Kp4hSbpDB1tMytZY9pwxxA==",
			"dev": true
		},
		"@mui/base": {
			"version": "5.0.0-alpha.79",
			"resolved": "https://registry.npmjs.org/@mui/base/-/base-5.0.0-alpha.79.tgz",
			"integrity": "sha512-/lZLF027BkiEjM8MIYoeS/FEhTKf+41ePU9SOijMGrCin1Y0Igucw+IHa1fF8HXD7wDbFKqHuso3J1jMG8wyNw==",
			"dev": true,
			"requires": {
				"@babel/runtime": "^7.17.2",
				"@emotion/is-prop-valid": "^1.1.2",
				"@mui/types": "^7.1.3",
				"@mui/utils": "^5.6.1",
				"@popperjs/core": "^2.11.5",
				"clsx": "^1.1.1",
				"prop-types": "^15.7.2",
				"react-is": "^17.0.2"
			}
		},
		"@mui/icons-material": {
			"version": "5.6.2",
			"resolved": "https://registry.npmjs.org/@mui/icons-material/-/icons-material-5.6.2.tgz",
			"integrity": "sha512-9QdI7axKuBAyaGz4mtdi7Uy1j73/thqFmEuxpJHxNC7O8ADEK1Da3t2veK2tgmsXsUlAHcAG63gg+GvWWeQNqQ==",
			"dev": true,
			"requires": {
				"@babel/runtime": "^7.17.2"
			}
		},
		"@mui/material": {
			"version": "5.6.4",
			"resolved": "https://registry.npmjs.org/@mui/material/-/material-5.6.4.tgz",
			"integrity": "sha512-7TD+u/SExZK2a55w6reX56oPk37gKr/M/XGt156X+m0d9LhzOsW864nkErIX/H8oSkX/6kCimxu1FDsO+gjiVw==",
			"dev": true,
			"requires": {
				"@babel/runtime": "^7.17.2",
				"@mui/base": "5.0.0-alpha.79",
				"@mui/system": "^5.6.4",
				"@mui/types": "^7.1.3",
				"@mui/utils": "^5.6.1",
				"@types/react-transition-group": "^4.4.4",
				"clsx": "^1.1.1",
				"csstype": "^3.0.11",
				"hoist-non-react-statics": "^3.3.2",
				"prop-types": "^15.7.2",
				"react-is": "^17.0.2",
				"react-transition-group": "^4.4.2"
			}
		},
		"@mui/private-theming": {
			"version": "5.6.2",
			"resolved": "https://registry.npmjs.org/@mui/private-theming/-/private-theming-5.6.2.tgz",
			"integrity": "sha512-IbrSfFXfiZdyhRMC2bgGTFtb16RBQ5mccmjeh3MtAERWuepiCK7gkW5D9WhEsfTu6iez+TEjeUKSgmMHlsM2mg==",
			"dev": true,
			"requires": {
				"@babel/runtime": "^7.17.2",
				"@mui/utils": "^5.6.1",
				"prop-types": "^15.7.2"
			}
		},
		"@mui/styled-engine": {
			"version": "5.6.1",
			"resolved": "https://registry.npmjs.org/@mui/styled-engine/-/styled-engine-5.6.1.tgz",
			"integrity": "sha512-jEhH6TBY8jc9S8yVncXmoTYTbATjEu44RMFXj6sIYfKr5NArVwTwRo3JexLL0t3BOAiYM4xsFLgfKEIvB9SAeQ==",
			"dev": true,
			"requires": {
				"@babel/runtime": "^7.17.2",
				"@emotion/cache": "^11.7.1",
				"prop-types": "^15.7.2"
			}
		},
		"@mui/system": {
			"version": "5.6.4",
			"resolved": "https://registry.npmjs.org/@mui/system/-/system-5.6.4.tgz",
			"integrity": "sha512-7rsWED1wMFMePySJobsBerFZNu7ga580QSi3Zd6sJR8nVj12qD3yIdfvxA70/PxJ/805KbIT0GX7edKI+hpyhA==",
			"dev": true,
			"requires": {
				"@babel/runtime": "^7.17.2",
				"@mui/private-theming": "^5.6.2",
				"@mui/styled-engine": "^5.6.1",
				"@mui/types": "^7.1.3",
				"@mui/utils": "^5.6.1",
				"clsx": "^1.1.1",
				"csstype": "^3.0.11",
				"prop-types": "^15.7.2"
			}
		},
		"@mui/types": {
			"version": "7.1.3",
			"resolved": "https://registry.npmjs.org/@mui/types/-/types-7.1.3.tgz",
			"integrity": "sha512-DDF0UhMBo4Uezlk+6QxrlDbchF79XG6Zs0zIewlR4c0Dt6GKVFfUtzPtHCH1tTbcSlq/L2bGEdiaoHBJ9Y1gSA==",
			"dev": true
		},
		"@mui/utils": {
			"version": "5.6.1",
			"resolved": "https://registry.npmjs.org/@mui/utils/-/utils-5.6.1.tgz",
			"integrity": "sha512-CPrzrkiBusCZBLWu0Sg5MJvR3fKJyK3gKecLVX012LULyqg2U64Oz04BKhfkbtBrPBbSQxM+DWW9B1c9hmV9nQ==",
			"dev": true,
			"requires": {
				"@babel/runtime": "^7.17.2",
				"@types/prop-types": "^15.7.4",
				"@types/react-is": "^16.7.1 || ^17.0.0",
				"prop-types": "^15.7.2",
				"react-is": "^17.0.2"
			}
		},
		"@popperjs/core": {
			"version": "2.11.5",
			"resolved": "https://registry.npmjs.org/@popperjs/core/-/core-2.11.5.tgz",
			"integrity": "sha512-9X2obfABZuDVLCgPK9aX0a/x4jaOEweTTWE2+9sr0Qqqevj2Uv5XorvusThmc9XGYpS9yI+fhh8RTafBtGposw==",
			"dev": true
		},
		"@types/prop-types": {
			"version": "15.7.5",
			"resolved": "https://registry.npmjs.org/@types/prop-types/-/prop-types-15.7.5.tgz",
			"integrity": "sha512-JCB8C6SnDoQf0cNycqd/35A7MjcnK+ZTqE7judS6o7utxUCg6imJg3QK2qzHKszlTjcj2cn+NwMB2i96ubpj7w==",
			"dev": true
		},
		"@types/react": {
			"version": "17.0.44",
			"resolved": "https://registry.npmjs.org/@types/react/-/react-17.0.44.tgz",
			"integrity": "sha512-Ye0nlw09GeMp2Suh8qoOv0odfgCoowfM/9MG6WeRD60Gq9wS90bdkdRtYbRkNhXOpG4H+YXGvj4wOWhAC0LJ1g==",
			"dev": true,
			"requires": {
				"@types/prop-types": "*",
				"@types/scheduler": "*",
				"csstype": "^3.0.2"
			}
		},
		"@types/react-is": {
			"version": "17.0.3",
			"resolved": "https://registry.npmjs.org/@types/react-is/-/react-is-17.0.3.tgz",
			"integrity": "sha512-aBTIWg1emtu95bLTLx0cpkxwGW3ueZv71nE2YFBpL8k/z5czEW8yYpOo8Dp+UUAFAtKwNaOsh/ioSeQnWlZcfw==",
			"dev": true,
			"requires": {
				"@types/react": "*"
			}
		},
		"@types/react-transition-group": {
			"version": "4.4.4",
			"resolved": "https://registry.npmjs.org/@types/react-transition-group/-/react-transition-group-4.4.4.tgz",
			"integrity": "sha512-7gAPz7anVK5xzbeQW9wFBDg7G++aPLAFY0QaSMOou9rJZpbuI58WAuJrgu+qR92l61grlnCUe7AFX8KGahAgug==",
			"dev": true,
			"requires": {
				"@types/react": "*"
			}
		},
		"@types/scheduler": {
			"version": "0.16.2",
			"resolved": "https://registry.npmjs.org/@types/scheduler/-/scheduler-0.16.2.tgz",
			"integrity": "sha512-hppQEBDmlwhFAXKJX2KnWLYu5yMfi91yazPb2l+lbJiwW+wdo1gNeRA+3RgNSO39WYX2euey41KEwnqesU2Jew==",
			"dev": true
		},
		"clsx": {
			"version": "1.1.1",
			"resolved": "https://registry.npmjs.org/clsx/-/clsx-1.1.1.tgz",
			"integrity": "sha512-6/bPho624p3S2pMyvP5kKBPXnI3ufHLObBFCfgx+LkeR5lg2XYy2hqZqUf45ypD8COn2bhgGJSUE+l5dhNBieA=="
		},
		"codex-notifier": {
			"version": "1.1.2",
			"resolved": "https://registry.npmjs.org/codex-notifier/-/codex-notifier-1.1.2.tgz",
			"integrity": "sha512-DCp6xe/LGueJ1N5sXEwcBc3r3PyVkEEDNWCVigfvywAkeXcZMk9K41a31tkEFBW0Ptlwji6/JlAb49E3Yrxbtg==",
			"dev": true
		},
		"codex-tooltip": {
			"version": "1.0.5",
			"resolved": "https://registry.npmjs.org/codex-tooltip/-/codex-tooltip-1.0.5.tgz",
			"integrity": "sha512-IuA8LeyLU5p1B+HyhOsqR6oxyFQ11k3i9e9aXw40CrHFTRO2Y1npNBVU3W1SvhKAbUU7R/YikUBdcYFP0RcJag==",
			"dev": true
		},
		"csstype": {
			"version": "3.0.11",
			"resolved": "https://registry.npmjs.org/csstype/-/csstype-3.0.11.tgz",
			"integrity": "sha512-sa6P2wJ+CAbgyy4KFssIb/JNMLxFvKF1pCYCSXS8ZMuqZnMsrxqI2E5sPyoTpxoPU/gVZMzr2zjOfg8GIZOMsw==",
			"dev": true
		},
		"dom-helpers": {
			"version": "5.2.1",
			"resolved": "https://registry.npmjs.org/dom-helpers/-/dom-helpers-5.2.1.tgz",
			"integrity": "sha512-nRCa7CK3VTrM2NmGkIy4cbK7IZlgBE/PYMn55rrXefr5xXDP0LdtfPnblFDoVdcAfslJ7or6iqAUnx0CCGIWQA==",
			"dev": true,
			"requires": {
				"@babel/runtime": "^7.8.7",
				"csstype": "^3.0.2"
			}
		},
		"hoist-non-react-statics": {
			"version": "3.3.2",
			"resolved": "https://registry.npmjs.org/hoist-non-react-statics/-/hoist-non-react-statics-3.3.2.tgz",
			"integrity": "sha512-/gGivxi8JPKWNm/W0jSmzcMPpfpPLc3dY/6GxhX2hQ9iGj3aDfklV4ET7NjKpSinLpJ5vafa9iiGIEZg10SfBw==",
			"dev": true,
			"requires": {
				"react-is": "^16.7.0"
			},
			"dependencies": {
				"react-is": {
					"version": "16.13.1",
					"resolved": "https://registry.npmjs.org/react-is/-/react-is-16.13.1.tgz",
					"integrity": "sha512-24e6ynE2H+OKt4kqsOvNd8kBpV65zoxbA4BVsEOB3ARVWQki/DHzaUoC5KuON/BiccDaCCTZBuOcfZs70kR8bQ==",
					"dev": true
				}
			}
		},
		"immutable": {
			"version": "4.0.0",
			"resolved": "https://registry.npmjs.org/immutable/-/immutable-4.0.0.tgz",
			"integrity": "sha512-zIE9hX70qew5qTUjSS7wi1iwj/l7+m54KWU247nhM3v806UdGj1yDndXj+IOYxxtW9zyLI+xqFNZjTuDaLUqFw==",
			"dev": true
		},
		"js-tokens": {
			"version": "4.0.0",
			"resolved": "https://registry.npmjs.org/js-tokens/-/js-tokens-4.0.0.tgz",
			"integrity": "sha512-RdJUflcE3cUzKiMqQgsCu06FPu9UdIJO0beYbPhHN4k6apgJtifcoCtT9bcxOpYBtpD2kCM6Sbzg4CausW/PKQ==",
			"dev": true
		},
		"loose-envify": {
			"version": "1.4.0",
			"resolved": "https://registry.npmjs.org/loose-envify/-/loose-envify-1.4.0.tgz",
			"integrity": "sha512-lyuxPGr/Wfhrlem2CL/UcnUc1zcqKAImBDzukY7Y5F/yQiNdko6+fRLevlw1HgMySw7f611UIY408EtxRSoK3Q==",
			"dev": true,
			"requires": {
				"js-tokens": "^3.0.0 || ^4.0.0"
			}
		},
		"nanoid": {
			"version": "3.3.4",
			"resolved": "https://registry.npmjs.org/nanoid/-/nanoid-3.3.4.tgz",
			"integrity": "sha512-MqBkQh/OHTS2egovRtLk45wEyNXwF+cokD+1YPf9u5VfJiRdAiRwB2froX5Co9Rh20xs4siNPm8naNotSD6RBw==",
			"dev": true
		},
		"object-assign": {
			"version": "4.1.1",
			"resolved": "https://registry.npmjs.org/object-assign/-/object-assign-4.1.1.tgz",
			"integrity": "sha1-IQmtx5ZYh8/AXLvUQsrIv7s2CGM=",
			"dev": true
		},
		"prop-types": {
			"version": "15.8.1",
			"resolved": "https://registry.npmjs.org/prop-types/-/prop-types-15.8.1.tgz",
			"integrity": "sha512-oj87CgZICdulUohogVAR7AjlC0327U4el4L6eAvOqCeudMDVU0NThNaV+b9Df4dXgSP1gXMTnPdhfe/2qDH5cg==",
			"dev": true,
			"requires": {
				"loose-envify": "^1.4.0",
				"object-assign": "^4.1.1",
				"react-is": "^16.13.1"
			},
			"dependencies": {
				"react-is": {
					"version": "16.13.1",
					"resolved": "https://registry.npmjs.org/react-is/-/react-is-16.13.1.tgz",
					"integrity": "sha512-24e6ynE2H+OKt4kqsOvNd8kBpV65zoxbA4BVsEOB3ARVWQki/DHzaUoC5KuON/BiccDaCCTZBuOcfZs70kR8bQ==",
					"dev": true
				}
			}
		},
		"react": {
			"version": "17.0.2",
			"resolved": "https://registry.npmjs.org/react/-/react-17.0.2.tgz",
			"integrity": "sha512-gnhPt75i/dq/z3/6q/0asP78D0u592D5L1pd7M8P+dck6Fu/jJeL6iVVK23fptSUZj8Vjf++7wXA8UNclGQcbA==",
			"dev": true,
			"requires": {
				"loose-envify": "^1.1.0",
				"object-assign": "^4.1.1"
			}
		},
		"react-dom": {
			"version": "17.0.2",
			"resolved": "https://registry.npmjs.org/react-dom/-/react-dom-17.0.2.tgz",
			"integrity": "sha512-s4h96KtLDUQlsENhMn1ar8t2bEa+q/YAtj8pPPdIjPDGBDIVNsrD9aXNWqspUe6AzKCIG0C1HZZLqLV7qpOBGA==",
			"dev": true,
			"requires": {
				"loose-envify": "^1.1.0",
				"object-assign": "^4.1.1",
				"scheduler": "^0.20.2"
			}
		},
		"react-editor-js": {
			"version": "1.10.0",
			"resolved": "https://registry.npmjs.org/react-editor-js/-/react-editor-js-1.10.0.tgz",
			"integrity": "sha512-A4OZ88fkUdts1bOHy3CWpPiO37n2D9EG6gvVimD0zyiWJzR6EY7lM1MfLETWEU1NgEOdvj/0Qt0A9LcmRBKuGw==",
			"dev": true
		},
		"react-is": {
			"version": "17.0.2",
			"resolved": "https://registry.npmjs.org/react-is/-/react-is-17.0.2.tgz",
			"integrity": "sha512-w2GsyukL62IJnlaff/nRegPQR94C/XXamvMWmSHRJ4y7Ts/4ocGRmTHvOs8PSE6pB3dWOrD/nueuU5sduBsQ4w==",
			"dev": true
		},
		"react-transition-group": {
			"version": "4.4.2",
			"resolved": "https://registry.npmjs.org/react-transition-group/-/react-transition-group-4.4.2.tgz",
			"integrity": "sha512-/RNYfRAMlZwDSr6z4zNKV6xu53/e2BuaBbGhbyYIXTrmgu/bGHzmqOs7mJSJBHy9Ud+ApHx3QjrkKSp1pxvlFg==",
			"dev": true,
			"requires": {
				"@babel/runtime": "^7.5.5",
				"dom-helpers": "^5.0.1",
				"loose-envify": "^1.4.0",
				"prop-types": "^15.6.2"
			}
		},
		"react-uid": {
			"version": "2.3.2",
			"resolved": "https://registry.npmjs.org/react-uid/-/react-uid-2.3.2.tgz",
			"integrity": "sha512-oeaoT4YOjsqHdrEJoO8SONNNBsoGh7AJPbsNqRK6Dv8UMdctWxA4ncj9gAA/Odki5g0GZaDSR7HydBJ8HxwgNg==",
			"requires": {
				"tslib": "^2.0.0"
			}
		},
		"regenerator-runtime": {
			"version": "0.13.9",
			"resolved": "https://registry.npmjs.org/regenerator-runtime/-/regenerator-runtime-0.13.9.tgz",
			"integrity": "sha512-p3VT+cOEgxFsRRA9X4lkI1E+k2/CtnKtU4gcxyaCUreilL/vqI6CdZ3wxVUx3UOUg+gnUOQQcRI7BmSI656MYA==",
			"dev": true
		},
		"scheduler": {
			"version": "0.20.2",
			"resolved": "https://registry.npmjs.org/scheduler/-/scheduler-0.20.2.tgz",
			"integrity": "sha512-2eWfGgAqqWFGqtdMmcL5zCMK1U8KlXv8SQFGglL3CEtd0aDVDWgeF/YoCmvln55m5zSk3J/20hTaSBeSObsQDQ==",
			"dev": true,
			"requires": {
				"loose-envify": "^1.1.0",
				"object-assign": "^4.1.1"
			}
		},
		"stylis": {
			"version": "4.0.13",
			"resolved": "https://registry.npmjs.org/stylis/-/stylis-4.0.13.tgz",
			"integrity": "sha512-xGPXiFVl4YED9Jh7Euv2V220mriG9u4B2TA6Ybjc1catrstKD2PpIdU3U0RKpkVBC2EhmL/F0sPCr9vrFTNRag==",
			"dev": true
		},
		"tslib": {
			"version": "2.4.0",
			"resolved": "https://registry.npmjs.org/tslib/-/tslib-2.4.0.tgz",
			"integrity": "sha512-d6xOpEDfsi2CZVlPQzGeux8XMwLT9hssAsaPYExaQMuYskwb+x1x7J371tWlbBdWHroy99KnVB6qIkUbs5X3UQ=="
		}
	}
}
