{
	"name": "@ui-schema/material-editorjs",
	"version": "0.0.10",
	"lockfileVersion": 2,
	"requires": true,
	"packages": {
		"": {
			"name": "@ui-schema/material-editorjs",
			"version": "0.0.10",
			"license": "MIT",
			"dependencies": {
				"clsx": "^1.1.0",
				"react-uid": "^2.2.0"
			},
			"devDependencies": {
				"@editorjs/editorjs": "^2.19.2-rc.1",
				"@material-ui/core": "^4.8",
				"@material-ui/icons": "^4.8",
				"@types/react": "^16.8.6",
				"immutable": "^4.0.0",
				"react": "^16.12",
				"react-dom": "^16.12",
				"react-editor-js": "^1.6.0"
			},
			"peerDependencies": {
				"@editorjs/editorjs": "^2.19.2-rc.1",
				"@material-ui/core": "^4.8",
				"@material-ui/icons": "^4.8",
				"@ui-schema/ds-material": "~0.3.0",
				"@ui-schema/ui-schema": "~0.3.0",
				"immutable": "^4.0.0",
				"react": "^16.8",
				"react-editor-js": "^1.6.0"
			}
		},
		"node_modules/@babel/runtime": {
			"version": "7.17.9",
			"resolved": "https://registry.npmjs.org/@babel/runtime/-/runtime-7.17.9.tgz",
			"integrity": "sha512-lSiBBvodq29uShpWGNbgFdKYNiFDo5/HIYsaCEY9ff4sb10x9jizo2+pRrSyF4jKZCXqgzuqBOQKbUm90gQwJg==",
			"dev": true,
			"dependencies": {
				"regenerator-runtime": "^0.13.4"
			},
			"engines": {
				"node": ">=6.9.0"
			}
		},
		"node_modules/@editorjs/editorjs": {
			"version": "2.23.2",
			"resolved": "https://registry.npmjs.org/@editorjs/editorjs/-/editorjs-2.23.2.tgz",
			"integrity": "sha512-SXWQjxE/ZO6zWvo83U+gfkM9LVJzYOtNkttyXkdfyYALVWiENyxtlej/Jmd1TZ4yWpKwQEICPXz0ceGkzKnJyQ==",
			"dev": true,
			"dependencies": {
				"codex-notifier": "^1.1.2",
				"codex-tooltip": "^1.0.4",
				"nanoid": "^3.1.22"
			}
		},
		"node_modules/@emotion/hash": {
			"version": "0.8.0",
			"resolved": "https://registry.npmjs.org/@emotion/hash/-/hash-0.8.0.tgz",
			"integrity": "sha512-kBJtf7PH6aWwZ6fka3zQ0p6SBYzx4fl1LoZXE2RrnYST9Xljm7WfKJrU4g/Xr3Beg72MLrp1AWNUmuYJTL7Cow==",
			"dev": true
		},
		"node_modules/@material-ui/core": {
			"version": "4.12.4",
			"resolved": "https://registry.npmjs.org/@material-ui/core/-/core-4.12.4.tgz",
			"integrity": "sha512-tr7xekNlM9LjA6pagJmL8QCgZXaubWUwkJnoYcMKd4gw/t4XiyvnTkjdGrUVicyB2BsdaAv1tvow45bPM4sSwQ==",
			"dev": true,
			"dependencies": {
				"@babel/runtime": "^7.4.4",
				"@material-ui/styles": "^4.11.5",
				"@material-ui/system": "^4.12.2",
				"@material-ui/types": "5.1.0",
				"@material-ui/utils": "^4.11.3",
				"@types/react-transition-group": "^4.2.0",
				"clsx": "^1.0.4",
				"hoist-non-react-statics": "^3.3.2",
				"popper.js": "1.16.1-lts",
				"prop-types": "^15.7.2",
				"react-is": "^16.8.0 || ^17.0.0",
				"react-transition-group": "^4.4.0"
			},
			"engines": {
				"node": ">=8.0.0"
			},
			"funding": {
				"type": "opencollective",
				"url": "https://opencollective.com/material-ui"
			},
			"peerDependencies": {
				"@types/react": "^16.8.6 || ^17.0.0",
				"react": "^16.8.0 || ^17.0.0",
				"react-dom": "^16.8.0 || ^17.0.0"
			},
			"peerDependenciesMeta": {
				"@types/react": {
					"optional": true
				}
			}
		},
		"node_modules/@material-ui/icons": {
			"version": "4.11.3",
			"resolved": "https://registry.npmjs.org/@material-ui/icons/-/icons-4.11.3.tgz",
			"integrity": "sha512-IKHlyx6LDh8n19vzwH5RtHIOHl9Tu90aAAxcbWME6kp4dmvODM3UvOHJeMIDzUbd4muuJKHmlNoBN+mDY4XkBA==",
			"dev": true,
			"dependencies": {
				"@babel/runtime": "^7.4.4"
			},
			"engines": {
				"node": ">=8.0.0"
			},
			"peerDependencies": {
				"@material-ui/core": "^4.0.0",
				"@types/react": "^16.8.6 || ^17.0.0",
				"react": "^16.8.0 || ^17.0.0",
				"react-dom": "^16.8.0 || ^17.0.0"
			},
			"peerDependenciesMeta": {
				"@types/react": {
					"optional": true
				}
			}
		},
		"node_modules/@material-ui/styles": {
			"version": "4.11.5",
			"resolved": "https://registry.npmjs.org/@material-ui/styles/-/styles-4.11.5.tgz",
			"integrity": "sha512-o/41ot5JJiUsIETME9wVLAJrmIWL3j0R0Bj2kCOLbSfqEkKf0fmaPt+5vtblUh5eXr2S+J/8J3DaCb10+CzPGA==",
			"dev": true,
			"dependencies": {
				"@babel/runtime": "^7.4.4",
				"@emotion/hash": "^0.8.0",
				"@material-ui/types": "5.1.0",
				"@material-ui/utils": "^4.11.3",
				"clsx": "^1.0.4",
				"csstype": "^2.5.2",
				"hoist-non-react-statics": "^3.3.2",
				"jss": "^10.5.1",
				"jss-plugin-camel-case": "^10.5.1",
				"jss-plugin-default-unit": "^10.5.1",
				"jss-plugin-global": "^10.5.1",
				"jss-plugin-nested": "^10.5.1",
				"jss-plugin-props-sort": "^10.5.1",
				"jss-plugin-rule-value-function": "^10.5.1",
				"jss-plugin-vendor-prefixer": "^10.5.1",
				"prop-types": "^15.7.2"
			},
			"engines": {
				"node": ">=8.0.0"
			},
			"funding": {
				"type": "opencollective",
				"url": "https://opencollective.com/material-ui"
			},
			"peerDependencies": {
				"@types/react": "^16.8.6 || ^17.0.0",
				"react": "^16.8.0 || ^17.0.0",
				"react-dom": "^16.8.0 || ^17.0.0"
			},
			"peerDependenciesMeta": {
				"@types/react": {
					"optional": true
				}
			}
		},
		"node_modules/@material-ui/system": {
			"version": "4.12.2",
			"resolved": "https://registry.npmjs.org/@material-ui/system/-/system-4.12.2.tgz",
			"integrity": "sha512-6CSKu2MtmiJgcCGf6nBQpM8fLkuB9F55EKfbdTC80NND5wpTmKzwdhLYLH3zL4cLlK0gVaaltW7/wMuyTnN0Lw==",
			"dev": true,
			"dependencies": {
				"@babel/runtime": "^7.4.4",
				"@material-ui/utils": "^4.11.3",
				"csstype": "^2.5.2",
				"prop-types": "^15.7.2"
			},
			"engines": {
				"node": ">=8.0.0"
			},
			"funding": {
				"type": "opencollective",
				"url": "https://opencollective.com/material-ui"
			},
			"peerDependencies": {
				"@types/react": "^16.8.6 || ^17.0.0",
				"react": "^16.8.0 || ^17.0.0",
				"react-dom": "^16.8.0 || ^17.0.0"
			},
			"peerDependenciesMeta": {
				"@types/react": {
					"optional": true
				}
			}
		},
		"node_modules/@material-ui/types": {
			"version": "5.1.0",
			"resolved": "https://registry.npmjs.org/@material-ui/types/-/types-5.1.0.tgz",
			"integrity": "sha512-7cqRjrY50b8QzRSYyhSpx4WRw2YuO0KKIGQEVk5J8uoz2BanawykgZGoWEqKm7pVIbzFDN0SpPcVV4IhOFkl8A==",
			"dev": true,
			"peerDependencies": {
				"@types/react": "*"
			},
			"peerDependenciesMeta": {
				"@types/react": {
					"optional": true
				}
			}
		},
		"node_modules/@material-ui/utils": {
			"version": "4.11.3",
			"resolved": "https://registry.npmjs.org/@material-ui/utils/-/utils-4.11.3.tgz",
			"integrity": "sha512-ZuQPV4rBK/V1j2dIkSSEcH5uT6AaHuKWFfotADHsC0wVL1NLd2WkFCm4ZZbX33iO4ydl6V0GPngKm8HZQ2oujg==",
			"dev": true,
			"dependencies": {
				"@babel/runtime": "^7.4.4",
				"prop-types": "^15.7.2",
				"react-is": "^16.8.0 || ^17.0.0"
			},
			"engines": {
				"node": ">=8.0.0"
			},
			"peerDependencies": {
				"react": "^16.8.0 || ^17.0.0",
				"react-dom": "^16.8.0 || ^17.0.0"
			}
		},
		"node_modules/@types/prop-types": {
			"version": "15.7.5",
			"resolved": "https://registry.npmjs.org/@types/prop-types/-/prop-types-15.7.5.tgz",
			"integrity": "sha512-JCB8C6SnDoQf0cNycqd/35A7MjcnK+ZTqE7judS6o7utxUCg6imJg3QK2qzHKszlTjcj2cn+NwMB2i96ubpj7w==",
			"dev": true
		},
		"node_modules/@types/react": {
			"version": "16.14.25",
			"resolved": "https://registry.npmjs.org/@types/react/-/react-16.14.25.tgz",
			"integrity": "sha512-cXRVHd7vBT5v1is72mmvmsg9stZrbJO04DJqFeh3Yj2tVKO6vmxg5BI+ybI6Ls7ROXRG3aFbZj9x0WA3ZAoDQw==",
			"dev": true,
			"dependencies": {
				"@types/prop-types": "*",
				"@types/scheduler": "*",
				"csstype": "^3.0.2"
			}
		},
		"node_modules/@types/react-transition-group": {
			"version": "4.4.4",
			"resolved": "https://registry.npmjs.org/@types/react-transition-group/-/react-transition-group-4.4.4.tgz",
			"integrity": "sha512-7gAPz7anVK5xzbeQW9wFBDg7G++aPLAFY0QaSMOou9rJZpbuI58WAuJrgu+qR92l61grlnCUe7AFX8KGahAgug==",
			"dev": true,
			"dependencies": {
				"@types/react": "*"
			}
		},
		"node_modules/@types/react/node_modules/csstype": {
			"version": "3.0.11",
			"resolved": "https://registry.npmjs.org/csstype/-/csstype-3.0.11.tgz",
			"integrity": "sha512-sa6P2wJ+CAbgyy4KFssIb/JNMLxFvKF1pCYCSXS8ZMuqZnMsrxqI2E5sPyoTpxoPU/gVZMzr2zjOfg8GIZOMsw==",
			"dev": true
		},
		"node_modules/@types/scheduler": {
			"version": "0.16.2",
			"resolved": "https://registry.npmjs.org/@types/scheduler/-/scheduler-0.16.2.tgz",
			"integrity": "sha512-hppQEBDmlwhFAXKJX2KnWLYu5yMfi91yazPb2l+lbJiwW+wdo1gNeRA+3RgNSO39WYX2euey41KEwnqesU2Jew==",
			"dev": true
		},
		"node_modules/clsx": {
			"version": "1.1.1",
			"resolved": "https://registry.npmjs.org/clsx/-/clsx-1.1.1.tgz",
			"integrity": "sha512-6/bPho624p3S2pMyvP5kKBPXnI3ufHLObBFCfgx+LkeR5lg2XYy2hqZqUf45ypD8COn2bhgGJSUE+l5dhNBieA==",
			"engines": {
				"node": ">=6"
			}
		},
		"node_modules/codex-notifier": {
			"version": "1.1.2",
			"resolved": "https://registry.npmjs.org/codex-notifier/-/codex-notifier-1.1.2.tgz",
			"integrity": "sha512-DCp6xe/LGueJ1N5sXEwcBc3r3PyVkEEDNWCVigfvywAkeXcZMk9K41a31tkEFBW0Ptlwji6/JlAb49E3Yrxbtg==",
			"dev": true
		},
		"node_modules/codex-tooltip": {
			"version": "1.0.5",
			"resolved": "https://registry.npmjs.org/codex-tooltip/-/codex-tooltip-1.0.5.tgz",
			"integrity": "sha512-IuA8LeyLU5p1B+HyhOsqR6oxyFQ11k3i9e9aXw40CrHFTRO2Y1npNBVU3W1SvhKAbUU7R/YikUBdcYFP0RcJag==",
			"dev": true
		},
		"node_modules/css-vendor": {
			"version": "2.0.8",
			"resolved": "https://registry.npmjs.org/css-vendor/-/css-vendor-2.0.8.tgz",
			"integrity": "sha512-x9Aq0XTInxrkuFeHKbYC7zWY8ai7qJ04Kxd9MnvbC1uO5DagxoHQjm4JvG+vCdXOoFtCjbL2XSZfxmoYa9uQVQ==",
			"dev": true,
			"dependencies": {
				"@babel/runtime": "^7.8.3",
				"is-in-browser": "^1.0.2"
			}
		},
		"node_modules/csstype": {
			"version": "2.6.20",
			"resolved": "https://registry.npmjs.org/csstype/-/csstype-2.6.20.tgz",
			"integrity": "sha512-/WwNkdXfckNgw6S5R125rrW8ez139lBHWouiBvX8dfMFtcn6V81REDqnH7+CRpRipfYlyU1CmOnOxrmGcFOjeA==",
			"dev": true
		},
		"node_modules/dom-helpers": {
			"version": "5.2.1",
			"resolved": "https://registry.npmjs.org/dom-helpers/-/dom-helpers-5.2.1.tgz",
			"integrity": "sha512-nRCa7CK3VTrM2NmGkIy4cbK7IZlgBE/PYMn55rrXefr5xXDP0LdtfPnblFDoVdcAfslJ7or6iqAUnx0CCGIWQA==",
			"dev": true,
			"dependencies": {
				"@babel/runtime": "^7.8.7",
				"csstype": "^3.0.2"
			}
		},
		"node_modules/dom-helpers/node_modules/csstype": {
			"version": "3.0.11",
			"resolved": "https://registry.npmjs.org/csstype/-/csstype-3.0.11.tgz",
			"integrity": "sha512-sa6P2wJ+CAbgyy4KFssIb/JNMLxFvKF1pCYCSXS8ZMuqZnMsrxqI2E5sPyoTpxoPU/gVZMzr2zjOfg8GIZOMsw==",
			"dev": true
		},
		"node_modules/hoist-non-react-statics": {
			"version": "3.3.2",
			"resolved": "https://registry.npmjs.org/hoist-non-react-statics/-/hoist-non-react-statics-3.3.2.tgz",
			"integrity": "sha512-/gGivxi8JPKWNm/W0jSmzcMPpfpPLc3dY/6GxhX2hQ9iGj3aDfklV4ET7NjKpSinLpJ5vafa9iiGIEZg10SfBw==",
			"dev": true,
			"dependencies": {
				"react-is": "^16.7.0"
			}
		},
		"node_modules/hoist-non-react-statics/node_modules/react-is": {
			"version": "16.13.1",
			"resolved": "https://registry.npmjs.org/react-is/-/react-is-16.13.1.tgz",
			"integrity": "sha512-24e6ynE2H+OKt4kqsOvNd8kBpV65zoxbA4BVsEOB3ARVWQki/DHzaUoC5KuON/BiccDaCCTZBuOcfZs70kR8bQ==",
			"dev": true
		},
		"node_modules/hyphenate-style-name": {
			"version": "1.0.4",
			"resolved": "https://registry.npmjs.org/hyphenate-style-name/-/hyphenate-style-name-1.0.4.tgz",
			"integrity": "sha512-ygGZLjmXfPHj+ZWh6LwbC37l43MhfztxetbFCoYTM2VjkIUpeHgSNn7QIyVFj7YQ1Wl9Cbw5sholVJPzWvC2MQ==",
			"dev": true
		},
		"node_modules/immutable": {
			"version": "4.0.0",
			"resolved": "https://registry.npmjs.org/immutable/-/immutable-4.0.0.tgz",
			"integrity": "sha512-zIE9hX70qew5qTUjSS7wi1iwj/l7+m54KWU247nhM3v806UdGj1yDndXj+IOYxxtW9zyLI+xqFNZjTuDaLUqFw==",
			"dev": true
		},
		"node_modules/is-in-browser": {
			"version": "1.1.3",
			"resolved": "https://registry.npmjs.org/is-in-browser/-/is-in-browser-1.1.3.tgz",
			"integrity": "sha1-Vv9NtoOgeMYILrldrX3GLh0E+DU=",
			"dev": true
		},
		"node_modules/js-tokens": {
			"version": "4.0.0",
			"resolved": "https://registry.npmjs.org/js-tokens/-/js-tokens-4.0.0.tgz",
			"integrity": "sha512-RdJUflcE3cUzKiMqQgsCu06FPu9UdIJO0beYbPhHN4k6apgJtifcoCtT9bcxOpYBtpD2kCM6Sbzg4CausW/PKQ==",
			"dev": true
		},
		"node_modules/jss": {
			"version": "10.9.0",
			"resolved": "https://registry.npmjs.org/jss/-/jss-10.9.0.tgz",
			"integrity": "sha512-YpzpreB6kUunQBbrlArlsMpXYyndt9JATbt95tajx0t4MTJJcCJdd4hdNpHmOIDiUJrF/oX5wtVFrS3uofWfGw==",
			"dev": true,
			"dependencies": {
				"@babel/runtime": "^7.3.1",
				"csstype": "^3.0.2",
				"is-in-browser": "^1.1.3",
				"tiny-warning": "^1.0.2"
			},
			"funding": {
				"type": "opencollective",
				"url": "https://opencollective.com/jss"
			}
		},
		"node_modules/jss-plugin-camel-case": {
			"version": "10.9.0",
			"resolved": "https://registry.npmjs.org/jss-plugin-camel-case/-/jss-plugin-camel-case-10.9.0.tgz",
			"integrity": "sha512-UH6uPpnDk413/r/2Olmw4+y54yEF2lRIV8XIZyuYpgPYTITLlPOsq6XB9qeqv+75SQSg3KLocq5jUBXW8qWWww==",
			"dev": true,
			"dependencies": {
				"@babel/runtime": "^7.3.1",
				"hyphenate-style-name": "^1.0.3",
				"jss": "10.9.0"
			}
		},
		"node_modules/jss-plugin-default-unit": {
			"version": "10.9.0",
			"resolved": "https://registry.npmjs.org/jss-plugin-default-unit/-/jss-plugin-default-unit-10.9.0.tgz",
			"integrity": "sha512-7Ju4Q9wJ/MZPsxfu4T84mzdn7pLHWeqoGd/D8O3eDNNJ93Xc8PxnLmV8s8ZPNRYkLdxZqKtm1nPQ0BM4JRlq2w==",
			"dev": true,
			"dependencies": {
				"@babel/runtime": "^7.3.1",
				"jss": "10.9.0"
			}
		},
		"node_modules/jss-plugin-global": {
			"version": "10.9.0",
			"resolved": "https://registry.npmjs.org/jss-plugin-global/-/jss-plugin-global-10.9.0.tgz",
			"integrity": "sha512-4G8PHNJ0x6nwAFsEzcuVDiBlyMsj2y3VjmFAx/uHk/R/gzJV+yRHICjT4MKGGu1cJq2hfowFWCyrr/Gg37FbgQ==",
			"dev": true,
			"dependencies": {
				"@babel/runtime": "^7.3.1",
				"jss": "10.9.0"
			}
		},
		"node_modules/jss-plugin-nested": {
			"version": "10.9.0",
			"resolved": "https://registry.npmjs.org/jss-plugin-nested/-/jss-plugin-nested-10.9.0.tgz",
			"integrity": "sha512-2UJnDrfCZpMYcpPYR16oZB7VAC6b/1QLsRiAutOt7wJaaqwCBvNsosLEu/fUyKNQNGdvg2PPJFDO5AX7dwxtoA==",
			"dev": true,
			"dependencies": {
				"@babel/runtime": "^7.3.1",
				"jss": "10.9.0",
				"tiny-warning": "^1.0.2"
			}
		},
		"node_modules/jss-plugin-props-sort": {
			"version": "10.9.0",
			"resolved": "https://registry.npmjs.org/jss-plugin-props-sort/-/jss-plugin-props-sort-10.9.0.tgz",
			"integrity": "sha512-7A76HI8bzwqrsMOJTWKx/uD5v+U8piLnp5bvru7g/3ZEQOu1+PjHvv7bFdNO3DwNPC9oM0a//KwIJsIcDCjDzw==",
			"dev": true,
			"dependencies": {
				"@babel/runtime": "^7.3.1",
				"jss": "10.9.0"
			}
		},
		"node_modules/jss-plugin-rule-value-function": {
			"version": "10.9.0",
			"resolved": "https://registry.npmjs.org/jss-plugin-rule-value-function/-/jss-plugin-rule-value-function-10.9.0.tgz",
			"integrity": "sha512-IHJv6YrEf8pRzkY207cPmdbBstBaE+z8pazhPShfz0tZSDtRdQua5jjg6NMz3IbTasVx9FdnmptxPqSWL5tyJg==",
			"dev": true,
			"dependencies": {
				"@babel/runtime": "^7.3.1",
				"jss": "10.9.0",
				"tiny-warning": "^1.0.2"
			}
		},
		"node_modules/jss-plugin-vendor-prefixer": {
			"version": "10.9.0",
			"resolved": "https://registry.npmjs.org/jss-plugin-vendor-prefixer/-/jss-plugin-vendor-prefixer-10.9.0.tgz",
			"integrity": "sha512-MbvsaXP7iiVdYVSEoi+blrW+AYnTDvHTW6I6zqi7JcwXdc6I9Kbm234nEblayhF38EftoenbM+5218pidmC5gA==",
			"dev": true,
			"dependencies": {
				"@babel/runtime": "^7.3.1",
				"css-vendor": "^2.0.8",
				"jss": "10.9.0"
			}
		},
		"node_modules/jss/node_modules/csstype": {
			"version": "3.0.11",
			"resolved": "https://registry.npmjs.org/csstype/-/csstype-3.0.11.tgz",
			"integrity": "sha512-sa6P2wJ+CAbgyy4KFssIb/JNMLxFvKF1pCYCSXS8ZMuqZnMsrxqI2E5sPyoTpxoPU/gVZMzr2zjOfg8GIZOMsw==",
			"dev": true
		},
		"node_modules/loose-envify": {
			"version": "1.4.0",
			"resolved": "https://registry.npmjs.org/loose-envify/-/loose-envify-1.4.0.tgz",
			"integrity": "sha512-lyuxPGr/Wfhrlem2CL/UcnUc1zcqKAImBDzukY7Y5F/yQiNdko6+fRLevlw1HgMySw7f611UIY408EtxRSoK3Q==",
			"dev": true,
			"dependencies": {
				"js-tokens": "^3.0.0 || ^4.0.0"
			},
			"bin": {
				"loose-envify": "cli.js"
			}
		},
		"node_modules/nanoid": {
			"version": "3.3.3",
			"resolved": "https://registry.npmjs.org/nanoid/-/nanoid-3.3.3.tgz",
			"integrity": "sha512-p1sjXuopFs0xg+fPASzQ28agW1oHD7xDsd9Xkf3T15H3c/cifrFHVwrh74PdoklAPi+i7MdRsE47vm2r6JoB+w==",
			"dev": true,
			"bin": {
				"nanoid": "bin/nanoid.cjs"
			},
			"engines": {
				"node": "^10 || ^12 || ^13.7 || ^14 || >=15.0.1"
			}
		},
		"node_modules/object-assign": {
			"version": "4.1.1",
			"resolved": "https://registry.npmjs.org/object-assign/-/object-assign-4.1.1.tgz",
			"integrity": "sha1-IQmtx5ZYh8/AXLvUQsrIv7s2CGM=",
			"dev": true,
			"engines": {
				"node": ">=0.10.0"
			}
		},
		"node_modules/popper.js": {
			"version": "1.16.1-lts",
			"resolved": "https://registry.npmjs.org/popper.js/-/popper.js-1.16.1-lts.tgz",
			"integrity": "sha512-Kjw8nKRl1m+VrSFCoVGPph93W/qrSO7ZkqPpTf7F4bk/sqcfWK019dWBUpE/fBOsOQY1dks/Bmcbfn1heM/IsA==",
			"dev": true
		},
		"node_modules/prop-types": {
			"version": "15.8.1",
			"resolved": "https://registry.npmjs.org/prop-types/-/prop-types-15.8.1.tgz",
			"integrity": "sha512-oj87CgZICdulUohogVAR7AjlC0327U4el4L6eAvOqCeudMDVU0NThNaV+b9Df4dXgSP1gXMTnPdhfe/2qDH5cg==",
			"dev": true,
			"dependencies": {
				"loose-envify": "^1.4.0",
				"object-assign": "^4.1.1",
				"react-is": "^16.13.1"
			}
		},
		"node_modules/prop-types/node_modules/react-is": {
			"version": "16.13.1",
			"resolved": "https://registry.npmjs.org/react-is/-/react-is-16.13.1.tgz",
			"integrity": "sha512-24e6ynE2H+OKt4kqsOvNd8kBpV65zoxbA4BVsEOB3ARVWQki/DHzaUoC5KuON/BiccDaCCTZBuOcfZs70kR8bQ==",
			"dev": true
		},
		"node_modules/react": {
			"version": "16.14.0",
			"resolved": "https://registry.npmjs.org/react/-/react-16.14.0.tgz",
			"integrity": "sha512-0X2CImDkJGApiAlcf0ODKIneSwBPhqJawOa5wCtKbu7ZECrmS26NvtSILynQ66cgkT/RJ4LidJOc3bUESwmU8g==",
			"dev": true,
			"dependencies": {
				"loose-envify": "^1.1.0",
				"object-assign": "^4.1.1",
				"prop-types": "^15.6.2"
			},
			"engines": {
				"node": ">=0.10.0"
			}
		},
		"node_modules/react-dom": {
			"version": "16.14.0",
			"resolved": "https://registry.npmjs.org/react-dom/-/react-dom-16.14.0.tgz",
			"integrity": "sha512-1gCeQXDLoIqMgqD3IO2Ah9bnf0w9kzhwN5q4FGnHZ67hBm9yePzB5JJAIQCc8x3pFnNlwFq4RidZggNAAkzWWw==",
			"dev": true,
			"dependencies": {
				"loose-envify": "^1.1.0",
				"object-assign": "^4.1.1",
				"prop-types": "^15.6.2",
				"scheduler": "^0.19.1"
			},
			"peerDependencies": {
				"react": "^16.14.0"
			}
		},
		"node_modules/react-editor-js": {
			"version": "1.10.0",
			"resolved": "https://registry.npmjs.org/react-editor-js/-/react-editor-js-1.10.0.tgz",
			"integrity": "sha512-A4OZ88fkUdts1bOHy3CWpPiO37n2D9EG6gvVimD0zyiWJzR6EY7lM1MfLETWEU1NgEOdvj/0Qt0A9LcmRBKuGw==",
			"dev": true,
			"peerDependencies": {
				"@editorjs/editorjs": "*",
				"@editorjs/paragraph": "*"
			}
		},
		"node_modules/react-is": {
			"version": "17.0.2",
			"resolved": "https://registry.npmjs.org/react-is/-/react-is-17.0.2.tgz",
			"integrity": "sha512-w2GsyukL62IJnlaff/nRegPQR94C/XXamvMWmSHRJ4y7Ts/4ocGRmTHvOs8PSE6pB3dWOrD/nueuU5sduBsQ4w==",
			"dev": true
		},
		"node_modules/react-transition-group": {
			"version": "4.4.2",
			"resolved": "https://registry.npmjs.org/react-transition-group/-/react-transition-group-4.4.2.tgz",
			"integrity": "sha512-/RNYfRAMlZwDSr6z4zNKV6xu53/e2BuaBbGhbyYIXTrmgu/bGHzmqOs7mJSJBHy9Ud+ApHx3QjrkKSp1pxvlFg==",
			"dev": true,
			"dependencies": {
				"@babel/runtime": "^7.5.5",
				"dom-helpers": "^5.0.1",
				"loose-envify": "^1.4.0",
				"prop-types": "^15.6.2"
			},
			"peerDependencies": {
				"react": ">=16.6.0",
				"react-dom": ">=16.6.0"
			}
		},
		"node_modules/react-uid": {
			"version": "2.3.2",
			"resolved": "https://registry.npmjs.org/react-uid/-/react-uid-2.3.2.tgz",
			"integrity": "sha512-oeaoT4YOjsqHdrEJoO8SONNNBsoGh7AJPbsNqRK6Dv8UMdctWxA4ncj9gAA/Odki5g0GZaDSR7HydBJ8HxwgNg==",
			"dependencies": {
				"tslib": "^2.0.0"
			},
			"engines": {
				"node": ">=12"
			},
			"peerDependencies": {
				"@types/react": "^16.8.0 || ^17.0.0 || ^18.0.0",
				"react": "^16.8.0 || ^17.0.0 || ^18.0.0"
			},
			"peerDependenciesMeta": {
				"@types/react": {
					"optional": true
				}
			}
		},
		"node_modules/regenerator-runtime": {
			"version": "0.13.9",
			"resolved": "https://registry.npmjs.org/regenerator-runtime/-/regenerator-runtime-0.13.9.tgz",
			"integrity": "sha512-p3VT+cOEgxFsRRA9X4lkI1E+k2/CtnKtU4gcxyaCUreilL/vqI6CdZ3wxVUx3UOUg+gnUOQQcRI7BmSI656MYA==",
			"dev": true
		},
		"node_modules/scheduler": {
			"version": "0.19.1",
			"resolved": "https://registry.npmjs.org/scheduler/-/scheduler-0.19.1.tgz",
			"integrity": "sha512-n/zwRWRYSUj0/3g/otKDRPMh6qv2SYMWNq85IEa8iZyAv8od9zDYpGSnpBEjNgcMNq6Scbu5KfIPxNF72R/2EA==",
			"dev": true,
			"dependencies": {
				"loose-envify": "^1.1.0",
				"object-assign": "^4.1.1"
			}
		},
		"node_modules/tiny-warning": {
			"version": "1.0.3",
			"resolved": "https://registry.npmjs.org/tiny-warning/-/tiny-warning-1.0.3.tgz",
			"integrity": "sha512-lBN9zLN/oAf68o3zNXYrdCt1kP8WsiGW8Oo2ka41b2IM5JL/S1CTyX1rW0mb/zSuJun0ZUrDxx4sqvYS2FWzPA==",
			"dev": true
		},
		"node_modules/tslib": {
			"version": "2.4.0",
			"resolved": "https://registry.npmjs.org/tslib/-/tslib-2.4.0.tgz",
			"integrity": "sha512-d6xOpEDfsi2CZVlPQzGeux8XMwLT9hssAsaPYExaQMuYskwb+x1x7J371tWlbBdWHroy99KnVB6qIkUbs5X3UQ=="
		}
	},
	"dependencies": {
		"@babel/runtime": {
			"version": "7.17.9",
			"resolved": "https://registry.npmjs.org/@babel/runtime/-/runtime-7.17.9.tgz",
			"integrity": "sha512-lSiBBvodq29uShpWGNbgFdKYNiFDo5/HIYsaCEY9ff4sb10x9jizo2+pRrSyF4jKZCXqgzuqBOQKbUm90gQwJg==",
			"dev": true,
			"requires": {
				"regenerator-runtime": "^0.13.4"
			}
		},
		"@editorjs/editorjs": {
			"version": "2.23.2",
			"resolved": "https://registry.npmjs.org/@editorjs/editorjs/-/editorjs-2.23.2.tgz",
			"integrity": "sha512-SXWQjxE/ZO6zWvo83U+gfkM9LVJzYOtNkttyXkdfyYALVWiENyxtlej/Jmd1TZ4yWpKwQEICPXz0ceGkzKnJyQ==",
			"dev": true,
			"requires": {
				"codex-notifier": "^1.1.2",
				"codex-tooltip": "^1.0.4",
				"nanoid": "^3.1.22"
			}
		},
		"@emotion/hash": {
			"version": "0.8.0",
			"resolved": "https://registry.npmjs.org/@emotion/hash/-/hash-0.8.0.tgz",
			"integrity": "sha512-kBJtf7PH6aWwZ6fka3zQ0p6SBYzx4fl1LoZXE2RrnYST9Xljm7WfKJrU4g/Xr3Beg72MLrp1AWNUmuYJTL7Cow==",
			"dev": true
		},
		"@material-ui/core": {
			"version": "4.12.4",
			"resolved": "https://registry.npmjs.org/@material-ui/core/-/core-4.12.4.tgz",
			"integrity": "sha512-tr7xekNlM9LjA6pagJmL8QCgZXaubWUwkJnoYcMKd4gw/t4XiyvnTkjdGrUVicyB2BsdaAv1tvow45bPM4sSwQ==",
			"dev": true,
			"requires": {
				"@babel/runtime": "^7.4.4",
				"@material-ui/styles": "^4.11.5",
				"@material-ui/system": "^4.12.2",
				"@material-ui/types": "5.1.0",
				"@material-ui/utils": "^4.11.3",
				"@types/react-transition-group": "^4.2.0",
				"clsx": "^1.0.4",
				"hoist-non-react-statics": "^3.3.2",
				"popper.js": "1.16.1-lts",
				"prop-types": "^15.7.2",
				"react-is": "^16.8.0 || ^17.0.0",
				"react-transition-group": "^4.4.0"
			}
		},
		"@material-ui/icons": {
			"version": "4.11.3",
			"resolved": "https://registry.npmjs.org/@material-ui/icons/-/icons-4.11.3.tgz",
			"integrity": "sha512-IKHlyx6LDh8n19vzwH5RtHIOHl9Tu90aAAxcbWME6kp4dmvODM3UvOHJeMIDzUbd4muuJKHmlNoBN+mDY4XkBA==",
			"dev": true,
			"requires": {
				"@babel/runtime": "^7.4.4"
			}
		},
		"@material-ui/styles": {
			"version": "4.11.5",
			"resolved": "https://registry.npmjs.org/@material-ui/styles/-/styles-4.11.5.tgz",
			"integrity": "sha512-o/41ot5JJiUsIETME9wVLAJrmIWL3j0R0Bj2kCOLbSfqEkKf0fmaPt+5vtblUh5eXr2S+J/8J3DaCb10+CzPGA==",
			"dev": true,
			"requires": {
				"@babel/runtime": "^7.4.4",
				"@emotion/hash": "^0.8.0",
				"@material-ui/types": "5.1.0",
				"@material-ui/utils": "^4.11.3",
				"clsx": "^1.0.4",
				"csstype": "^2.5.2",
				"hoist-non-react-statics": "^3.3.2",
				"jss": "^10.5.1",
				"jss-plugin-camel-case": "^10.5.1",
				"jss-plugin-default-unit": "^10.5.1",
				"jss-plugin-global": "^10.5.1",
				"jss-plugin-nested": "^10.5.1",
				"jss-plugin-props-sort": "^10.5.1",
				"jss-plugin-rule-value-function": "^10.5.1",
				"jss-plugin-vendor-prefixer": "^10.5.1",
				"prop-types": "^15.7.2"
			}
		},
		"@material-ui/system": {
			"version": "4.12.2",
			"resolved": "https://registry.npmjs.org/@material-ui/system/-/system-4.12.2.tgz",
			"integrity": "sha512-6CSKu2MtmiJgcCGf6nBQpM8fLkuB9F55EKfbdTC80NND5wpTmKzwdhLYLH3zL4cLlK0gVaaltW7/wMuyTnN0Lw==",
			"dev": true,
			"requires": {
				"@babel/runtime": "^7.4.4",
				"@material-ui/utils": "^4.11.3",
				"csstype": "^2.5.2",
				"prop-types": "^15.7.2"
			}
		},
		"@material-ui/types": {
			"version": "5.1.0",
			"resolved": "https://registry.npmjs.org/@material-ui/types/-/types-5.1.0.tgz",
			"integrity": "sha512-7cqRjrY50b8QzRSYyhSpx4WRw2YuO0KKIGQEVk5J8uoz2BanawykgZGoWEqKm7pVIbzFDN0SpPcVV4IhOFkl8A==",
			"dev": true
		},
		"@material-ui/utils": {
			"version": "4.11.3",
			"resolved": "https://registry.npmjs.org/@material-ui/utils/-/utils-4.11.3.tgz",
			"integrity": "sha512-ZuQPV4rBK/V1j2dIkSSEcH5uT6AaHuKWFfotADHsC0wVL1NLd2WkFCm4ZZbX33iO4ydl6V0GPngKm8HZQ2oujg==",
			"dev": true,
			"requires": {
				"@babel/runtime": "^7.4.4",
				"prop-types": "^15.7.2",
				"react-is": "^16.8.0 || ^17.0.0"
			}
		},
		"@types/prop-types": {
			"version": "15.7.5",
			"resolved": "https://registry.npmjs.org/@types/prop-types/-/prop-types-15.7.5.tgz",
			"integrity": "sha512-JCB8C6SnDoQf0cNycqd/35A7MjcnK+ZTqE7judS6o7utxUCg6imJg3QK2qzHKszlTjcj2cn+NwMB2i96ubpj7w==",
			"dev": true
		},
		"@types/react": {
			"version": "16.14.25",
			"resolved": "https://registry.npmjs.org/@types/react/-/react-16.14.25.tgz",
			"integrity": "sha512-cXRVHd7vBT5v1is72mmvmsg9stZrbJO04DJqFeh3Yj2tVKO6vmxg5BI+ybI6Ls7ROXRG3aFbZj9x0WA3ZAoDQw==",
			"dev": true,
			"requires": {
				"@types/prop-types": "*",
				"@types/scheduler": "*",
				"csstype": "^3.0.2"
			},
			"dependencies": {
				"csstype": {
					"version": "3.0.11",
					"resolved": "https://registry.npmjs.org/csstype/-/csstype-3.0.11.tgz",
					"integrity": "sha512-sa6P2wJ+CAbgyy4KFssIb/JNMLxFvKF1pCYCSXS8ZMuqZnMsrxqI2E5sPyoTpxoPU/gVZMzr2zjOfg8GIZOMsw==",
					"dev": true
				}
			}
		},
		"@types/react-transition-group": {
			"version": "4.4.4",
			"resolved": "https://registry.npmjs.org/@types/react-transition-group/-/react-transition-group-4.4.4.tgz",
			"integrity": "sha512-7gAPz7anVK5xzbeQW9wFBDg7G++aPLAFY0QaSMOou9rJZpbuI58WAuJrgu+qR92l61grlnCUe7AFX8KGahAgug==",
			"dev": true,
			"requires": {
				"@types/react": "*"
			}
		},
		"@types/scheduler": {
			"version": "0.16.2",
			"resolved": "https://registry.npmjs.org/@types/scheduler/-/scheduler-0.16.2.tgz",
			"integrity": "sha512-hppQEBDmlwhFAXKJX2KnWLYu5yMfi91yazPb2l+lbJiwW+wdo1gNeRA+3RgNSO39WYX2euey41KEwnqesU2Jew==",
			"dev": true
		},
		"clsx": {
			"version": "1.1.1",
			"resolved": "https://registry.npmjs.org/clsx/-/clsx-1.1.1.tgz",
			"integrity": "sha512-6/bPho624p3S2pMyvP5kKBPXnI3ufHLObBFCfgx+LkeR5lg2XYy2hqZqUf45ypD8COn2bhgGJSUE+l5dhNBieA=="
		},
		"codex-notifier": {
			"version": "1.1.2",
			"resolved": "https://registry.npmjs.org/codex-notifier/-/codex-notifier-1.1.2.tgz",
			"integrity": "sha512-DCp6xe/LGueJ1N5sXEwcBc3r3PyVkEEDNWCVigfvywAkeXcZMk9K41a31tkEFBW0Ptlwji6/JlAb49E3Yrxbtg==",
			"dev": true
		},
		"codex-tooltip": {
			"version": "1.0.5",
			"resolved": "https://registry.npmjs.org/codex-tooltip/-/codex-tooltip-1.0.5.tgz",
			"integrity": "sha512-IuA8LeyLU5p1B+HyhOsqR6oxyFQ11k3i9e9aXw40CrHFTRO2Y1npNBVU3W1SvhKAbUU7R/YikUBdcYFP0RcJag==",
			"dev": true
		},
		"css-vendor": {
			"version": "2.0.8",
			"resolved": "https://registry.npmjs.org/css-vendor/-/css-vendor-2.0.8.tgz",
			"integrity": "sha512-x9Aq0XTInxrkuFeHKbYC7zWY8ai7qJ04Kxd9MnvbC1uO5DagxoHQjm4JvG+vCdXOoFtCjbL2XSZfxmoYa9uQVQ==",
			"dev": true,
			"requires": {
				"@babel/runtime": "^7.8.3",
				"is-in-browser": "^1.0.2"
			}
		},
		"csstype": {
			"version": "2.6.20",
			"resolved": "https://registry.npmjs.org/csstype/-/csstype-2.6.20.tgz",
			"integrity": "sha512-/WwNkdXfckNgw6S5R125rrW8ez139lBHWouiBvX8dfMFtcn6V81REDqnH7+CRpRipfYlyU1CmOnOxrmGcFOjeA==",
			"dev": true
		},
		"dom-helpers": {
			"version": "5.2.1",
			"resolved": "https://registry.npmjs.org/dom-helpers/-/dom-helpers-5.2.1.tgz",
			"integrity": "sha512-nRCa7CK3VTrM2NmGkIy4cbK7IZlgBE/PYMn55rrXefr5xXDP0LdtfPnblFDoVdcAfslJ7or6iqAUnx0CCGIWQA==",
			"dev": true,
			"requires": {
				"@babel/runtime": "^7.8.7",
				"csstype": "^3.0.2"
			},
			"dependencies": {
				"csstype": {
					"version": "3.0.11",
					"resolved": "https://registry.npmjs.org/csstype/-/csstype-3.0.11.tgz",
					"integrity": "sha512-sa6P2wJ+CAbgyy4KFssIb/JNMLxFvKF1pCYCSXS8ZMuqZnMsrxqI2E5sPyoTpxoPU/gVZMzr2zjOfg8GIZOMsw==",
					"dev": true
				}
			}
		},
		"hoist-non-react-statics": {
			"version": "3.3.2",
			"resolved": "https://registry.npmjs.org/hoist-non-react-statics/-/hoist-non-react-statics-3.3.2.tgz",
			"integrity": "sha512-/gGivxi8JPKWNm/W0jSmzcMPpfpPLc3dY/6GxhX2hQ9iGj3aDfklV4ET7NjKpSinLpJ5vafa9iiGIEZg10SfBw==",
			"dev": true,
			"requires": {
				"react-is": "^16.7.0"
			},
			"dependencies": {
				"react-is": {
					"version": "16.13.1",
					"resolved": "https://registry.npmjs.org/react-is/-/react-is-16.13.1.tgz",
					"integrity": "sha512-24e6ynE2H+OKt4kqsOvNd8kBpV65zoxbA4BVsEOB3ARVWQki/DHzaUoC5KuON/BiccDaCCTZBuOcfZs70kR8bQ==",
					"dev": true
				}
			}
		},
		"hyphenate-style-name": {
			"version": "1.0.4",
			"resolved": "https://registry.npmjs.org/hyphenate-style-name/-/hyphenate-style-name-1.0.4.tgz",
			"integrity": "sha512-ygGZLjmXfPHj+ZWh6LwbC37l43MhfztxetbFCoYTM2VjkIUpeHgSNn7QIyVFj7YQ1Wl9Cbw5sholVJPzWvC2MQ==",
			"dev": true
		},
		"immutable": {
			"version": "4.0.0",
			"resolved": "https://registry.npmjs.org/immutable/-/immutable-4.0.0.tgz",
			"integrity": "sha512-zIE9hX70qew5qTUjSS7wi1iwj/l7+m54KWU247nhM3v806UdGj1yDndXj+IOYxxtW9zyLI+xqFNZjTuDaLUqFw==",
			"dev": true
		},
		"is-in-browser": {
			"version": "1.1.3",
			"resolved": "https://registry.npmjs.org/is-in-browser/-/is-in-browser-1.1.3.tgz",
			"integrity": "sha1-Vv9NtoOgeMYILrldrX3GLh0E+DU=",
			"dev": true
		},
		"js-tokens": {
			"version": "4.0.0",
			"resolved": "https://registry.npmjs.org/js-tokens/-/js-tokens-4.0.0.tgz",
			"integrity": "sha512-RdJUflcE3cUzKiMqQgsCu06FPu9UdIJO0beYbPhHN4k6apgJtifcoCtT9bcxOpYBtpD2kCM6Sbzg4CausW/PKQ==",
			"dev": true
		},
		"jss": {
			"version": "10.9.0",
			"resolved": "https://registry.npmjs.org/jss/-/jss-10.9.0.tgz",
			"integrity": "sha512-YpzpreB6kUunQBbrlArlsMpXYyndt9JATbt95tajx0t4MTJJcCJdd4hdNpHmOIDiUJrF/oX5wtVFrS3uofWfGw==",
			"dev": true,
			"requires": {
				"@babel/runtime": "^7.3.1",
				"csstype": "^3.0.2",
				"is-in-browser": "^1.1.3",
				"tiny-warning": "^1.0.2"
			},
			"dependencies": {
				"csstype": {
					"version": "3.0.11",
					"resolved": "https://registry.npmjs.org/csstype/-/csstype-3.0.11.tgz",
					"integrity": "sha512-sa6P2wJ+CAbgyy4KFssIb/JNMLxFvKF1pCYCSXS8ZMuqZnMsrxqI2E5sPyoTpxoPU/gVZMzr2zjOfg8GIZOMsw==",
					"dev": true
				}
			}
		},
		"jss-plugin-camel-case": {
			"version": "10.9.0",
			"resolved": "https://registry.npmjs.org/jss-plugin-camel-case/-/jss-plugin-camel-case-10.9.0.tgz",
			"integrity": "sha512-UH6uPpnDk413/r/2Olmw4+y54yEF2lRIV8XIZyuYpgPYTITLlPOsq6XB9qeqv+75SQSg3KLocq5jUBXW8qWWww==",
			"dev": true,
			"requires": {
				"@babel/runtime": "^7.3.1",
				"hyphenate-style-name": "^1.0.3",
				"jss": "10.9.0"
			}
		},
		"jss-plugin-default-unit": {
			"version": "10.9.0",
			"resolved": "https://registry.npmjs.org/jss-plugin-default-unit/-/jss-plugin-default-unit-10.9.0.tgz",
			"integrity": "sha512-7Ju4Q9wJ/MZPsxfu4T84mzdn7pLHWeqoGd/D8O3eDNNJ93Xc8PxnLmV8s8ZPNRYkLdxZqKtm1nPQ0BM4JRlq2w==",
			"dev": true,
			"requires": {
				"@babel/runtime": "^7.3.1",
				"jss": "10.9.0"
			}
		},
		"jss-plugin-global": {
			"version": "10.9.0",
			"resolved": "https://registry.npmjs.org/jss-plugin-global/-/jss-plugin-global-10.9.0.tgz",
			"integrity": "sha512-4G8PHNJ0x6nwAFsEzcuVDiBlyMsj2y3VjmFAx/uHk/R/gzJV+yRHICjT4MKGGu1cJq2hfowFWCyrr/Gg37FbgQ==",
			"dev": true,
			"requires": {
				"@babel/runtime": "^7.3.1",
				"jss": "10.9.0"
			}
		},
		"jss-plugin-nested": {
			"version": "10.9.0",
			"resolved": "https://registry.npmjs.org/jss-plugin-nested/-/jss-plugin-nested-10.9.0.tgz",
			"integrity": "sha512-2UJnDrfCZpMYcpPYR16oZB7VAC6b/1QLsRiAutOt7wJaaqwCBvNsosLEu/fUyKNQNGdvg2PPJFDO5AX7dwxtoA==",
			"dev": true,
			"requires": {
				"@babel/runtime": "^7.3.1",
				"jss": "10.9.0",
				"tiny-warning": "^1.0.2"
			}
		},
		"jss-plugin-props-sort": {
			"version": "10.9.0",
			"resolved": "https://registry.npmjs.org/jss-plugin-props-sort/-/jss-plugin-props-sort-10.9.0.tgz",
			"integrity": "sha512-7A76HI8bzwqrsMOJTWKx/uD5v+U8piLnp5bvru7g/3ZEQOu1+PjHvv7bFdNO3DwNPC9oM0a//KwIJsIcDCjDzw==",
			"dev": true,
			"requires": {
				"@babel/runtime": "^7.3.1",
				"jss": "10.9.0"
			}
		},
		"jss-plugin-rule-value-function": {
			"version": "10.9.0",
			"resolved": "https://registry.npmjs.org/jss-plugin-rule-value-function/-/jss-plugin-rule-value-function-10.9.0.tgz",
			"integrity": "sha512-IHJv6YrEf8pRzkY207cPmdbBstBaE+z8pazhPShfz0tZSDtRdQua5jjg6NMz3IbTasVx9FdnmptxPqSWL5tyJg==",
			"dev": true,
			"requires": {
				"@babel/runtime": "^7.3.1",
				"jss": "10.9.0",
				"tiny-warning": "^1.0.2"
			}
		},
		"jss-plugin-vendor-prefixer": {
			"version": "10.9.0",
			"resolved": "https://registry.npmjs.org/jss-plugin-vendor-prefixer/-/jss-plugin-vendor-prefixer-10.9.0.tgz",
			"integrity": "sha512-MbvsaXP7iiVdYVSEoi+blrW+AYnTDvHTW6I6zqi7JcwXdc6I9Kbm234nEblayhF38EftoenbM+5218pidmC5gA==",
			"dev": true,
			"requires": {
				"@babel/runtime": "^7.3.1",
				"css-vendor": "^2.0.8",
				"jss": "10.9.0"
			}
		},
		"loose-envify": {
			"version": "1.4.0",
			"resolved": "https://registry.npmjs.org/loose-envify/-/loose-envify-1.4.0.tgz",
			"integrity": "sha512-lyuxPGr/Wfhrlem2CL/UcnUc1zcqKAImBDzukY7Y5F/yQiNdko6+fRLevlw1HgMySw7f611UIY408EtxRSoK3Q==",
			"dev": true,
			"requires": {
				"js-tokens": "^3.0.0 || ^4.0.0"
			}
		},
		"nanoid": {
			"version": "3.3.3",
			"resolved": "https://registry.npmjs.org/nanoid/-/nanoid-3.3.3.tgz",
			"integrity": "sha512-p1sjXuopFs0xg+fPASzQ28agW1oHD7xDsd9Xkf3T15H3c/cifrFHVwrh74PdoklAPi+i7MdRsE47vm2r6JoB+w==",
			"dev": true
		},
		"object-assign": {
			"version": "4.1.1",
			"resolved": "https://registry.npmjs.org/object-assign/-/object-assign-4.1.1.tgz",
			"integrity": "sha1-IQmtx5ZYh8/AXLvUQsrIv7s2CGM=",
			"dev": true
		},
		"popper.js": {
			"version": "1.16.1-lts",
			"resolved": "https://registry.npmjs.org/popper.js/-/popper.js-1.16.1-lts.tgz",
			"integrity": "sha512-Kjw8nKRl1m+VrSFCoVGPph93W/qrSO7ZkqPpTf7F4bk/sqcfWK019dWBUpE/fBOsOQY1dks/Bmcbfn1heM/IsA==",
			"dev": true
		},
		"prop-types": {
			"version": "15.8.1",
			"resolved": "https://registry.npmjs.org/prop-types/-/prop-types-15.8.1.tgz",
			"integrity": "sha512-oj87CgZICdulUohogVAR7AjlC0327U4el4L6eAvOqCeudMDVU0NThNaV+b9Df4dXgSP1gXMTnPdhfe/2qDH5cg==",
			"dev": true,
			"requires": {
				"loose-envify": "^1.4.0",
				"object-assign": "^4.1.1",
				"react-is": "^16.13.1"
			},
			"dependencies": {
				"react-is": {
					"version": "16.13.1",
					"resolved": "https://registry.npmjs.org/react-is/-/react-is-16.13.1.tgz",
					"integrity": "sha512-24e6ynE2H+OKt4kqsOvNd8kBpV65zoxbA4BVsEOB3ARVWQki/DHzaUoC5KuON/BiccDaCCTZBuOcfZs70kR8bQ==",
					"dev": true
				}
			}
		},
		"react": {
			"version": "16.14.0",
			"resolved": "https://registry.npmjs.org/react/-/react-16.14.0.tgz",
			"integrity": "sha512-0X2CImDkJGApiAlcf0ODKIneSwBPhqJawOa5wCtKbu7ZECrmS26NvtSILynQ66cgkT/RJ4LidJOc3bUESwmU8g==",
			"dev": true,
			"requires": {
				"loose-envify": "^1.1.0",
				"object-assign": "^4.1.1",
				"prop-types": "^15.6.2"
			}
		},
		"react-dom": {
			"version": "16.14.0",
			"resolved": "https://registry.npmjs.org/react-dom/-/react-dom-16.14.0.tgz",
			"integrity": "sha512-1gCeQXDLoIqMgqD3IO2Ah9bnf0w9kzhwN5q4FGnHZ67hBm9yePzB5JJAIQCc8x3pFnNlwFq4RidZggNAAkzWWw==",
			"dev": true,
			"requires": {
				"loose-envify": "^1.1.0",
				"object-assign": "^4.1.1",
				"prop-types": "^15.6.2",
				"scheduler": "^0.19.1"
			}
		},
		"react-editor-js": {
			"version": "1.10.0",
			"resolved": "https://registry.npmjs.org/react-editor-js/-/react-editor-js-1.10.0.tgz",
			"integrity": "sha512-A4OZ88fkUdts1bOHy3CWpPiO37n2D9EG6gvVimD0zyiWJzR6EY7lM1MfLETWEU1NgEOdvj/0Qt0A9LcmRBKuGw==",
			"dev": true
		},
		"react-is": {
			"version": "17.0.2",
			"resolved": "https://registry.npmjs.org/react-is/-/react-is-17.0.2.tgz",
			"integrity": "sha512-w2GsyukL62IJnlaff/nRegPQR94C/XXamvMWmSHRJ4y7Ts/4ocGRmTHvOs8PSE6pB3dWOrD/nueuU5sduBsQ4w==",
			"dev": true
		},
		"react-transition-group": {
			"version": "4.4.2",
			"resolved": "https://registry.npmjs.org/react-transition-group/-/react-transition-group-4.4.2.tgz",
			"integrity": "sha512-/RNYfRAMlZwDSr6z4zNKV6xu53/e2BuaBbGhbyYIXTrmgu/bGHzmqOs7mJSJBHy9Ud+ApHx3QjrkKSp1pxvlFg==",
			"dev": true,
			"requires": {
				"@babel/runtime": "^7.5.5",
				"dom-helpers": "^5.0.1",
				"loose-envify": "^1.4.0",
				"prop-types": "^15.6.2"
			}
		},
		"react-uid": {
			"version": "2.3.2",
			"resolved": "https://registry.npmjs.org/react-uid/-/react-uid-2.3.2.tgz",
			"integrity": "sha512-oeaoT4YOjsqHdrEJoO8SONNNBsoGh7AJPbsNqRK6Dv8UMdctWxA4ncj9gAA/Odki5g0GZaDSR7HydBJ8HxwgNg==",
			"requires": {
				"tslib": "^2.0.0"
			}
		},
		"regenerator-runtime": {
			"version": "0.13.9",
			"resolved": "https://registry.npmjs.org/regenerator-runtime/-/regenerator-runtime-0.13.9.tgz",
			"integrity": "sha512-p3VT+cOEgxFsRRA9X4lkI1E+k2/CtnKtU4gcxyaCUreilL/vqI6CdZ3wxVUx3UOUg+gnUOQQcRI7BmSI656MYA==",
			"dev": true
		},
		"scheduler": {
			"version": "0.19.1",
			"resolved": "https://registry.npmjs.org/scheduler/-/scheduler-0.19.1.tgz",
			"integrity": "sha512-n/zwRWRYSUj0/3g/otKDRPMh6qv2SYMWNq85IEa8iZyAv8od9zDYpGSnpBEjNgcMNq6Scbu5KfIPxNF72R/2EA==",
			"dev": true,
			"requires": {
				"loose-envify": "^1.1.0",
				"object-assign": "^4.1.1"
			}
		},
		"tiny-warning": {
			"version": "1.0.3",
			"resolved": "https://registry.npmjs.org/tiny-warning/-/tiny-warning-1.0.3.tgz",
			"integrity": "sha512-lBN9zLN/oAf68o3zNXYrdCt1kP8WsiGW8Oo2ka41b2IM5JL/S1CTyX1rW0mb/zSuJun0ZUrDxx4sqvYS2FWzPA==",
			"dev": true
		},
		"tslib": {
			"version": "2.4.0",
			"resolved": "https://registry.npmjs.org/tslib/-/tslib-2.4.0.tgz",
			"integrity": "sha512-d6xOpEDfsi2CZVlPQzGeux8XMwLT9hssAsaPYExaQMuYskwb+x1x7J371tWlbBdWHroy99KnVB6qIkUbs5X3UQ=="
		}
	}
}
