{
	"name": "@ui-schema/react",
	"version": "0.5.0-alpha.0",
	"lockfileVersion": 2,
	"requires": true,
	"packages": {
		"": {
			"name": "@ui-schema/react",
			"version": "0.5.0-alpha.0",
			"license": "MIT",
			"dependencies": {
				"@tactic-ui/react": "~0.0.8"
			},
			"devDependencies": {
				"@types/react": "^18.0",
				"immutable": "^4.0.0",
				"react": "^18.0",
				"react-dom": "^18.0"
			},
			"peerDependencies": {
				"@types/react": "^16.8 || ^17.0 || ^18.0",
				"@ui-schema/json-schema": "~0.5.0-alpha.0",
				"@ui-schema/system": "~0.5.0-alpha.0",
				"immutable": "^4.0.0",
				"react": "^16.8 || ^17.0 || ^18.0"
			},
			"peerDependenciesMeta": {
				"@types/react": {
					"optional": true
				}
			}
		},
		"node_modules/@tactic-ui/engine": {
			"version": "0.0.4",
			"resolved": "https://registry.npmjs.org/@tactic-ui/engine/-/engine-0.0.4.tgz",
			"integrity": "sha512-NQVe3NoDpAu/qqcRcykZmAqPZqC+Jbg51flmFaUbv9zh3+CpGwRf8/DJbAHn/f1vOL+XyFP9HQMgZLgOU+noGQ=="
		},
		"node_modules/@tactic-ui/react": {
			"version": "0.0.8",
			"resolved": "https://registry.npmjs.org/@tactic-ui/react/-/react-0.0.8.tgz",
			"integrity": "sha512-Fi6d/vGeNcQsrIC2f8AH0F7Sa3QDraORmO1vB4+rEIw3+LOkxMDJhkfO6lENqsc2pYmFp1omKcX2hVISA7jYAA==",
			"dependencies": {
				"@tactic-ui/engine": "~0.0.2"
			},
			"peerDependencies": {
				"react": "^17.0.2 || ^18.0.0",
				"react-dom": "^17.0.2 || ^18.0.0"
			}
		},
		"node_modules/@types/prop-types": {
			"version": "15.7.7",
			"resolved": "https://registry.npmjs.org/@types/prop-types/-/prop-types-15.7.7.tgz",
			"integrity": "sha512-FbtmBWCcSa2J4zL781Zf1p5YUBXQomPEcep9QZCfRfQgTxz3pJWiDFLebohZ9fFntX5ibzOkSsrJ0TEew8cAog==",
			"dev": true
		},
		"node_modules/@types/react": {
			"version": "18.2.22",
			"resolved": "https://registry.npmjs.org/@types/react/-/react-18.2.22.tgz",
			"integrity": "sha512-60fLTOLqzarLED2O3UQImc/lsNRgG0jE/a1mPW9KjMemY0LMITWEsbS4VvZ4p6rorEHd5YKxxmMKSDK505GHpA==",
			"dev": true,
			"dependencies": {
				"@types/prop-types": "*",
				"@types/scheduler": "*",
				"csstype": "^3.0.2"
			}
		},
		"node_modules/@types/scheduler": {
			"version": "0.16.3",
			"resolved": "https://registry.npmjs.org/@types/scheduler/-/scheduler-0.16.3.tgz",
			"integrity": "sha512-5cJ8CB4yAx7BH1oMvdU0Jh9lrEXyPkar6F9G/ERswkCuvP4KQZfZkSjcMbAICCpQTN4OuZn8tz0HiKv9TGZgrQ==",
			"dev": true
		},
		"node_modules/csstype": {
			"version": "3.1.2",
			"resolved": "https://registry.npmjs.org/csstype/-/csstype-3.1.2.tgz",
			"integrity": "sha512-I7K1Uu0MBPzaFKg4nI5Q7Vs2t+3gWWW648spaF+Rg7pI9ds18Ugn+lvg4SHczUdKlHI5LWBXyqfS8+DufyBsgQ==",
			"dev": true
		},
		"node_modules/immutable": {
			"version": "4.3.4",
			"resolved": "https://registry.npmjs.org/immutable/-/immutable-4.3.4.tgz",
			"integrity": "sha512-fsXeu4J4i6WNWSikpI88v/PcVflZz+6kMhUfIwc5SY+poQRPnaf5V7qds6SUyUN3cVxEzuCab7QIoLOQ+DQ1wA==",
			"dev": true
		},
		"node_modules/js-tokens": {
			"version": "4.0.0",
			"resolved": "https://registry.npmjs.org/js-tokens/-/js-tokens-4.0.0.tgz",
			"integrity": "sha512-RdJUflcE3cUzKiMqQgsCu06FPu9UdIJO0beYbPhHN4k6apgJtifcoCtT9bcxOpYBtpD2kCM6Sbzg4CausW/PKQ==",
			"dev": true
		},
		"node_modules/loose-envify": {
			"version": "1.4.0",
			"resolved": "https://registry.npmjs.org/loose-envify/-/loose-envify-1.4.0.tgz",
			"integrity": "sha512-lyuxPGr/Wfhrlem2CL/UcnUc1zcqKAImBDzukY7Y5F/yQiNdko6+fRLevlw1HgMySw7f611UIY408EtxRSoK3Q==",
			"dev": true,
			"dependencies": {
				"js-tokens": "^3.0.0 || ^4.0.0"
			},
			"bin": {
				"loose-envify": "cli.js"
			}
		},
		"node_modules/react": {
			"version": "18.2.0",
			"resolved": "https://registry.npmjs.org/react/-/react-18.2.0.tgz",
			"integrity": "sha512-/3IjMdb2L9QbBdWiW5e3P2/npwMBaU9mHCSCUzNln0ZCYbcfTsGbTJrU/kGemdH2IWmB2ioZ+zkxtmq6g09fGQ==",
			"dev": true,
			"dependencies": {
				"loose-envify": "^1.1.0"
			},
			"engines": {
				"node": ">=0.10.0"
			}
		},
		"node_modules/react-dom": {
			"version": "18.2.0",
			"resolved": "https://registry.npmjs.org/react-dom/-/react-dom-18.2.0.tgz",
			"integrity": "sha512-6IMTriUmvsjHUjNtEDudZfuDQUoWXVxKHhlEGSk81n4YFS+r/Kl99wXiwlVXtPBtJenozv2P+hxDsw9eA7Xo6g==",
			"dev": true,
			"dependencies": {
				"loose-envify": "^1.1.0",
				"scheduler": "^0.23.0"
			},
			"peerDependencies": {
				"react": "^18.2.0"
			}
		},
		"node_modules/scheduler": {
			"version": "0.23.0",
			"resolved": "https://registry.npmjs.org/scheduler/-/scheduler-0.23.0.tgz",
			"integrity": "sha512-CtuThmgHNg7zIZWAXi3AsyIzA3n4xx7aNyjwC2VJldO2LMVDhFK+63xGqq6CsJH4rTAt6/M+N4GhZiDYPx9eUw==",
			"dev": true,
			"dependencies": {
				"loose-envify": "^1.1.0"
			}
		}
	},
	"dependencies": {
		"@tactic-ui/engine": {
			"version": "0.0.4",
			"resolved": "https://registry.npmjs.org/@tactic-ui/engine/-/engine-0.0.4.tgz",
			"integrity": "sha512-NQVe3NoDpAu/qqcRcykZmAqPZqC+Jbg51flmFaUbv9zh3+CpGwRf8/DJbAHn/f1vOL+XyFP9HQMgZLgOU+noGQ=="
		},
		"@tactic-ui/react": {
			"version": "0.0.8",
			"resolved": "https://registry.npmjs.org/@tactic-ui/react/-/react-0.0.8.tgz",
			"integrity": "sha512-Fi6d/vGeNcQsrIC2f8AH0F7Sa3QDraORmO1vB4+rEIw3+LOkxMDJhkfO6lENqsc2pYmFp1omKcX2hVISA7jYAA==",
			"requires": {
				"@tactic-ui/engine": "~0.0.2"
			}
		},
		"@types/prop-types": {
			"version": "15.7.7",
			"resolved": "https://registry.npmjs.org/@types/prop-types/-/prop-types-15.7.7.tgz",
			"integrity": "sha512-FbtmBWCcSa2J4zL781Zf1p5YUBXQomPEcep9QZCfRfQgTxz3pJWiDFLebohZ9fFntX5ibzOkSsrJ0TEew8cAog==",
			"dev": true
		},
		"@types/react": {
			"version": "18.2.22",
			"resolved": "https://registry.npmjs.org/@types/react/-/react-18.2.22.tgz",
			"integrity": "sha512-60fLTOLqzarLED2O3UQImc/lsNRgG0jE/a1mPW9KjMemY0LMITWEsbS4VvZ4p6rorEHd5YKxxmMKSDK505GHpA==",
			"dev": true,
			"requires": {
				"@types/prop-types": "*",
				"@types/scheduler": "*",
				"csstype": "^3.0.2"
			}
		},
		"@types/scheduler": {
			"version": "0.16.3",
			"resolved": "https://registry.npmjs.org/@types/scheduler/-/scheduler-0.16.3.tgz",
			"integrity": "sha512-5cJ8CB4yAx7BH1oMvdU0Jh9lrEXyPkar6F9G/ERswkCuvP4KQZfZkSjcMbAICCpQTN4OuZn8tz0HiKv9TGZgrQ==",
			"dev": true
		},
		"csstype": {
			"version": "3.1.2",
			"resolved": "https://registry.npmjs.org/csstype/-/csstype-3.1.2.tgz",
			"integrity": "sha512-I7K1Uu0MBPzaFKg4nI5Q7Vs2t+3gWWW648spaF+Rg7pI9ds18Ugn+lvg4SHczUdKlHI5LWBXyqfS8+DufyBsgQ==",
			"dev": true
		},
		"immutable": {
			"version": "4.3.4",
			"resolved": "https://registry.npmjs.org/immutable/-/immutable-4.3.4.tgz",
			"integrity": "sha512-fsXeu4J4i6WNWSikpI88v/PcVflZz+6kMhUfIwc5SY+poQRPnaf5V7qds6SUyUN3cVxEzuCab7QIoLOQ+DQ1wA==",
			"dev": true
		},
		"js-tokens": {
			"version": "4.0.0",
			"resolved": "https://registry.npmjs.org/js-tokens/-/js-tokens-4.0.0.tgz",
			"integrity": "sha512-RdJUflcE3cUzKiMqQgsCu06FPu9UdIJO0beYbPhHN4k6apgJtifcoCtT9bcxOpYBtpD2kCM6Sbzg4CausW/PKQ==",
			"dev": true
		},
		"loose-envify": {
			"version": "1.4.0",
			"resolved": "https://registry.npmjs.org/loose-envify/-/loose-envify-1.4.0.tgz",
			"integrity": "sha512-lyuxPGr/Wfhrlem2CL/UcnUc1zcqKAImBDzukY7Y5F/yQiNdko6+fRLevlw1HgMySw7f611UIY408EtxRSoK3Q==",
			"dev": true,
			"requires": {
				"js-tokens": "^3.0.0 || ^4.0.0"
			}
		},
		"react": {
			"version": "18.2.0",
			"resolved": "https://registry.npmjs.org/react/-/react-18.2.0.tgz",
			"integrity": "sha512-/3IjMdb2L9QbBdWiW5e3P2/npwMBaU9mHCSCUzNln0ZCYbcfTsGbTJrU/kGemdH2IWmB2ioZ+zkxtmq6g09fGQ==",
			"dev": true,
			"requires": {
				"loose-envify": "^1.1.0"
			}
		},
		"react-dom": {
			"version": "18.2.0",
			"resolved": "https://registry.npmjs.org/react-dom/-/react-dom-18.2.0.tgz",
			"integrity": "sha512-6IMTriUmvsjHUjNtEDudZfuDQUoWXVxKHhlEGSk81n4YFS+r/Kl99wXiwlVXtPBtJenozv2P+hxDsw9eA7Xo6g==",
			"dev": true,
			"requires": {
				"loose-envify": "^1.1.0",
				"scheduler": "^0.23.0"
			}
		},
		"scheduler": {
			"version": "0.23.0",
			"resolved": "https://registry.npmjs.org/scheduler/-/scheduler-0.23.0.tgz",
			"integrity": "sha512-CtuThmgHNg7zIZWAXi3AsyIzA3n4xx7aNyjwC2VJldO2LMVDhFK+63xGqq6CsJH4rTAt6/M+N4GhZiDYPx9eUw==",
			"dev": true,
			"requires": {
				"loose-envify": "^1.1.0"
			}
		}
	}
}
