{
	"name": "@ui-schema/ds-material",
	"version": "0.0.0",
	"lockfileVersion": 1,
	"requires": true,
	"dependencies": {
		"react-id-generator": {
			"version": "3.0.0",
			"resolved": "https://registry.npmjs.org/react-id-generator/-/react-id-generator-3.0.0.tgz",
			"integrity": "sha512-egmdswpzA/z8UlignCZKmJqrO0EaqmW13M8756wE+V/6NtYf0CdvDjkGpat/Q/djXfg7F/C0267Gff1RHgpfIQ=="
		}
	}
}
