{
	"name": "@ui-schema/system",
	"version": "0.5.0-alpha.0",
	"lockfileVersion": 2,
	"requires": true,
	"packages": {
		"": {
			"name": "@ui-schema/system",
			"version": "0.5.0-alpha.0",
			"license": "MIT",
			"devDependencies": {
				"immutable": "^4.0.0"
			},
			"peerDependencies": {
				"immutable": "^4.0.0"
			}
		},
		"node_modules/immutable": {
			"version": "4.3.1",
			"resolved": "https://registry.npmjs.org/immutable/-/immutable-4.3.1.tgz",
			"integrity": "sha512-lj9cnmB/kVS0QHsJnYKD1uo3o39nrbKxszjnqS9Fr6NB7bZzW45U6WSGBPKXDL/CvDKqDNPA4r3DoDQ8GTxo2A==",
			"dev": true
		}
	},
	"dependencies": {
		"immutable": {
			"version": "4.3.1",
			"resolved": "https://registry.npmjs.org/immutable/-/immutable-4.3.1.tgz",
			"integrity": "sha512-lj9cnmB/kVS0QHsJnYKD1uo3o39nrbKxszjnqS9Fr6NB7bZzW45U6WSGBPKXDL/CvDKqDNPA4r3DoDQ8GTxo2A==",
			"dev": true
		}
	}
}
