{
	"name": "@ui-schema/demo",
	"version": "0.0.15",
	"lockfileVersion": 1,
	"requires": true,
	"dependencies": {
		"@babel/runtime": {
			"version": "7.9.2",
			"resolved": "https://registry.npmjs.org/@babel/runtime/-/runtime-7.9.2.tgz",
			"integrity": "sha512-NE2DtOdufG7R5vnfQUTehdTfNycfUANEtCa9PssN9O/xmTzP4E08UI797ixaei6hBEVL9BI/PsdJS5x7mWoB9Q==",
			"requires": {
				"regenerator-runtime": "^0.13.4"
			}
		},
		"@date-io/core": {
			"version": "1.3.13",
			"resolved": "https://registry.npmjs.org/@date-io/core/-/core-1.3.13.tgz",
			"integrity": "sha512-AlEKV7TxjeK+jxWVKcCFrfYAk8spX9aCyiToFIiLPtfQbsjmRGLIhb5VZgptQcJdHtLXo7+m0DuurwFgUToQuA=="
		},
		"@date-io/luxon": {
			"version": "1.3.13",
			"resolved": "https://registry.npmjs.org/@date-io/luxon/-/luxon-1.3.13.tgz",
			"integrity": "sha512-9wUrJCNSMZJeYAiH+dbb45oGpnHeFP7TOH/Lt26If47gjFCkjvyINzWx+K5AGsnlP0Qosxc7hkF1yLi6ecutxw==",
			"requires": {
				"@date-io/core": "^1.3.13"
			}
		},
		"@emotion/hash": {
			"version": "0.8.0",
			"resolved": "https://registry.npmjs.org/@emotion/hash/-/hash-0.8.0.tgz",
			"integrity": "sha512-kBJtf7PH6aWwZ6fka3zQ0p6SBYzx4fl1LoZXE2RrnYST9Xljm7WfKJrU4g/Xr3Beg72MLrp1AWNUmuYJTL7Cow=="
		},
		"@icons/material": {
			"version": "0.2.4",
			"resolved": "https://registry.npmjs.org/@icons/material/-/material-0.2.4.tgz",
			"integrity": "sha512-QPcGmICAPbGLGb6F/yNf/KzKqvFx8z5qx3D1yFqVAjoFmXK35EgyW+cJ57Te3CNsmzblwtzakLGFqHPqrfb4Tw=="
		},
		"@material-ui/core": {
			"version": "4.9.11",
			"resolved": "https://registry.npmjs.org/@material-ui/core/-/core-4.9.11.tgz",
			"integrity": "sha512-S2Ha9GpTxzl29XMeMc8dQX2pj97yApNzuhe/23If53fMdg5Fmd3SgbE1bMbyXeKhxwtXZjOFxd0vU+W/sez8Ew==",
			"requires": {
				"@babel/runtime": "^7.4.4",
				"@material-ui/react-transition-group": "^4.2.0",
				"@material-ui/styles": "^4.9.10",
				"@material-ui/system": "^4.9.10",
				"@material-ui/types": "^5.0.1",
				"@material-ui/utils": "^4.9.6",
				"@types/react-transition-group": "^4.2.0",
				"clsx": "^1.0.4",
				"hoist-non-react-statics": "^3.3.2",
				"popper.js": "^1.16.1-lts",
				"prop-types": "^15.7.2",
				"react-is": "^16.8.0",
				"react-transition-group": "^4.3.0"
			},
			"dependencies": {
				"dom-helpers": {
					"version": "5.1.4",
					"resolved": "https://registry.npmjs.org/dom-helpers/-/dom-helpers-5.1.4.tgz",
					"integrity": "sha512-TjMyeVUvNEnOnhzs6uAn9Ya47GmMo3qq7m+Lr/3ON0Rs5kHvb8I+SQYjLUSYn7qhEm0QjW0yrBkvz9yOrwwz1A==",
					"requires": {
						"@babel/runtime": "^7.8.7",
						"csstype": "^2.6.7"
					}
				},
				"react-transition-group": {
					"version": "4.3.0",
					"resolved": "https://registry.npmjs.org/react-transition-group/-/react-transition-group-4.3.0.tgz",
					"integrity": "sha512-1qRV1ZuVSdxPlPf4O8t7inxUGpdyO5zG9IoNfJxSO0ImU2A1YWkEQvFPuIPZmMLkg5hYs7vv5mMOyfgSkvAwvw==",
					"requires": {
						"@babel/runtime": "^7.5.5",
						"dom-helpers": "^5.0.1",
						"loose-envify": "^1.4.0",
						"prop-types": "^15.6.2"
					}
				}
			}
		},
		"@material-ui/icons": {
			"version": "4.9.1",
			"resolved": "https://registry.npmjs.org/@material-ui/icons/-/icons-4.9.1.tgz",
			"integrity": "sha512-GBitL3oBWO0hzBhvA9KxqcowRUsA0qzwKkURyC8nppnC3fw54KPKZ+d4V1Eeg/UnDRSzDaI9nGCdel/eh9AQMg==",
			"requires": {
				"@babel/runtime": "^7.4.4"
			}
		},
		"@material-ui/pickers": {
			"version": "3.2.10",
			"resolved": "https://registry.npmjs.org/@material-ui/pickers/-/pickers-3.2.10.tgz",
			"integrity": "sha512-B8G6Obn5S3RCl7hwahkQj9sKUapwXWFjiaz/Bsw1fhYFdNMnDUolRiWQSoKPb1/oKe37Dtfszoywi1Ynbo3y8w==",
			"requires": {
				"@babel/runtime": "^7.6.0",
				"@date-io/core": "1.x",
				"@types/styled-jsx": "^2.2.8",
				"clsx": "^1.0.2",
				"react-transition-group": "^4.0.0",
				"rifm": "^0.7.0"
			},
			"dependencies": {
				"dom-helpers": {
					"version": "5.1.4",
					"resolved": "https://registry.npmjs.org/dom-helpers/-/dom-helpers-5.1.4.tgz",
					"integrity": "sha512-TjMyeVUvNEnOnhzs6uAn9Ya47GmMo3qq7m+Lr/3ON0Rs5kHvb8I+SQYjLUSYn7qhEm0QjW0yrBkvz9yOrwwz1A==",
					"requires": {
						"@babel/runtime": "^7.8.7",
						"csstype": "^2.6.7"
					}
				},
				"react-transition-group": {
					"version": "4.3.0",
					"resolved": "https://registry.npmjs.org/react-transition-group/-/react-transition-group-4.3.0.tgz",
					"integrity": "sha512-1qRV1ZuVSdxPlPf4O8t7inxUGpdyO5zG9IoNfJxSO0ImU2A1YWkEQvFPuIPZmMLkg5hYs7vv5mMOyfgSkvAwvw==",
					"requires": {
						"@babel/runtime": "^7.5.5",
						"dom-helpers": "^5.0.1",
						"loose-envify": "^1.4.0",
						"prop-types": "^15.6.2"
					}
				}
			}
		},
		"@material-ui/react-transition-group": {
			"version": "4.2.0",
			"resolved": "https://registry.npmjs.org/@material-ui/react-transition-group/-/react-transition-group-4.2.0.tgz",
			"integrity": "sha512-4zapZ0gW1ZTws5aH9OGy3IMvtTV/olc7YrVSkM1WFu1FsrEhL+qarEniRjx7LjHt0gukFqoINfElI8v2boVMQA==",
			"requires": {
				"@babel/runtime": "^7.4.5",
				"dom-helpers": "^3.4.0",
				"loose-envify": "^1.4.0",
				"prop-types": "^15.6.2"
			}
		},
		"@material-ui/styles": {
			"version": "4.9.10",
			"resolved": "https://registry.npmjs.org/@material-ui/styles/-/styles-4.9.10.tgz",
			"integrity": "sha512-EXIXlqVyFDnjXF6tj72y6ZxiSy+mHtrsCo3Srkm3XUeu3Z01aftDBy7ZSr3TQ02gXHTvDSBvegp3Le6p/tl7eA==",
			"requires": {
				"@babel/runtime": "^7.4.4",
				"@emotion/hash": "^0.8.0",
				"@material-ui/types": "^5.0.1",
				"@material-ui/utils": "^4.9.6",
				"clsx": "^1.0.2",
				"csstype": "^2.5.2",
				"hoist-non-react-statics": "^3.3.2",
				"jss": "^10.0.3",
				"jss-plugin-camel-case": "^10.0.3",
				"jss-plugin-default-unit": "^10.0.3",
				"jss-plugin-global": "^10.0.3",
				"jss-plugin-nested": "^10.0.3",
				"jss-plugin-props-sort": "^10.0.3",
				"jss-plugin-rule-value-function": "^10.0.3",
				"jss-plugin-vendor-prefixer": "^10.0.3",
				"prop-types": "^15.7.2"
			}
		},
		"@material-ui/system": {
			"version": "4.9.10",
			"resolved": "https://registry.npmjs.org/@material-ui/system/-/system-4.9.10.tgz",
			"integrity": "sha512-E+t0baX2TBZk6ALm8twG6objpsxLdMM4MDm1++LMt2m7CetCAEc3aIAfDaprk4+tm5hFT1Cah5dRWk8EeIFQYw==",
			"requires": {
				"@babel/runtime": "^7.4.4",
				"@material-ui/utils": "^4.9.6",
				"prop-types": "^15.7.2"
			}
		},
		"@material-ui/types": {
			"version": "5.0.1",
			"resolved": "https://registry.npmjs.org/@material-ui/types/-/types-5.0.1.tgz",
			"integrity": "sha512-wURPSY7/3+MAtng3i26g+WKwwNE3HEeqa/trDBR5+zWKmcjO+u9t7Npu/J1r+3dmIa/OeziN9D/18IrBKvKffw=="
		},
		"@material-ui/utils": {
			"version": "4.9.6",
			"resolved": "https://registry.npmjs.org/@material-ui/utils/-/utils-4.9.6.tgz",
			"integrity": "sha512-gqlBn0JPPTUZeAktn1rgMcy9Iczrr74ecx31tyZLVGdBGGzsxzM6PP6zeS7FuoLS6vG4hoZP7hWnOoHtkR0Kvw==",
			"requires": {
				"@babel/runtime": "^7.4.4",
				"prop-types": "^15.7.2",
				"react-is": "^16.8.0"
			}
		},
		"@types/prop-types": {
			"version": "15.7.3",
			"resolved": "https://registry.npmjs.org/@types/prop-types/-/prop-types-15.7.3.tgz",
			"integrity": "sha512-KfRL3PuHmqQLOG+2tGpRO26Ctg+Cq1E01D2DMriKEATHgWLfeNDmq9e29Q9WIky0dQ3NPkd1mzYH8Lm936Z9qw=="
		},
		"@types/react": {
			"version": "16.9.34",
			"resolved": "https://registry.npmjs.org/@types/react/-/react-16.9.34.tgz",
			"integrity": "sha512-8AJlYMOfPe1KGLKyHpflCg5z46n0b5DbRfqDksxBLBTUpB75ypDBAO9eCUcjNwE6LCUslwTz00yyG/X9gaVtow==",
			"requires": {
				"@types/prop-types": "*",
				"csstype": "^2.2.0"
			}
		},
		"@types/react-transition-group": {
			"version": "4.2.4",
			"resolved": "https://registry.npmjs.org/@types/react-transition-group/-/react-transition-group-4.2.4.tgz",
			"integrity": "sha512-8DMUaDqh0S70TjkqU0DxOu80tFUiiaS9rxkWip/nb7gtvAsbqOXm02UCmR8zdcjWujgeYPiPNTVpVpKzUDotwA==",
			"requires": {
				"@types/react": "*"
			}
		},
		"@types/styled-jsx": {
			"version": "2.2.8",
			"resolved": "https://registry.npmjs.org/@types/styled-jsx/-/styled-jsx-2.2.8.tgz",
			"integrity": "sha512-Yjye9VwMdYeXfS71ihueWRSxrruuXTwKCbzue4+5b2rjnQ//AtyM7myZ1BEhNhBQ/nL/RE7bdToUoLln2miKvg==",
			"requires": {
				"@types/react": "*"
			}
		},
		"asap": {
			"version": "2.0.6",
			"resolved": "https://registry.npmjs.org/asap/-/asap-2.0.6.tgz",
			"integrity": "sha1-5QNHYR1+aQlDIIu9r+vLwvuGbUY="
		},
		"babel-runtime": {
			"version": "6.26.0",
			"resolved": "https://registry.npmjs.org/babel-runtime/-/babel-runtime-6.26.0.tgz",
			"integrity": "sha1-llxwWGaOgrVde/4E/yM3vItWR/4=",
			"requires": {
				"core-js": "^2.4.0",
				"regenerator-runtime": "^0.11.0"
			},
			"dependencies": {
				"regenerator-runtime": {
					"version": "0.11.1",
					"resolved": "https://registry.npmjs.org/regenerator-runtime/-/regenerator-runtime-0.11.1.tgz",
					"integrity": "sha512-MguG95oij0fC3QV3URf4V2SDYGJhJnJGqvIIgdECeODCT98wSWDAJ94SSuVpYQUoTcGUIL6L4yNB7j1DFFHSBg=="
				}
			}
		},
		"base16": {
			"version": "1.0.0",
			"resolved": "https://registry.npmjs.org/base16/-/base16-1.0.0.tgz",
			"integrity": "sha1-4pf2DX7BAUp6lxo568ipjAtoHnA="
		},
		"bootstrap": {
			"version": "4.4.1",
			"resolved": "https://registry.npmjs.org/bootstrap/-/bootstrap-4.4.1.tgz",
			"integrity": "sha512-tbx5cHubwE6e2ZG7nqM3g/FZ5PQEDMWmMGNrCUBVRPHXTJaH7CBDdsLeu3eCh3B1tzAxTnAbtmrzvWEvT2NNEA=="
		},
		"clsx": {
			"version": "1.1.0",
			"resolved": "https://registry.npmjs.org/clsx/-/clsx-1.1.0.tgz",
			"integrity": "sha512-3avwM37fSK5oP6M5rQ9CNe99lwxhXDOeSWVPAOYF6OazUTgZCMb0yWlJpmdD74REy1gkEaFiub2ULv4fq9GUhA=="
		},
		"core-js": {
			"version": "2.6.11",
			"resolved": "https://registry.npmjs.org/core-js/-/core-js-2.6.11.tgz",
			"integrity": "sha512-5wjnpaT/3dV+XB4borEsnAYQchn00XSgTAWKDkEqv+K8KevjbzmofK6hfJ9TZIlpj2N0xQpazy7PiRQiWHqzWg=="
		},
		"css-vendor": {
			"version": "2.0.8",
			"resolved": "https://registry.npmjs.org/css-vendor/-/css-vendor-2.0.8.tgz",
			"integrity": "sha512-x9Aq0XTInxrkuFeHKbYC7zWY8ai7qJ04Kxd9MnvbC1uO5DagxoHQjm4JvG+vCdXOoFtCjbL2XSZfxmoYa9uQVQ==",
			"requires": {
				"@babel/runtime": "^7.8.3",
				"is-in-browser": "^1.0.2"
			}
		},
		"csstype": {
			"version": "2.6.9",
			"resolved": "https://registry.npmjs.org/csstype/-/csstype-2.6.9.tgz",
			"integrity": "sha512-xz39Sb4+OaTsULgUERcCk+TJj8ylkL4aSVDQiX/ksxbELSqwkgt4d4RD7fovIdgJGSuNYqwZEiVjYY5l0ask+Q=="
		},
		"dom-helpers": {
			"version": "3.4.0",
			"resolved": "https://registry.npmjs.org/dom-helpers/-/dom-helpers-3.4.0.tgz",
			"integrity": "sha512-LnuPJ+dwqKDIyotW1VzmOZ5TONUN7CwkCR5hrgawTUbkBGYdeoNLZo6nNfGkCrjtE1nXXaj7iMMpDa8/d9WoIA==",
			"requires": {
				"@babel/runtime": "^7.1.2"
			}
		},
		"draft-js": {
			"version": "0.11.5",
			"resolved": "https://registry.npmjs.org/draft-js/-/draft-js-0.11.5.tgz",
			"integrity": "sha512-RlHcoDtblwCD6Bw2ay3D0dTLA6lH8862OcdJrHGnYrY5JjlitzSzGvGQwqqumVvbGUNDSZLD3FyNpSs4z5WIUg==",
			"requires": {
				"fbjs": "^1.0.0",
				"immutable": "~3.7.4",
				"object-assign": "^4.1.1"
			},
			"dependencies": {
				"immutable": {
					"version": "3.7.6",
					"resolved": "https://registry.npmjs.org/immutable/-/immutable-3.7.6.tgz",
					"integrity": "sha1-E7TTyxK++hVIKib+Gy665kAHHks="
				}
			}
		},
		"draft-js-plugins-editor": {
			"version": "3.0.0",
			"resolved": "https://registry.npmjs.org/draft-js-plugins-editor/-/draft-js-plugins-editor-3.0.0.tgz",
			"integrity": "sha512-bFEL0FUIPg9VK3KSeBZ3D+uMqQEVe4Cv7++LWCMASRH02jy6x2f87NRxSZLzTQES5+oL6Qg+OEUlaTn409145A==",
			"requires": {
				"immutable": "~3.7.4",
				"prop-types": "^15.5.8"
			},
			"dependencies": {
				"immutable": {
					"version": "3.7.6",
					"resolved": "https://registry.npmjs.org/immutable/-/immutable-3.7.6.tgz",
					"integrity": "sha1-E7TTyxK++hVIKib+Gy665kAHHks="
				}
			}
		},
		"encoding": {
			"version": "0.1.12",
			"resolved": "https://registry.npmjs.org/encoding/-/encoding-0.1.12.tgz",
			"integrity": "sha1-U4tm8+5izRq1HsMjgp0flIDHS+s=",
			"requires": {
				"iconv-lite": "~0.4.13"
			}
		},
		"fbjs": {
			"version": "1.0.0",
			"resolved": "https://registry.npmjs.org/fbjs/-/fbjs-1.0.0.tgz",
			"integrity": "sha512-MUgcMEJaFhCaF1QtWGnmq9ZDRAzECTCRAF7O6UZIlAlkTs1SasiX9aP0Iw7wfD2mJ7wDTNfg2w7u5fSCwJk1OA==",
			"requires": {
				"core-js": "^2.4.1",
				"fbjs-css-vars": "^1.0.0",
				"isomorphic-fetch": "^2.1.1",
				"loose-envify": "^1.0.0",
				"object-assign": "^4.1.0",
				"promise": "^7.1.1",
				"setimmediate": "^1.0.5",
				"ua-parser-js": "^0.7.18"
			}
		},
		"fbjs-css-vars": {
			"version": "1.0.2",
			"resolved": "https://registry.npmjs.org/fbjs-css-vars/-/fbjs-css-vars-1.0.2.tgz",
			"integrity": "sha512-b2XGFAFdWZWg0phtAWLHCk836A1Xann+I+Dgd3Gk64MHKZO44FfoD1KxyvbSh0qZsIoXQGGlVztIY+oitJPpRQ=="
		},
		"gud": {
			"version": "1.0.0",
			"resolved": "https://registry.npmjs.org/gud/-/gud-1.0.0.tgz",
			"integrity": "sha512-zGEOVKFM5sVPPrYs7J5/hYEw2Pof8KCyOwyhG8sAF26mCAeUFAcYPu1mwB7hhpIP29zOIBaDqwuHdLp0jvZXjw=="
		},
		"history": {
			"version": "4.10.1",
			"resolved": "https://registry.npmjs.org/history/-/history-4.10.1.tgz",
			"integrity": "sha512-36nwAD620w12kuzPAsyINPWJqlNbij+hpK1k9XRloDtym8mxzGYl2c17LnV6IAGB2Dmg4tEa7G7DlawS0+qjew==",
			"requires": {
				"@babel/runtime": "^7.1.2",
				"loose-envify": "^1.2.0",
				"resolve-pathname": "^3.0.0",
				"tiny-invariant": "^1.0.2",
				"tiny-warning": "^1.0.0",
				"value-equal": "^1.0.1"
			}
		},
		"hoist-non-react-statics": {
			"version": "3.3.2",
			"resolved": "https://registry.npmjs.org/hoist-non-react-statics/-/hoist-non-react-statics-3.3.2.tgz",
			"integrity": "sha512-/gGivxi8JPKWNm/W0jSmzcMPpfpPLc3dY/6GxhX2hQ9iGj3aDfklV4ET7NjKpSinLpJ5vafa9iiGIEZg10SfBw==",
			"requires": {
				"react-is": "^16.7.0"
			}
		},
		"hyphenate-style-name": {
			"version": "1.0.3",
			"resolved": "https://registry.npmjs.org/hyphenate-style-name/-/hyphenate-style-name-1.0.3.tgz",
			"integrity": "sha512-EcuixamT82oplpoJ2XU4pDtKGWQ7b00CD9f1ug9IaQ3p1bkHMiKCZ9ut9QDI6qsa6cpUuB+A/I+zLtdNK4n2DQ=="
		},
		"iconv-lite": {
			"version": "0.4.24",
			"resolved": "https://registry.npmjs.org/iconv-lite/-/iconv-lite-0.4.24.tgz",
			"integrity": "sha512-v3MXnZAcvnywkTUEZomIActle7RXXeedOR31wwl7VlyoXO4Qi9arvSenNQWne1TcRwhCL1HwLI21bEqdpj8/rA==",
			"requires": {
				"safer-buffer": ">= 2.1.2 < 3"
			}
		},
		"immutable": {
			"version": "4.0.0-rc.12",
			"resolved": "https://registry.npmjs.org/immutable/-/immutable-4.0.0-rc.12.tgz",
			"integrity": "sha512-0M2XxkZLx/mi3t8NVwIm1g8nHoEmM9p9UBl/G9k4+hm0kBgOVdMV/B3CY5dQ8qG8qc80NN4gDV4HQv6FTJ5q7A=="
		},
		"is-in-browser": {
			"version": "1.1.3",
			"resolved": "https://registry.npmjs.org/is-in-browser/-/is-in-browser-1.1.3.tgz",
			"integrity": "sha1-Vv9NtoOgeMYILrldrX3GLh0E+DU="
		},
		"is-stream": {
			"version": "1.1.0",
			"resolved": "https://registry.npmjs.org/is-stream/-/is-stream-1.1.0.tgz",
			"integrity": "sha1-EtSj3U5o4Lec6428hBc66A2RykQ="
		},
		"isarray": {
			"version": "0.0.1",
			"resolved": "https://registry.npmjs.org/isarray/-/isarray-0.0.1.tgz",
			"integrity": "sha1-ihis/Kmo9Bd+Cav8YDiTmwXR7t8="
		},
		"isomorphic-fetch": {
			"version": "2.2.1",
			"resolved": "https://registry.npmjs.org/isomorphic-fetch/-/isomorphic-fetch-2.2.1.tgz",
			"integrity": "sha1-YRrhrPFPXoH3KVB0coGf6XM1WKk=",
			"requires": {
				"node-fetch": "^1.0.1",
				"whatwg-fetch": ">=0.10.0"
			}
		},
		"jquery": {
			"version": "3.5.0",
			"resolved": "https://registry.npmjs.org/jquery/-/jquery-3.5.0.tgz",
			"integrity": "sha512-Xb7SVYMvygPxbFMpTFQiHh1J7HClEaThguL15N/Gg37Lri/qKyhRGZYzHRyLH8Stq3Aow0LsHO2O2ci86fCrNQ=="
		},
		"js-tokens": {
			"version": "4.0.0",
			"resolved": "https://registry.npmjs.org/js-tokens/-/js-tokens-4.0.0.tgz",
			"integrity": "sha512-RdJUflcE3cUzKiMqQgsCu06FPu9UdIJO0beYbPhHN4k6apgJtifcoCtT9bcxOpYBtpD2kCM6Sbzg4CausW/PKQ=="
		},
		"jss": {
			"version": "10.1.1",
			"resolved": "https://registry.npmjs.org/jss/-/jss-10.1.1.tgz",
			"integrity": "sha512-Xz3qgRUFlxbWk1czCZibUJqhVPObrZHxY3FPsjCXhDld4NOj1BgM14Ir5hVm+Qr6OLqVljjGvoMcCdXNOAbdkQ==",
			"requires": {
				"@babel/runtime": "^7.3.1",
				"csstype": "^2.6.5",
				"is-in-browser": "^1.1.3",
				"tiny-warning": "^1.0.2"
			}
		},
		"jss-plugin-camel-case": {
			"version": "10.1.1",
			"resolved": "https://registry.npmjs.org/jss-plugin-camel-case/-/jss-plugin-camel-case-10.1.1.tgz",
			"integrity": "sha512-MDIaw8FeD5uFz1seQBKz4pnvDLnj5vIKV5hXSVdMaAVq13xR6SVTVWkIV/keyTs5txxTvzGJ9hXoxgd1WTUlBw==",
			"requires": {
				"@babel/runtime": "^7.3.1",
				"hyphenate-style-name": "^1.0.3",
				"jss": "10.1.1"
			}
		},
		"jss-plugin-default-unit": {
			"version": "10.1.1",
			"resolved": "https://registry.npmjs.org/jss-plugin-default-unit/-/jss-plugin-default-unit-10.1.1.tgz",
			"integrity": "sha512-UkeVCA/b3QEA4k0nIKS4uWXDCNmV73WLHdh2oDGZZc3GsQtlOCuiH3EkB/qI60v2MiCq356/SYWsDXt21yjwdg==",
			"requires": {
				"@babel/runtime": "^7.3.1",
				"jss": "10.1.1"
			}
		},
		"jss-plugin-global": {
			"version": "10.1.1",
			"resolved": "https://registry.npmjs.org/jss-plugin-global/-/jss-plugin-global-10.1.1.tgz",
			"integrity": "sha512-VBG3wRyi3Z8S4kMhm8rZV6caYBegsk+QnQZSVmrWw6GVOT/Z4FA7eyMu5SdkorDlG/HVpHh91oFN56O4R9m2VA==",
			"requires": {
				"@babel/runtime": "^7.3.1",
				"jss": "10.1.1"
			}
		},
		"jss-plugin-nested": {
			"version": "10.1.1",
			"resolved": "https://registry.npmjs.org/jss-plugin-nested/-/jss-plugin-nested-10.1.1.tgz",
			"integrity": "sha512-ozEu7ZBSVrMYxSDplPX3H82XHNQk2DQEJ9TEyo7OVTPJ1hEieqjDFiOQOxXEj9z3PMqkylnUbvWIZRDKCFYw5Q==",
			"requires": {
				"@babel/runtime": "^7.3.1",
				"jss": "10.1.1",
				"tiny-warning": "^1.0.2"
			}
		},
		"jss-plugin-props-sort": {
			"version": "10.1.1",
			"resolved": "https://registry.npmjs.org/jss-plugin-props-sort/-/jss-plugin-props-sort-10.1.1.tgz",
			"integrity": "sha512-g/joK3eTDZB4pkqpZB38257yD4LXB0X15jxtZAGbUzcKAVUHPl9Jb47Y7lYmiGsShiV4YmQRqG1p2DHMYoK91g==",
			"requires": {
				"@babel/runtime": "^7.3.1",
				"jss": "10.1.1"
			}
		},
		"jss-plugin-rule-value-function": {
			"version": "10.1.1",
			"resolved": "https://registry.npmjs.org/jss-plugin-rule-value-function/-/jss-plugin-rule-value-function-10.1.1.tgz",
			"integrity": "sha512-ClV1lvJ3laU9la1CUzaDugEcwnpjPTuJ0yGy2YtcU+gG/w9HMInD5vEv7xKAz53Bk4WiJm5uLOElSEshHyhKNw==",
			"requires": {
				"@babel/runtime": "^7.3.1",
				"jss": "10.1.1"
			}
		},
		"jss-plugin-vendor-prefixer": {
			"version": "10.1.1",
			"resolved": "https://registry.npmjs.org/jss-plugin-vendor-prefixer/-/jss-plugin-vendor-prefixer-10.1.1.tgz",
			"integrity": "sha512-09MZpQ6onQrhaVSF6GHC4iYifQ7+4YC/tAP6D4ZWeZotvCMq1mHLqNKRIaqQ2lkgANjlEot2JnVi1ktu4+L4pw==",
			"requires": {
				"@babel/runtime": "^7.3.1",
				"css-vendor": "^2.0.7",
				"jss": "10.1.1"
			}
		},
		"lodash": {
			"version": "4.17.15",
			"resolved": "https://registry.npmjs.org/lodash/-/lodash-4.17.15.tgz",
			"integrity": "sha512-8xOcRHvCjnocdS5cpwXQXVzmmh5e5+saE2QGoeQmbKmRS6J3VQppPOIt0MnmE+4xlZoumy0GPG0D0MVIQbNA1A=="
		},
		"lodash.curry": {
			"version": "4.1.1",
			"resolved": "https://registry.npmjs.org/lodash.curry/-/lodash.curry-4.1.1.tgz",
			"integrity": "sha1-JI42By7ekGUB11lmIAqG2riyMXA="
		},
		"lodash.flow": {
			"version": "3.5.0",
			"resolved": "https://registry.npmjs.org/lodash.flow/-/lodash.flow-3.5.0.tgz",
			"integrity": "sha1-h79AKSuM+D5OjOGjrkIJ4gBxZ1o="
		},
		"loose-envify": {
			"version": "1.4.0",
			"resolved": "https://registry.npmjs.org/loose-envify/-/loose-envify-1.4.0.tgz",
			"integrity": "sha512-lyuxPGr/Wfhrlem2CL/UcnUc1zcqKAImBDzukY7Y5F/yQiNdko6+fRLevlw1HgMySw7f611UIY408EtxRSoK3Q==",
			"requires": {
				"js-tokens": "^3.0.0 || ^4.0.0"
			}
		},
		"luxon": {
			"version": "1.23.0",
			"resolved": "https://registry.npmjs.org/luxon/-/luxon-1.23.0.tgz",
			"integrity": "sha512-+6a/bXsCWrrR8vfbL41iM92es12zwV2Rum/KPkT+ubOZnnU3Sqbqok/FmD1xsWlWN2Y9Hu0fU/vNgU24ns7bpA=="
		},
		"material-colors": {
			"version": "1.2.6",
			"resolved": "https://registry.npmjs.org/material-colors/-/material-colors-1.2.6.tgz",
			"integrity": "sha512-6qE4B9deFBIa9YSpOc9O0Sgc43zTeVYbgDT5veRKSlB2+ZuHNoVVxA1L/ckMUayV9Ay9y7Z/SZCLcGteW9i7bg=="
		},
		"mini-create-react-context": {
			"version": "0.3.2",
			"resolved": "https://registry.npmjs.org/mini-create-react-context/-/mini-create-react-context-0.3.2.tgz",
			"integrity": "sha512-2v+OeetEyliMt5VHMXsBhABoJ0/M4RCe7fatd/fBy6SMiKazUSEt3gxxypfnk2SHMkdBYvorHRoQxuGoiwbzAw==",
			"requires": {
				"@babel/runtime": "^7.4.0",
				"gud": "^1.0.0",
				"tiny-warning": "^1.0.2"
			}
		},
		"node-fetch": {
			"version": "1.7.3",
			"resolved": "https://registry.npmjs.org/node-fetch/-/node-fetch-1.7.3.tgz",
			"integrity": "sha512-NhZ4CsKx7cYm2vSrBAr2PvFOe6sWDf0UYLRqA6svUYg7+/TSfVAu49jYC4BvQ4Sms9SZgdqGBgroqfDhJdTyKQ==",
			"requires": {
				"encoding": "^0.1.11",
				"is-stream": "^1.0.1"
			}
		},
		"object-assign": {
			"version": "4.1.1",
			"resolved": "https://registry.npmjs.org/object-assign/-/object-assign-4.1.1.tgz",
			"integrity": "sha1-IQmtx5ZYh8/AXLvUQsrIv7s2CGM="
		},
		"path-to-regexp": {
			"version": "1.8.0",
			"resolved": "https://registry.npmjs.org/path-to-regexp/-/path-to-regexp-1.8.0.tgz",
			"integrity": "sha512-n43JRhlUKUAlibEJhPeir1ncUID16QnEjNpwzNdO3Lm4ywrBpBZ5oLD0I6br9evr1Y9JTqwRtAh7JLoOzAQdVA==",
			"requires": {
				"isarray": "0.0.1"
			}
		},
		"popper.js": {
			"version": "1.16.1",
			"resolved": "https://registry.npmjs.org/popper.js/-/popper.js-1.16.1.tgz",
			"integrity": "sha512-Wb4p1J4zyFTbM+u6WuO4XstYx4Ky9Cewe4DWrel7B0w6VVICvPwdOpotjzcf6eD8TsckVnIMNONQyPIUFOUbCQ=="
		},
		"promise": {
			"version": "7.3.1",
			"resolved": "https://registry.npmjs.org/promise/-/promise-7.3.1.tgz",
			"integrity": "sha512-nolQXZ/4L+bP/UGlkfaIujX9BKxGwmQ9OT4mOt5yvy8iK1h3wqTEJCijzGANTCCl9nWjY41juyAn2K3Q1hLLTg==",
			"requires": {
				"asap": "~2.0.3"
			}
		},
		"prop-types": {
			"version": "15.7.2",
			"resolved": "https://registry.npmjs.org/prop-types/-/prop-types-15.7.2.tgz",
			"integrity": "sha512-8QQikdH7//R2vurIJSutZ1smHYTcLpRWEOlHnzcWHmBYrOGUysKwSsrC89BCiFj3CbrfJ/nXFdJepOVrY1GCHQ==",
			"requires": {
				"loose-envify": "^1.4.0",
				"object-assign": "^4.1.1",
				"react-is": "^16.8.1"
			}
		},
		"pure-color": {
			"version": "1.3.0",
			"resolved": "https://registry.npmjs.org/pure-color/-/pure-color-1.3.0.tgz",
			"integrity": "sha1-H+Bk+wrIUfDeYTIKi/eWg2Qi8z4="
		},
		"react": {
			"version": "16.13.1",
			"resolved": "https://registry.npmjs.org/react/-/react-16.13.1.tgz",
			"integrity": "sha512-YMZQQq32xHLX0bz5Mnibv1/LHb3Sqzngu7xstSM+vrkE5Kzr9xE0yMByK5kMoTK30YVJE61WfbxIFFvfeDKT1w==",
			"requires": {
				"loose-envify": "^1.1.0",
				"object-assign": "^4.1.1",
				"prop-types": "^15.6.2"
			}
		},
		"react-base16-styling": {
			"version": "0.5.3",
			"resolved": "https://registry.npmjs.org/react-base16-styling/-/react-base16-styling-0.5.3.tgz",
			"integrity": "sha1-OFjyTpxN2MvT9wLz901YHKKRcmk=",
			"requires": {
				"base16": "^1.0.0",
				"lodash.curry": "^4.0.1",
				"lodash.flow": "^3.3.0",
				"pure-color": "^1.2.0"
			}
		},
		"react-color": {
			"version": "2.18.0",
			"resolved": "https://registry.npmjs.org/react-color/-/react-color-2.18.0.tgz",
			"integrity": "sha512-FyVeU1kQiSokWc8NPz22azl1ezLpJdUyTbWL0LPUpcuuYDrZ/Y1veOk9rRK5B3pMlyDGvTk4f4KJhlkIQNRjEA==",
			"requires": {
				"@icons/material": "^0.2.4",
				"lodash": "^4.17.11",
				"material-colors": "^1.2.1",
				"prop-types": "^15.5.10",
				"reactcss": "^1.2.0",
				"tinycolor2": "^1.4.1"
			}
		},
		"react-dom": {
			"version": "16.13.1",
			"resolved": "https://registry.npmjs.org/react-dom/-/react-dom-16.13.1.tgz",
			"integrity": "sha512-81PIMmVLnCNLO/fFOQxdQkvEq/+Hfpv24XNJfpyZhTRfO0QcmQIF/PgCa1zCOj2w1hrn12MFLyaJ/G0+Mxtfag==",
			"requires": {
				"loose-envify": "^1.1.0",
				"object-assign": "^4.1.1",
				"prop-types": "^15.6.2",
				"scheduler": "^0.19.1"
			},
			"dependencies": {
				"scheduler": {
					"version": "0.19.1",
					"resolved": "https://registry.npmjs.org/scheduler/-/scheduler-0.19.1.tgz",
					"integrity": "sha512-n/zwRWRYSUj0/3g/otKDRPMh6qv2SYMWNq85IEa8iZyAv8od9zDYpGSnpBEjNgcMNq6Scbu5KfIPxNF72R/2EA==",
					"requires": {
						"loose-envify": "^1.1.0",
						"object-assign": "^4.1.1"
					}
				}
			}
		},
		"react-error-boundary": {
			"version": "1.2.5",
			"resolved": "https://registry.npmjs.org/react-error-boundary/-/react-error-boundary-1.2.5.tgz",
			"integrity": "sha512-5CPSeLJA2igJNppAgFRwnTL9aK3ojenk65enNzhVyoxYNbHpIJXnChUO7+4vPhkncRA9wvQMXq6Azp2XeXd+iQ=="
		},
		"react-fast-compare": {
			"version": "2.0.4",
			"resolved": "https://registry.npmjs.org/react-fast-compare/-/react-fast-compare-2.0.4.tgz",
			"integrity": "sha512-suNP+J1VU1MWFKcyt7RtjiSWUjvidmQSlqu+eHslq+342xCbGTYmC0mEhPCOHxlW0CywylOC1u2DFAT+bv4dBw=="
		},
		"react-helmet": {
			"version": "5.2.1",
			"resolved": "https://registry.npmjs.org/react-helmet/-/react-helmet-5.2.1.tgz",
			"integrity": "sha512-CnwD822LU8NDBnjCpZ4ySh8L6HYyngViTZLfBBb3NjtrpN8m49clH8hidHouq20I51Y6TpCTISCBbqiY5GamwA==",
			"requires": {
				"object-assign": "^4.1.1",
				"prop-types": "^15.5.4",
				"react-fast-compare": "^2.0.2",
				"react-side-effect": "^1.1.0"
			}
		},
		"react-immutable-editor": {
			"version": "0.5.1",
			"resolved": "https://registry.npmjs.org/react-immutable-editor/-/react-immutable-editor-0.5.1.tgz",
			"integrity": "sha512-SEnticU+X+BcNluTJ8deIxB1y3sU1ManMbzWLhapyCn7pqrbgLSROLrxq/uWoYpilfXYXy5z/cPfBLdGSPP0cQ==",
			"requires": {
				"react-json-tree": "^0.11.x"
			}
		},
		"react-is": {
			"version": "16.13.1",
			"resolved": "https://registry.npmjs.org/react-is/-/react-is-16.13.1.tgz",
			"integrity": "sha512-24e6ynE2H+OKt4kqsOvNd8kBpV65zoxbA4BVsEOB3ARVWQki/DHzaUoC5KuON/BiccDaCCTZBuOcfZs70kR8bQ=="
		},
		"react-json-tree": {
			"version": "0.11.2",
			"resolved": "https://registry.npmjs.org/react-json-tree/-/react-json-tree-0.11.2.tgz",
			"integrity": "sha512-aYhUPj1y5jR3ZQ+G3N7aL8FbTyO03iLwnVvvEikLcNFqNTyabdljo9xDftZndUBFyyyL0aK3qGO9+8EilILHUw==",
			"requires": {
				"babel-runtime": "^6.6.1",
				"prop-types": "^15.5.8",
				"react-base16-styling": "^0.5.1"
			}
		},
		"react-loadable": {
			"version": "5.5.0",
			"resolved": "https://registry.npmjs.org/react-loadable/-/react-loadable-5.5.0.tgz",
			"integrity": "sha512-C8Aui0ZpMd4KokxRdVAm2bQtI03k2RMRNzOB+IipV3yxFTSVICv7WoUr5L9ALB5BmKO1iHgZtWM8EvYG83otdg==",
			"requires": {
				"prop-types": "^15.5.0"
			}
		},
		"react-router": {
			"version": "5.1.2",
			"resolved": "https://registry.npmjs.org/react-router/-/react-router-5.1.2.tgz",
			"integrity": "sha512-yjEuMFy1ONK246B+rsa0cUam5OeAQ8pyclRDgpxuSCrAlJ1qN9uZ5IgyKC7gQg0w8OM50NXHEegPh/ks9YuR2A==",
			"requires": {
				"@babel/runtime": "^7.1.2",
				"history": "^4.9.0",
				"hoist-non-react-statics": "^3.1.0",
				"loose-envify": "^1.3.1",
				"mini-create-react-context": "^0.3.0",
				"path-to-regexp": "^1.7.0",
				"prop-types": "^15.6.2",
				"react-is": "^16.6.0",
				"tiny-invariant": "^1.0.2",
				"tiny-warning": "^1.0.0"
			}
		},
		"react-router-dom": {
			"version": "5.1.2",
			"resolved": "https://registry.npmjs.org/react-router-dom/-/react-router-dom-5.1.2.tgz",
			"integrity": "sha512-7BPHAaIwWpZS074UKaw1FjVdZBSVWEk8IuDXdB+OkLb8vd/WRQIpA4ag9WQk61aEfQs47wHyjWUoUGGZxpQXew==",
			"requires": {
				"@babel/runtime": "^7.1.2",
				"history": "^4.9.0",
				"loose-envify": "^1.3.1",
				"prop-types": "^15.6.2",
				"react-router": "5.1.2",
				"tiny-invariant": "^1.0.2",
				"tiny-warning": "^1.0.0"
			}
		},
		"react-side-effect": {
			"version": "1.2.0",
			"resolved": "https://registry.npmjs.org/react-side-effect/-/react-side-effect-1.2.0.tgz",
			"integrity": "sha512-v1ht1aHg5k/thv56DRcjw+WtojuuDHFUgGfc+bFHOWsF4ZK6C2V57DO0Or0GPsg6+LSTE0M6Ry/gfzhzSwbc5w==",
			"requires": {
				"shallowequal": "^1.0.1"
			}
		},
		"react-uid": {
			"version": "2.2.0",
			"resolved": "https://registry.npmjs.org/react-uid/-/react-uid-2.2.0.tgz",
			"integrity": "sha512-z+g5+hFOQ08hCfrGcJ1PNs+cmvH8Uq2CVzCmPeWBsUi5A4W4NWXR5jouledzy3oSKGMU9HOzf8zFuGi15TXJoQ=="
		},
		"reactcss": {
			"version": "1.2.3",
			"resolved": "https://registry.npmjs.org/reactcss/-/reactcss-1.2.3.tgz",
			"integrity": "sha512-KiwVUcFu1RErkI97ywr8nvx8dNOpT03rbnma0SSalTYjkrPYaEajR4a/MRt6DZ46K6arDRbWMNHF+xH7G7n/8A==",
			"requires": {
				"lodash": "^4.0.1"
			}
		},
		"regenerator-runtime": {
			"version": "0.13.5",
			"resolved": "https://registry.npmjs.org/regenerator-runtime/-/regenerator-runtime-0.13.5.tgz",
			"integrity": "sha512-ZS5w8CpKFinUzOwW3c83oPeVXoNsrLsaCoLtJvAClH135j/R77RuymhiSErhm2lKcwSCIpmvIWSbDkIfAqKQlA=="
		},
		"resolve-pathname": {
			"version": "3.0.0",
			"resolved": "https://registry.npmjs.org/resolve-pathname/-/resolve-pathname-3.0.0.tgz",
			"integrity": "sha512-C7rARubxI8bXFNB/hqcp/4iUeIXJhJZvFPFPiSPRnhU5UPxzMFIl+2E6yY6c4k9giDJAhtV+enfA+G89N6Csng=="
		},
		"rifm": {
			"version": "0.7.0",
			"resolved": "https://registry.npmjs.org/rifm/-/rifm-0.7.0.tgz",
			"integrity": "sha512-DSOJTWHD67860I5ojetXdEQRIBvF6YcpNe53j0vn1vp9EUb9N80EiZTxgP+FkDKorWC8PZw052kTF4C1GOivCQ==",
			"requires": {
				"@babel/runtime": "^7.3.1"
			}
		},
		"safer-buffer": {
			"version": "2.1.2",
			"resolved": "https://registry.npmjs.org/safer-buffer/-/safer-buffer-2.1.2.tgz",
			"integrity": "sha512-YZo3K82SD7Riyi0E1EQPojLz7kpepnSQI9IyPbHHg1XXXevb5dJI7tpyN2ADxGcQbHG7vcyRHk0cbwqcQriUtg=="
		},
		"scheduler": {
			"version": "0.18.0",
			"resolved": "https://registry.npmjs.org/scheduler/-/scheduler-0.18.0.tgz",
			"integrity": "sha512-agTSHR1Nbfi6ulI0kYNK0203joW2Y5W4po4l+v03tOoiJKpTBbxpNhWDvqc/4IcOw+KLmSiQLTasZ4cab2/UWQ==",
			"requires": {
				"loose-envify": "^1.1.0",
				"object-assign": "^4.1.1"
			}
		},
		"setimmediate": {
			"version": "1.0.5",
			"resolved": "https://registry.npmjs.org/setimmediate/-/setimmediate-1.0.5.tgz",
			"integrity": "sha1-KQy7Iy4waULX1+qbg3Mqt4VvgoU="
		},
		"shallowequal": {
			"version": "1.1.0",
			"resolved": "https://registry.npmjs.org/shallowequal/-/shallowequal-1.1.0.tgz",
			"integrity": "sha512-y0m1JoUZSlPAjXVtPPW70aZWfIL/dSP7AFkRnniLCrK/8MDKog3TySTBmckD+RObVxH0v4Tox67+F14PdED2oQ=="
		},
		"tiny-invariant": {
			"version": "1.1.0",
			"resolved": "https://registry.npmjs.org/tiny-invariant/-/tiny-invariant-1.1.0.tgz",
			"integrity": "sha512-ytxQvrb1cPc9WBEI/HSeYYoGD0kWnGEOR8RY6KomWLBVhqz0RgTwVO9dLrGz7dC+nN9llyI7OKAgRq8Vq4ZBSw=="
		},
		"tiny-warning": {
			"version": "1.0.3",
			"resolved": "https://registry.npmjs.org/tiny-warning/-/tiny-warning-1.0.3.tgz",
			"integrity": "sha512-lBN9zLN/oAf68o3zNXYrdCt1kP8WsiGW8Oo2ka41b2IM5JL/S1CTyX1rW0mb/zSuJun0ZUrDxx4sqvYS2FWzPA=="
		},
		"tinycolor2": {
			"version": "1.4.1",
			"resolved": "https://registry.npmjs.org/tinycolor2/-/tinycolor2-1.4.1.tgz",
			"integrity": "sha1-9PrTM0R7wLB9TcjpIJ2POaisd+g="
		},
		"ua-parser-js": {
			"version": "0.7.21",
			"resolved": "https://registry.npmjs.org/ua-parser-js/-/ua-parser-js-0.7.21.tgz",
			"integrity": "sha512-+O8/qh/Qj8CgC6eYBVBykMrNtp5Gebn4dlGD/kKXVkJNDwyrAwSIqwz8CDf+tsAIWVycKcku6gIXJ0qwx/ZXaQ=="
		},
		"value-equal": {
			"version": "1.0.1",
			"resolved": "https://registry.npmjs.org/value-equal/-/value-equal-1.0.1.tgz",
			"integrity": "sha512-NOJ6JZCAWr0zlxZt+xqCHNTEKOsrks2HQd4MqhP1qy4z1SkbEP467eNx6TgDKXMvUOb+OENfJCZwM+16n7fRfw=="
		},
		"whatwg-fetch": {
			"version": "3.0.0",
			"resolved": "https://registry.npmjs.org/whatwg-fetch/-/whatwg-fetch-3.0.0.tgz",
			"integrity": "sha512-9GSJUgz1D4MfyKU7KRqwOjXCXTqWdFNvEr7eUBYchQiVc744mqK/MzXPNR2WsPkmkOa4ywfg8C2n8h+13Bey1Q=="
		}
	}
}
