{
	"name": "@ui-schema/material-richtext",
	"version": "0.0.16",
	"lockfileVersion": 1,
	"requires": true,
	"dependencies": {
		"@babel/runtime": {
			"version": "7.9.2",
			"resolved": "https://registry.npmjs.org/@babel/runtime/-/runtime-7.9.2.tgz",
			"integrity": "sha512-NE2DtOdufG7R5vnfQUTehdTfNycfUANEtCa9PssN9O/xmTzP4E08UI797ixaei6hBEVL9BI/PsdJS5x7mWoB9Q==",
			"dev": true,
			"requires": {
				"regenerator-runtime": "^0.13.4"
			},
			"dependencies": {
				"regenerator-runtime": {
					"version": "0.13.5",
					"resolved": "https://registry.npmjs.org/regenerator-runtime/-/regenerator-runtime-0.13.5.tgz",
					"integrity": "sha512-ZS5w8CpKFinUzOwW3c83oPeVXoNsrLsaCoLtJvAClH135j/R77RuymhiSErhm2lKcwSCIpmvIWSbDkIfAqKQlA==",
					"dev": true
				}
			}
		},
		"@emotion/hash": {
			"version": "0.8.0",
			"resolved": "https://registry.npmjs.org/@emotion/hash/-/hash-0.8.0.tgz",
			"integrity": "sha512-kBJtf7PH6aWwZ6fka3zQ0p6SBYzx4fl1LoZXE2RrnYST9Xljm7WfKJrU4g/Xr3Beg72MLrp1AWNUmuYJTL7Cow==",
			"dev": true
		},
		"@material-ui/core": {
			"version": "4.9.7",
			"resolved": "https://registry.npmjs.org/@material-ui/core/-/core-4.9.7.tgz",
			"integrity": "sha512-RTRibZgq572GHEskMAG4sP+bt3P3XyIkv3pOTR8grZAW2rSUd6JoGZLRM4S2HkuO7wS7cAU5SpU2s1EsmTgWog==",
			"dev": true,
			"requires": {
				"@babel/runtime": "^7.4.4",
				"@material-ui/styles": "^4.9.6",
				"@material-ui/system": "^4.9.6",
				"@material-ui/types": "^5.0.0",
				"@material-ui/utils": "^4.9.6",
				"@types/react-transition-group": "^4.2.0",
				"clsx": "^1.0.2",
				"hoist-non-react-statics": "^3.3.2",
				"popper.js": "^1.14.1",
				"prop-types": "^15.7.2",
				"react-is": "^16.8.0",
				"react-transition-group": "^4.3.0"
			}
		},
		"@material-ui/icons": {
			"version": "4.9.1",
			"resolved": "https://registry.npmjs.org/@material-ui/icons/-/icons-4.9.1.tgz",
			"integrity": "sha512-GBitL3oBWO0hzBhvA9KxqcowRUsA0qzwKkURyC8nppnC3fw54KPKZ+d4V1Eeg/UnDRSzDaI9nGCdel/eh9AQMg==",
			"dev": true,
			"requires": {
				"@babel/runtime": "^7.4.4"
			}
		},
		"@material-ui/styles": {
			"version": "4.9.6",
			"resolved": "https://registry.npmjs.org/@material-ui/styles/-/styles-4.9.6.tgz",
			"integrity": "sha512-ijgwStEkw1OZ6gCz18hkjycpr/3lKs1hYPi88O/AUn4vMuuGEGAIrqKVFq/lADmZUNF3DOFIk8LDkp7zmjPxtA==",
			"dev": true,
			"requires": {
				"@babel/runtime": "^7.4.4",
				"@emotion/hash": "^0.8.0",
				"@material-ui/types": "^5.0.0",
				"@material-ui/utils": "^4.9.6",
				"clsx": "^1.0.2",
				"csstype": "^2.5.2",
				"hoist-non-react-statics": "^3.3.2",
				"jss": "^10.0.3",
				"jss-plugin-camel-case": "^10.0.3",
				"jss-plugin-default-unit": "^10.0.3",
				"jss-plugin-global": "^10.0.3",
				"jss-plugin-nested": "^10.0.3",
				"jss-plugin-props-sort": "^10.0.3",
				"jss-plugin-rule-value-function": "^10.0.3",
				"jss-plugin-vendor-prefixer": "^10.0.3",
				"prop-types": "^15.7.2"
			}
		},
		"@material-ui/system": {
			"version": "4.9.6",
			"resolved": "https://registry.npmjs.org/@material-ui/system/-/system-4.9.6.tgz",
			"integrity": "sha512-QtfoAePyqXoZ2HUVSwGb1Ro0kucMCvVjbI0CdYIR21t0Opgfm1Oer6ni9P5lfeXA39xSt0wCierw37j+YES48Q==",
			"dev": true,
			"requires": {
				"@babel/runtime": "^7.4.4",
				"@material-ui/utils": "^4.9.6",
				"prop-types": "^15.7.2"
			}
		},
		"@material-ui/types": {
			"version": "5.0.0",
			"resolved": "https://registry.npmjs.org/@material-ui/types/-/types-5.0.0.tgz",
			"integrity": "sha512-UeH2BuKkwDndtMSS0qgx1kCzSMw+ydtj0xx/XbFtxNSTlXydKwzs5gVW5ZKsFlAkwoOOQ9TIsyoCC8hq18tOwg==",
			"dev": true
		},
		"@material-ui/utils": {
			"version": "4.9.6",
			"resolved": "https://registry.npmjs.org/@material-ui/utils/-/utils-4.9.6.tgz",
			"integrity": "sha512-gqlBn0JPPTUZeAktn1rgMcy9Iczrr74ecx31tyZLVGdBGGzsxzM6PP6zeS7FuoLS6vG4hoZP7hWnOoHtkR0Kvw==",
			"dev": true,
			"requires": {
				"@babel/runtime": "^7.4.4",
				"prop-types": "^15.7.2",
				"react-is": "^16.8.0"
			}
		},
		"@types/prop-types": {
			"version": "15.7.3",
			"resolved": "https://registry.npmjs.org/@types/prop-types/-/prop-types-15.7.3.tgz",
			"integrity": "sha512-KfRL3PuHmqQLOG+2tGpRO26Ctg+Cq1E01D2DMriKEATHgWLfeNDmq9e29Q9WIky0dQ3NPkd1mzYH8Lm936Z9qw==",
			"dev": true
		},
		"@types/react": {
			"version": "16.9.25",
			"resolved": "https://registry.npmjs.org/@types/react/-/react-16.9.25.tgz",
			"integrity": "sha512-Dlj2V72cfYLPNscIG3/SMUOzhzj7GK3bpSrfefwt2YT9GLynvLCCZjbhyF6VsT0q0+aRACRX03TDJGb7cA0cqg==",
			"dev": true,
			"requires": {
				"@types/prop-types": "*",
				"csstype": "^2.2.0"
			}
		},
		"@types/react-transition-group": {
			"version": "4.2.4",
			"resolved": "https://registry.npmjs.org/@types/react-transition-group/-/react-transition-group-4.2.4.tgz",
			"integrity": "sha512-8DMUaDqh0S70TjkqU0DxOu80tFUiiaS9rxkWip/nb7gtvAsbqOXm02UCmR8zdcjWujgeYPiPNTVpVpKzUDotwA==",
			"dev": true,
			"requires": {
				"@types/react": "*"
			}
		},
		"ansi-escapes": {
			"version": "1.4.0",
			"resolved": "https://registry.npmjs.org/ansi-escapes/-/ansi-escapes-1.4.0.tgz",
			"integrity": "sha1-06ioOzGapneTZisT52HHkRQiMG4="
		},
		"ansi-regex": {
			"version": "2.1.1",
			"resolved": "https://registry.npmjs.org/ansi-regex/-/ansi-regex-2.1.1.tgz",
			"integrity": "sha1-w7M6te42DYbg5ijwRorn7yfWVN8="
		},
		"ansi-styles": {
			"version": "2.2.1",
			"resolved": "https://registry.npmjs.org/ansi-styles/-/ansi-styles-2.2.1.tgz",
			"integrity": "sha1-tDLdM1i2NM914eRmQ2gkBTPB3b4="
		},
		"argparse": {
			"version": "1.0.10",
			"resolved": "https://registry.npmjs.org/argparse/-/argparse-1.0.10.tgz",
			"integrity": "sha512-o5Roy6tNG4SL/FOkCAN6RzjiakZS25RLYFrcMttJqbdd8BWrnA+fGz57iN5Pb06pvBGvl5gQ0B48dJlslXvoTg==",
			"requires": {
				"sprintf-js": "~1.0.2"
			}
		},
		"asap": {
			"version": "2.0.6",
			"resolved": "https://registry.npmjs.org/asap/-/asap-2.0.6.tgz",
			"integrity": "sha1-5QNHYR1+aQlDIIu9r+vLwvuGbUY="
		},
		"autolinker": {
			"version": "3.13.0",
			"resolved": "https://registry.npmjs.org/autolinker/-/autolinker-3.13.0.tgz",
			"integrity": "sha512-qlM0Su9lYYJ7lAth6xxB0rRdpS4FGmRboaghmM45Ud6ygGZa/TK/cbRAX6afvusJ79vyciy18QSKrWTM6cJHiw==",
			"requires": {
				"tslib": "^1.9.3"
			}
		},
		"babel-polyfill": {
			"version": "6.23.0",
			"resolved": "https://registry.npmjs.org/babel-polyfill/-/babel-polyfill-6.23.0.tgz",
			"integrity": "sha1-g2TKYt+Or7gwSZ9pkXdGbDsDSZ0=",
			"requires": {
				"babel-runtime": "^6.22.0",
				"core-js": "^2.4.0",
				"regenerator-runtime": "^0.10.0"
			}
		},
		"babel-runtime": {
			"version": "6.26.0",
			"resolved": "https://registry.npmjs.org/babel-runtime/-/babel-runtime-6.26.0.tgz",
			"integrity": "sha1-llxwWGaOgrVde/4E/yM3vItWR/4=",
			"requires": {
				"core-js": "^2.4.0",
				"regenerator-runtime": "^0.11.0"
			},
			"dependencies": {
				"regenerator-runtime": {
					"version": "0.11.1",
					"resolved": "https://registry.npmjs.org/regenerator-runtime/-/regenerator-runtime-0.11.1.tgz",
					"integrity": "sha512-MguG95oij0fC3QV3URf4V2SDYGJhJnJGqvIIgdECeODCT98wSWDAJ94SSuVpYQUoTcGUIL6L4yNB7j1DFFHSBg=="
				}
			}
		},
		"chalk": {
			"version": "1.1.3",
			"resolved": "https://registry.npmjs.org/chalk/-/chalk-1.1.3.tgz",
			"integrity": "sha1-qBFcVeSnAv5NFQq9OHKCKn4J/Jg=",
			"requires": {
				"ansi-styles": "^2.2.1",
				"escape-string-regexp": "^1.0.2",
				"has-ansi": "^2.0.0",
				"strip-ansi": "^3.0.0",
				"supports-color": "^2.0.0"
			}
		},
		"chardet": {
			"version": "0.4.2",
			"resolved": "https://registry.npmjs.org/chardet/-/chardet-0.4.2.tgz",
			"integrity": "sha1-tUc7M9yXxCTl2Y3IfVXU2KKci/I="
		},
		"cli-cursor": {
			"version": "2.1.0",
			"resolved": "https://registry.npmjs.org/cli-cursor/-/cli-cursor-2.1.0.tgz",
			"integrity": "sha1-s12sN2R5+sw+lHR9QdDQ9SOP/LU=",
			"requires": {
				"restore-cursor": "^2.0.0"
			}
		},
		"cli-width": {
			"version": "2.2.0",
			"resolved": "https://registry.npmjs.org/cli-width/-/cli-width-2.2.0.tgz",
			"integrity": "sha1-/xnt6Kml5XkyQUewwR8PvLq+1jk="
		},
		"clsx": {
			"version": "1.1.0",
			"resolved": "https://registry.npmjs.org/clsx/-/clsx-1.1.0.tgz",
			"integrity": "sha512-3avwM37fSK5oP6M5rQ9CNe99lwxhXDOeSWVPAOYF6OazUTgZCMb0yWlJpmdD74REy1gkEaFiub2ULv4fq9GUhA==",
			"dev": true
		},
		"core-js": {
			"version": "2.6.11",
			"resolved": "https://registry.npmjs.org/core-js/-/core-js-2.6.11.tgz",
			"integrity": "sha512-5wjnpaT/3dV+XB4borEsnAYQchn00XSgTAWKDkEqv+K8KevjbzmofK6hfJ9TZIlpj2N0xQpazy7PiRQiWHqzWg=="
		},
		"css-vendor": {
			"version": "2.0.7",
			"resolved": "https://registry.npmjs.org/css-vendor/-/css-vendor-2.0.7.tgz",
			"integrity": "sha512-VS9Rjt79+p7M0WkPqcAza4Yq1ZHrsHrwf7hPL/bjQB+c1lwmAI+1FXxYTYt818D/50fFVflw0XKleiBN5RITkg==",
			"dev": true,
			"requires": {
				"@babel/runtime": "^7.6.2",
				"is-in-browser": "^1.0.2"
			}
		},
		"csstype": {
			"version": "2.6.9",
			"resolved": "https://registry.npmjs.org/csstype/-/csstype-2.6.9.tgz",
			"integrity": "sha512-xz39Sb4+OaTsULgUERcCk+TJj8ylkL4aSVDQiX/ksxbELSqwkgt4d4RD7fovIdgJGSuNYqwZEiVjYY5l0ask+Q==",
			"dev": true
		},
		"decorate-component-with-props": {
			"version": "1.1.0",
			"resolved": "https://registry.npmjs.org/decorate-component-with-props/-/decorate-component-with-props-1.1.0.tgz",
			"integrity": "sha512-tTYQojixN64yK3/WBODMfvss/zbmyUx9HQXhzSxZiSiofeekVeRyyuToy9BCiTMrVEIKWxTcla2t3y5qdaUF7Q=="
		},
		"dom-helpers": {
			"version": "5.1.3",
			"resolved": "https://registry.npmjs.org/dom-helpers/-/dom-helpers-5.1.3.tgz",
			"integrity": "sha512-nZD1OtwfWGRBWlpANxacBEZrEuLa16o1nh7YopFWeoF68Zt8GGEmzHu6Xv4F3XaFIC+YXtTLrzgqKxFgLEe4jw==",
			"dev": true,
			"requires": {
				"@babel/runtime": "^7.6.3",
				"csstype": "^2.6.7"
			}
		},
		"draft-js": {
			"version": "0.11.4",
			"resolved": "https://registry.npmjs.org/draft-js/-/draft-js-0.11.4.tgz",
			"integrity": "sha512-BLZ59s0vkDj/zI8UPo9Nit/hPsl11ztDejxDCQlVbvEXJSWrTXqO6ZYgdw3hXLtuojq/URqq3wTrpnb3dvzvLA==",
			"requires": {
				"fbjs": "^1.0.0",
				"immutable": "~3.7.4",
				"object-assign": "^4.1.1"
			},
			"dependencies": {
				"immutable": {
					"version": "3.7.6",
					"resolved": "https://registry.npmjs.org/immutable/-/immutable-3.7.6.tgz",
					"integrity": "sha1-E7TTyxK++hVIKib+Gy665kAHHks="
				}
			}
		},
		"draft-js-checkable-list-item": {
			"version": "3.0.4",
			"resolved": "https://registry.npmjs.org/draft-js-checkable-list-item/-/draft-js-checkable-list-item-3.0.4.tgz",
			"integrity": "sha512-rHTErKYTYoBRtSCxKfSz+PivbtXp0KqmjC2Ms3u9QHlx9c40qsbajdSz+1TfPXaWP8FAB5EeynZ2qYPRgltPeQ==",
			"requires": {
				"draft-js-modifiers": "~0.2.2",
				"immutable": "~3.7.4"
			},
			"dependencies": {
				"immutable": {
					"version": "3.7.6",
					"resolved": "https://registry.npmjs.org/immutable/-/immutable-3.7.6.tgz",
					"integrity": "sha1-E7TTyxK++hVIKib+Gy665kAHHks="
				}
			}
		},
		"draft-js-export-html": {
			"version": "1.4.1",
			"resolved": "https://registry.npmjs.org/draft-js-export-html/-/draft-js-export-html-1.4.1.tgz",
			"integrity": "sha512-G4VGBSalPowktIE4wp3rFbhjs+Ln9IZ2FhXeHjsZDSw0a2+h+BjKu5Enq+mcsyVb51RW740GBK8Xbf7Iic51tw==",
			"requires": {
				"draft-js-utils": "^1.4.0"
			}
		},
		"draft-js-import-element": {
			"version": "1.4.0",
			"resolved": "https://registry.npmjs.org/draft-js-import-element/-/draft-js-import-element-1.4.0.tgz",
			"integrity": "sha512-WmYT5PrCm47lGL5FkH6sRO3TTAcn7qNHsD3igiPqLG/RXrqyKrqN4+wBgbcT2lhna/yfWTRtgzAbQsSJoS1Meg==",
			"requires": {
				"draft-js-utils": "^1.4.0",
				"synthetic-dom": "^1.4.0"
			}
		},
		"draft-js-import-html": {
			"version": "1.4.1",
			"resolved": "https://registry.npmjs.org/draft-js-import-html/-/draft-js-import-html-1.4.1.tgz",
			"integrity": "sha512-KOZmtgxZriCDgg5Smr3Y09TjubvXe7rHPy/2fuLSsL+aSzwUDwH/aHDA/k47U+WfpmL4qgyg4oZhqx9TYJV0tg==",
			"requires": {
				"draft-js-import-element": "^1.4.0"
			}
		},
		"draft-js-md-keyboard-plugin": {
			"version": "0.6.1",
			"resolved": "https://registry.npmjs.org/draft-js-md-keyboard-plugin/-/draft-js-md-keyboard-plugin-0.6.1.tgz",
			"integrity": "sha512-sOu8/gLGlBAb7jQ7mYBuLLcG2M2DvmL7P5IZItck9tdqisTMK4pPzt3IimoGLpOhrbkSiHhOwwzz6UTDU92d/Q==",
			"requires": {
				"decorate-component-with-props": "^1.1.0",
				"draft-js": "~0.11.0",
				"draft-js-checkable-list-item": "^3.0.1",
				"immutable": "~3.8.2",
				"opencollective": "^1.0.3"
			},
			"dependencies": {
				"immutable": {
					"version": "3.8.2",
					"resolved": "https://registry.npmjs.org/immutable/-/immutable-3.8.2.tgz",
					"integrity": "sha1-wkOZUUVbs5kT2vKBN28VMOEErfM="
				}
			}
		},
		"draft-js-modifiers": {
			"version": "0.2.2",
			"resolved": "https://registry.npmjs.org/draft-js-modifiers/-/draft-js-modifiers-0.2.2.tgz",
			"integrity": "sha512-64zeY74S4um+NO5HI66scZAX6fufdpZlr6htI3ttvNkTw5Jx/3r7+ETKJ/PTnGWtzUTC7TVkeF6mP7oqtUBUQw==",
			"requires": {
				"draft-js": "~0.10.5",
				"immutable": "~3.7.4"
			},
			"dependencies": {
				"core-js": {
					"version": "1.2.7",
					"resolved": "https://registry.npmjs.org/core-js/-/core-js-1.2.7.tgz",
					"integrity": "sha1-ZSKUwUZR2yj6k70tX/KYOk8IxjY="
				},
				"draft-js": {
					"version": "0.10.5",
					"resolved": "https://registry.npmjs.org/draft-js/-/draft-js-0.10.5.tgz",
					"integrity": "sha512-LE6jSCV9nkPhfVX2ggcRLA4FKs6zWq9ceuO/88BpXdNCS7mjRTgs0NsV6piUCJX9YxMsB9An33wnkMmU2sD2Zg==",
					"requires": {
						"fbjs": "^0.8.15",
						"immutable": "~3.7.4",
						"object-assign": "^4.1.0"
					}
				},
				"fbjs": {
					"version": "0.8.17",
					"resolved": "https://registry.npmjs.org/fbjs/-/fbjs-0.8.17.tgz",
					"integrity": "sha1-xNWY6taUkRJlPWWIsBpc3Nn5D90=",
					"requires": {
						"core-js": "^1.0.0",
						"isomorphic-fetch": "^2.1.1",
						"loose-envify": "^1.0.0",
						"object-assign": "^4.1.0",
						"promise": "^7.1.1",
						"setimmediate": "^1.0.5",
						"ua-parser-js": "^0.7.18"
					}
				},
				"immutable": {
					"version": "3.7.6",
					"resolved": "https://registry.npmjs.org/immutable/-/immutable-3.7.6.tgz",
					"integrity": "sha1-E7TTyxK++hVIKib+Gy665kAHHks="
				}
			}
		},
		"draft-js-plugins-editor": {
			"version": "3.0.0",
			"resolved": "https://registry.npmjs.org/draft-js-plugins-editor/-/draft-js-plugins-editor-3.0.0.tgz",
			"integrity": "sha512-bFEL0FUIPg9VK3KSeBZ3D+uMqQEVe4Cv7++LWCMASRH02jy6x2f87NRxSZLzTQES5+oL6Qg+OEUlaTn409145A==",
			"dev": true,
			"requires": {
				"immutable": "~3.7.4",
				"prop-types": "^15.5.8"
			},
			"dependencies": {
				"immutable": {
					"version": "3.7.6",
					"resolved": "https://registry.npmjs.org/immutable/-/immutable-3.7.6.tgz",
					"integrity": "sha1-E7TTyxK++hVIKib+Gy665kAHHks=",
					"dev": true
				}
			}
		},
		"draft-js-utils": {
			"version": "1.4.0",
			"resolved": "https://registry.npmjs.org/draft-js-utils/-/draft-js-utils-1.4.0.tgz",
			"integrity": "sha512-8s9FFuKC+lOWGwJ0b3om2PF+uXrqQPaEQlPJI7UxdzxTYGMeKouMPA9+YlPn52zcAVElIZtd2tXj6eQmvlKelw=="
		},
		"encoding": {
			"version": "0.1.12",
			"resolved": "https://registry.npmjs.org/encoding/-/encoding-0.1.12.tgz",
			"integrity": "sha1-U4tm8+5izRq1HsMjgp0flIDHS+s=",
			"requires": {
				"iconv-lite": "~0.4.13"
			}
		},
		"escape-string-regexp": {
			"version": "1.0.5",
			"resolved": "https://registry.npmjs.org/escape-string-regexp/-/escape-string-regexp-1.0.5.tgz",
			"integrity": "sha1-G2HAViGQqN/2rjuyzwIAyhMLhtQ="
		},
		"external-editor": {
			"version": "2.2.0",
			"resolved": "https://registry.npmjs.org/external-editor/-/external-editor-2.2.0.tgz",
			"integrity": "sha512-bSn6gvGxKt+b7+6TKEv1ZycHleA7aHhRHyAqJyp5pbUFuYYNIzpZnQDk7AsYckyWdEnTeAnay0aCy2aV6iTk9A==",
			"requires": {
				"chardet": "^0.4.0",
				"iconv-lite": "^0.4.17",
				"tmp": "^0.0.33"
			}
		},
		"fbjs": {
			"version": "1.0.0",
			"resolved": "https://registry.npmjs.org/fbjs/-/fbjs-1.0.0.tgz",
			"integrity": "sha512-MUgcMEJaFhCaF1QtWGnmq9ZDRAzECTCRAF7O6UZIlAlkTs1SasiX9aP0Iw7wfD2mJ7wDTNfg2w7u5fSCwJk1OA==",
			"requires": {
				"core-js": "^2.4.1",
				"fbjs-css-vars": "^1.0.0",
				"isomorphic-fetch": "^2.1.1",
				"loose-envify": "^1.0.0",
				"object-assign": "^4.1.0",
				"promise": "^7.1.1",
				"setimmediate": "^1.0.5",
				"ua-parser-js": "^0.7.18"
			}
		},
		"fbjs-css-vars": {
			"version": "1.0.2",
			"resolved": "https://registry.npmjs.org/fbjs-css-vars/-/fbjs-css-vars-1.0.2.tgz",
			"integrity": "sha512-b2XGFAFdWZWg0phtAWLHCk836A1Xann+I+Dgd3Gk64MHKZO44FfoD1KxyvbSh0qZsIoXQGGlVztIY+oitJPpRQ=="
		},
		"figures": {
			"version": "2.0.0",
			"resolved": "https://registry.npmjs.org/figures/-/figures-2.0.0.tgz",
			"integrity": "sha1-OrGi0qYsi/tDGgyUy3l6L84nyWI=",
			"requires": {
				"escape-string-regexp": "^1.0.5"
			}
		},
		"has-ansi": {
			"version": "2.0.0",
			"resolved": "https://registry.npmjs.org/has-ansi/-/has-ansi-2.0.0.tgz",
			"integrity": "sha1-NPUEnOHs3ysGSa8+8k5F7TVBbZE=",
			"requires": {
				"ansi-regex": "^2.0.0"
			}
		},
		"hoist-non-react-statics": {
			"version": "3.3.2",
			"resolved": "https://registry.npmjs.org/hoist-non-react-statics/-/hoist-non-react-statics-3.3.2.tgz",
			"integrity": "sha512-/gGivxi8JPKWNm/W0jSmzcMPpfpPLc3dY/6GxhX2hQ9iGj3aDfklV4ET7NjKpSinLpJ5vafa9iiGIEZg10SfBw==",
			"dev": true,
			"requires": {
				"react-is": "^16.7.0"
			}
		},
		"hyphenate-style-name": {
			"version": "1.0.3",
			"resolved": "https://registry.npmjs.org/hyphenate-style-name/-/hyphenate-style-name-1.0.3.tgz",
			"integrity": "sha512-EcuixamT82oplpoJ2XU4pDtKGWQ7b00CD9f1ug9IaQ3p1bkHMiKCZ9ut9QDI6qsa6cpUuB+A/I+zLtdNK4n2DQ==",
			"dev": true
		},
		"iconv-lite": {
			"version": "0.4.24",
			"resolved": "https://registry.npmjs.org/iconv-lite/-/iconv-lite-0.4.24.tgz",
			"integrity": "sha512-v3MXnZAcvnywkTUEZomIActle7RXXeedOR31wwl7VlyoXO4Qi9arvSenNQWne1TcRwhCL1HwLI21bEqdpj8/rA==",
			"requires": {
				"safer-buffer": ">= 2.1.2 < 3"
			}
		},
		"immutable": {
			"version": "4.0.0-rc.12",
			"resolved": "https://registry.npmjs.org/immutable/-/immutable-4.0.0-rc.12.tgz",
			"integrity": "sha512-0M2XxkZLx/mi3t8NVwIm1g8nHoEmM9p9UBl/G9k4+hm0kBgOVdMV/B3CY5dQ8qG8qc80NN4gDV4HQv6FTJ5q7A==",
			"dev": true
		},
		"inquirer": {
			"version": "3.0.6",
			"resolved": "https://registry.npmjs.org/inquirer/-/inquirer-3.0.6.tgz",
			"integrity": "sha1-4EqqnQW3o8ubD0B9BDdfBEcZA0c=",
			"requires": {
				"ansi-escapes": "^1.1.0",
				"chalk": "^1.0.0",
				"cli-cursor": "^2.1.0",
				"cli-width": "^2.0.0",
				"external-editor": "^2.0.1",
				"figures": "^2.0.0",
				"lodash": "^4.3.0",
				"mute-stream": "0.0.7",
				"run-async": "^2.2.0",
				"rx": "^4.1.0",
				"string-width": "^2.0.0",
				"strip-ansi": "^3.0.0",
				"through": "^2.3.6"
			}
		},
		"is-fullwidth-code-point": {
			"version": "2.0.0",
			"resolved": "https://registry.npmjs.org/is-fullwidth-code-point/-/is-fullwidth-code-point-2.0.0.tgz",
			"integrity": "sha1-o7MKXE8ZkYMWeqq5O+764937ZU8="
		},
		"is-in-browser": {
			"version": "1.1.3",
			"resolved": "https://registry.npmjs.org/is-in-browser/-/is-in-browser-1.1.3.tgz",
			"integrity": "sha1-Vv9NtoOgeMYILrldrX3GLh0E+DU=",
			"dev": true
		},
		"is-promise": {
			"version": "2.1.0",
			"resolved": "https://registry.npmjs.org/is-promise/-/is-promise-2.1.0.tgz",
			"integrity": "sha1-eaKp7OfwlugPNtKy87wWwf9L8/o="
		},
		"is-stream": {
			"version": "1.1.0",
			"resolved": "https://registry.npmjs.org/is-stream/-/is-stream-1.1.0.tgz",
			"integrity": "sha1-EtSj3U5o4Lec6428hBc66A2RykQ="
		},
		"isomorphic-fetch": {
			"version": "2.2.1",
			"resolved": "https://registry.npmjs.org/isomorphic-fetch/-/isomorphic-fetch-2.2.1.tgz",
			"integrity": "sha1-YRrhrPFPXoH3KVB0coGf6XM1WKk=",
			"requires": {
				"node-fetch": "^1.0.1",
				"whatwg-fetch": ">=0.10.0"
			}
		},
		"js-tokens": {
			"version": "4.0.0",
			"resolved": "https://registry.npmjs.org/js-tokens/-/js-tokens-4.0.0.tgz",
			"integrity": "sha512-RdJUflcE3cUzKiMqQgsCu06FPu9UdIJO0beYbPhHN4k6apgJtifcoCtT9bcxOpYBtpD2kCM6Sbzg4CausW/PKQ=="
		},
		"jss": {
			"version": "10.1.1",
			"resolved": "https://registry.npmjs.org/jss/-/jss-10.1.1.tgz",
			"integrity": "sha512-Xz3qgRUFlxbWk1czCZibUJqhVPObrZHxY3FPsjCXhDld4NOj1BgM14Ir5hVm+Qr6OLqVljjGvoMcCdXNOAbdkQ==",
			"dev": true,
			"requires": {
				"@babel/runtime": "^7.3.1",
				"csstype": "^2.6.5",
				"is-in-browser": "^1.1.3",
				"tiny-warning": "^1.0.2"
			}
		},
		"jss-plugin-camel-case": {
			"version": "10.1.1",
			"resolved": "https://registry.npmjs.org/jss-plugin-camel-case/-/jss-plugin-camel-case-10.1.1.tgz",
			"integrity": "sha512-MDIaw8FeD5uFz1seQBKz4pnvDLnj5vIKV5hXSVdMaAVq13xR6SVTVWkIV/keyTs5txxTvzGJ9hXoxgd1WTUlBw==",
			"dev": true,
			"requires": {
				"@babel/runtime": "^7.3.1",
				"hyphenate-style-name": "^1.0.3",
				"jss": "10.1.1"
			}
		},
		"jss-plugin-default-unit": {
			"version": "10.1.1",
			"resolved": "https://registry.npmjs.org/jss-plugin-default-unit/-/jss-plugin-default-unit-10.1.1.tgz",
			"integrity": "sha512-UkeVCA/b3QEA4k0nIKS4uWXDCNmV73WLHdh2oDGZZc3GsQtlOCuiH3EkB/qI60v2MiCq356/SYWsDXt21yjwdg==",
			"dev": true,
			"requires": {
				"@babel/runtime": "^7.3.1",
				"jss": "10.1.1"
			}
		},
		"jss-plugin-global": {
			"version": "10.1.1",
			"resolved": "https://registry.npmjs.org/jss-plugin-global/-/jss-plugin-global-10.1.1.tgz",
			"integrity": "sha512-VBG3wRyi3Z8S4kMhm8rZV6caYBegsk+QnQZSVmrWw6GVOT/Z4FA7eyMu5SdkorDlG/HVpHh91oFN56O4R9m2VA==",
			"dev": true,
			"requires": {
				"@babel/runtime": "^7.3.1",
				"jss": "10.1.1"
			}
		},
		"jss-plugin-nested": {
			"version": "10.1.1",
			"resolved": "https://registry.npmjs.org/jss-plugin-nested/-/jss-plugin-nested-10.1.1.tgz",
			"integrity": "sha512-ozEu7ZBSVrMYxSDplPX3H82XHNQk2DQEJ9TEyo7OVTPJ1hEieqjDFiOQOxXEj9z3PMqkylnUbvWIZRDKCFYw5Q==",
			"dev": true,
			"requires": {
				"@babel/runtime": "^7.3.1",
				"jss": "10.1.1",
				"tiny-warning": "^1.0.2"
			}
		},
		"jss-plugin-props-sort": {
			"version": "10.1.1",
			"resolved": "https://registry.npmjs.org/jss-plugin-props-sort/-/jss-plugin-props-sort-10.1.1.tgz",
			"integrity": "sha512-g/joK3eTDZB4pkqpZB38257yD4LXB0X15jxtZAGbUzcKAVUHPl9Jb47Y7lYmiGsShiV4YmQRqG1p2DHMYoK91g==",
			"dev": true,
			"requires": {
				"@babel/runtime": "^7.3.1",
				"jss": "10.1.1"
			}
		},
		"jss-plugin-rule-value-function": {
			"version": "10.1.1",
			"resolved": "https://registry.npmjs.org/jss-plugin-rule-value-function/-/jss-plugin-rule-value-function-10.1.1.tgz",
			"integrity": "sha512-ClV1lvJ3laU9la1CUzaDugEcwnpjPTuJ0yGy2YtcU+gG/w9HMInD5vEv7xKAz53Bk4WiJm5uLOElSEshHyhKNw==",
			"dev": true,
			"requires": {
				"@babel/runtime": "^7.3.1",
				"jss": "10.1.1"
			}
		},
		"jss-plugin-vendor-prefixer": {
			"version": "10.1.1",
			"resolved": "https://registry.npmjs.org/jss-plugin-vendor-prefixer/-/jss-plugin-vendor-prefixer-10.1.1.tgz",
			"integrity": "sha512-09MZpQ6onQrhaVSF6GHC4iYifQ7+4YC/tAP6D4ZWeZotvCMq1mHLqNKRIaqQ2lkgANjlEot2JnVi1ktu4+L4pw==",
			"dev": true,
			"requires": {
				"@babel/runtime": "^7.3.1",
				"css-vendor": "^2.0.7",
				"jss": "10.1.1"
			}
		},
		"lodash": {
			"version": "4.17.15",
			"resolved": "https://registry.npmjs.org/lodash/-/lodash-4.17.15.tgz",
			"integrity": "sha512-8xOcRHvCjnocdS5cpwXQXVzmmh5e5+saE2QGoeQmbKmRS6J3VQppPOIt0MnmE+4xlZoumy0GPG0D0MVIQbNA1A=="
		},
		"loose-envify": {
			"version": "1.4.0",
			"resolved": "https://registry.npmjs.org/loose-envify/-/loose-envify-1.4.0.tgz",
			"integrity": "sha512-lyuxPGr/Wfhrlem2CL/UcnUc1zcqKAImBDzukY7Y5F/yQiNdko6+fRLevlw1HgMySw7f611UIY408EtxRSoK3Q==",
			"requires": {
				"js-tokens": "^3.0.0 || ^4.0.0"
			}
		},
		"markdown-draft-js": {
			"version": "2.2.0",
			"resolved": "https://registry.npmjs.org/markdown-draft-js/-/markdown-draft-js-2.2.0.tgz",
			"integrity": "sha512-OW53nd5m7KrnuXjH8jNKB3SQ5KidKD/+pHS+3daVKTsyjsiozghjUxzNH+5JLxzaBECHmJ7itE39RzMgYm5EFQ==",
			"requires": {
				"remarkable": "2.0.0"
			}
		},
		"mimic-fn": {
			"version": "1.2.0",
			"resolved": "https://registry.npmjs.org/mimic-fn/-/mimic-fn-1.2.0.tgz",
			"integrity": "sha512-jf84uxzwiuiIVKiOLpfYk7N46TSy8ubTonmneY9vrpHNAnp0QBt2BxWV9dO3/j+BoVAb+a5G6YDPW3M5HOdMWQ=="
		},
		"minimist": {
			"version": "1.2.0",
			"resolved": "https://registry.npmjs.org/minimist/-/minimist-1.2.0.tgz",
			"integrity": "sha1-o1AIsg9BOD7sH7kU9M1d95omQoQ="
		},
		"mute-stream": {
			"version": "0.0.7",
			"resolved": "https://registry.npmjs.org/mute-stream/-/mute-stream-0.0.7.tgz",
			"integrity": "sha1-MHXOk7whuPq0PhvE2n6BFe0ee6s="
		},
		"node-fetch": {
			"version": "1.7.3",
			"resolved": "https://registry.npmjs.org/node-fetch/-/node-fetch-1.7.3.tgz",
			"integrity": "sha512-NhZ4CsKx7cYm2vSrBAr2PvFOe6sWDf0UYLRqA6svUYg7+/TSfVAu49jYC4BvQ4Sms9SZgdqGBgroqfDhJdTyKQ==",
			"requires": {
				"encoding": "^0.1.11",
				"is-stream": "^1.0.1"
			}
		},
		"object-assign": {
			"version": "4.1.1",
			"resolved": "https://registry.npmjs.org/object-assign/-/object-assign-4.1.1.tgz",
			"integrity": "sha1-IQmtx5ZYh8/AXLvUQsrIv7s2CGM="
		},
		"onetime": {
			"version": "2.0.1",
			"resolved": "https://registry.npmjs.org/onetime/-/onetime-2.0.1.tgz",
			"integrity": "sha1-BnQoIw/WdEOyeUsiu6UotoZ5YtQ=",
			"requires": {
				"mimic-fn": "^1.0.0"
			}
		},
		"opencollective": {
			"version": "1.0.3",
			"resolved": "https://registry.npmjs.org/opencollective/-/opencollective-1.0.3.tgz",
			"integrity": "sha1-ruY3K8KBRFg2kMPKja7PwSDdDvE=",
			"requires": {
				"babel-polyfill": "6.23.0",
				"chalk": "1.1.3",
				"inquirer": "3.0.6",
				"minimist": "1.2.0",
				"node-fetch": "1.6.3",
				"opn": "4.0.2"
			},
			"dependencies": {
				"node-fetch": {
					"version": "1.6.3",
					"resolved": "https://registry.npmjs.org/node-fetch/-/node-fetch-1.6.3.tgz",
					"integrity": "sha1-3CNO3WSJmC1Y6PDbT2lQKavNjAQ=",
					"requires": {
						"encoding": "^0.1.11",
						"is-stream": "^1.0.1"
					}
				}
			}
		},
		"opn": {
			"version": "4.0.2",
			"resolved": "https://registry.npmjs.org/opn/-/opn-4.0.2.tgz",
			"integrity": "sha1-erwi5kTf9jsKltWrfyeQwPAavJU=",
			"requires": {
				"object-assign": "^4.0.1",
				"pinkie-promise": "^2.0.0"
			}
		},
		"os-tmpdir": {
			"version": "1.0.2",
			"resolved": "https://registry.npmjs.org/os-tmpdir/-/os-tmpdir-1.0.2.tgz",
			"integrity": "sha1-u+Z0BseaqFxc/sdm/lc0VV36EnQ="
		},
		"pinkie": {
			"version": "2.0.4",
			"resolved": "https://registry.npmjs.org/pinkie/-/pinkie-2.0.4.tgz",
			"integrity": "sha1-clVrgM+g1IqXToDnckjoDtT3+HA="
		},
		"pinkie-promise": {
			"version": "2.0.1",
			"resolved": "https://registry.npmjs.org/pinkie-promise/-/pinkie-promise-2.0.1.tgz",
			"integrity": "sha1-ITXW36ejWMBprJsXh3YogihFD/o=",
			"requires": {
				"pinkie": "^2.0.0"
			}
		},
		"popper.js": {
			"version": "1.16.1",
			"resolved": "https://registry.npmjs.org/popper.js/-/popper.js-1.16.1.tgz",
			"integrity": "sha512-Wb4p1J4zyFTbM+u6WuO4XstYx4Ky9Cewe4DWrel7B0w6VVICvPwdOpotjzcf6eD8TsckVnIMNONQyPIUFOUbCQ==",
			"dev": true
		},
		"promise": {
			"version": "7.3.1",
			"resolved": "https://registry.npmjs.org/promise/-/promise-7.3.1.tgz",
			"integrity": "sha512-nolQXZ/4L+bP/UGlkfaIujX9BKxGwmQ9OT4mOt5yvy8iK1h3wqTEJCijzGANTCCl9nWjY41juyAn2K3Q1hLLTg==",
			"requires": {
				"asap": "~2.0.3"
			}
		},
		"prop-types": {
			"version": "15.7.2",
			"resolved": "https://registry.npmjs.org/prop-types/-/prop-types-15.7.2.tgz",
			"integrity": "sha512-8QQikdH7//R2vurIJSutZ1smHYTcLpRWEOlHnzcWHmBYrOGUysKwSsrC89BCiFj3CbrfJ/nXFdJepOVrY1GCHQ==",
			"dev": true,
			"requires": {
				"loose-envify": "^1.4.0",
				"object-assign": "^4.1.1",
				"react-is": "^16.8.1"
			}
		},
		"react": {
			"version": "16.13.1",
			"resolved": "https://registry.npmjs.org/react/-/react-16.13.1.tgz",
			"integrity": "sha512-YMZQQq32xHLX0bz5Mnibv1/LHb3Sqzngu7xstSM+vrkE5Kzr9xE0yMByK5kMoTK30YVJE61WfbxIFFvfeDKT1w==",
			"dev": true,
			"requires": {
				"loose-envify": "^1.1.0",
				"object-assign": "^4.1.1",
				"prop-types": "^15.6.2"
			}
		},
		"react-is": {
			"version": "16.13.1",
			"resolved": "https://registry.npmjs.org/react-is/-/react-is-16.13.1.tgz",
			"integrity": "sha512-24e6ynE2H+OKt4kqsOvNd8kBpV65zoxbA4BVsEOB3ARVWQki/DHzaUoC5KuON/BiccDaCCTZBuOcfZs70kR8bQ==",
			"dev": true
		},
		"react-transition-group": {
			"version": "4.3.0",
			"resolved": "https://registry.npmjs.org/react-transition-group/-/react-transition-group-4.3.0.tgz",
			"integrity": "sha512-1qRV1ZuVSdxPlPf4O8t7inxUGpdyO5zG9IoNfJxSO0ImU2A1YWkEQvFPuIPZmMLkg5hYs7vv5mMOyfgSkvAwvw==",
			"dev": true,
			"requires": {
				"@babel/runtime": "^7.5.5",
				"dom-helpers": "^5.0.1",
				"loose-envify": "^1.4.0",
				"prop-types": "^15.6.2"
			}
		},
		"react-uid": {
			"version": "2.2.0",
			"resolved": "https://registry.npmjs.org/react-uid/-/react-uid-2.2.0.tgz",
			"integrity": "sha512-z+g5+hFOQ08hCfrGcJ1PNs+cmvH8Uq2CVzCmPeWBsUi5A4W4NWXR5jouledzy3oSKGMU9HOzf8zFuGi15TXJoQ=="
		},
		"regenerator-runtime": {
			"version": "0.10.5",
			"resolved": "https://registry.npmjs.org/regenerator-runtime/-/regenerator-runtime-0.10.5.tgz",
			"integrity": "sha1-M2w+/BIgrc7dosn6tntaeVWjNlg="
		},
		"remarkable": {
			"version": "2.0.0",
			"resolved": "https://registry.npmjs.org/remarkable/-/remarkable-2.0.0.tgz",
			"integrity": "sha512-3gvKFAgL4xmmVRKAMNm6UzDo/rO2gPVkZrWagp6AXEA4JvCcMcRx9aapYbb7AJAmLLvi/u06+EhzqoS7ha9qOg==",
			"requires": {
				"argparse": "^1.0.10",
				"autolinker": "^3.11.0"
			}
		},
		"restore-cursor": {
			"version": "2.0.0",
			"resolved": "https://registry.npmjs.org/restore-cursor/-/restore-cursor-2.0.0.tgz",
			"integrity": "sha1-n37ih/gv0ybU/RYpI9YhKe7g368=",
			"requires": {
				"onetime": "^2.0.0",
				"signal-exit": "^3.0.2"
			}
		},
		"run-async": {
			"version": "2.4.0",
			"resolved": "https://registry.npmjs.org/run-async/-/run-async-2.4.0.tgz",
			"integrity": "sha512-xJTbh/d7Lm7SBhc1tNvTpeCHaEzoyxPrqNlvSdMfBTYwaY++UJFyXUOxAtsRUXjlqOfj8luNaR9vjCh4KeV+pg==",
			"requires": {
				"is-promise": "^2.1.0"
			}
		},
		"rx": {
			"version": "4.1.0",
			"resolved": "https://registry.npmjs.org/rx/-/rx-4.1.0.tgz",
			"integrity": "sha1-pfE/957zt0D+MKqAP7CfmIBdR4I="
		},
		"safer-buffer": {
			"version": "2.1.2",
			"resolved": "https://registry.npmjs.org/safer-buffer/-/safer-buffer-2.1.2.tgz",
			"integrity": "sha512-YZo3K82SD7Riyi0E1EQPojLz7kpepnSQI9IyPbHHg1XXXevb5dJI7tpyN2ADxGcQbHG7vcyRHk0cbwqcQriUtg=="
		},
		"setimmediate": {
			"version": "1.0.5",
			"resolved": "https://registry.npmjs.org/setimmediate/-/setimmediate-1.0.5.tgz",
			"integrity": "sha1-KQy7Iy4waULX1+qbg3Mqt4VvgoU="
		},
		"signal-exit": {
			"version": "3.0.2",
			"resolved": "https://registry.npmjs.org/signal-exit/-/signal-exit-3.0.2.tgz",
			"integrity": "sha1-tf3AjxKH6hF4Yo5BXiUTK3NkbG0="
		},
		"sprintf-js": {
			"version": "1.0.3",
			"resolved": "https://registry.npmjs.org/sprintf-js/-/sprintf-js-1.0.3.tgz",
			"integrity": "sha1-BOaSb2YolTVPPdAVIDYzuFcpfiw="
		},
		"string-width": {
			"version": "2.1.1",
			"resolved": "https://registry.npmjs.org/string-width/-/string-width-2.1.1.tgz",
			"integrity": "sha512-nOqH59deCq9SRHlxq1Aw85Jnt4w6KvLKqWVik6oA9ZklXLNIOlqg4F2yrT1MVaTjAqvVwdfeZ7w7aCvJD7ugkw==",
			"requires": {
				"is-fullwidth-code-point": "^2.0.0",
				"strip-ansi": "^4.0.0"
			},
			"dependencies": {
				"ansi-regex": {
					"version": "3.0.0",
					"resolved": "https://registry.npmjs.org/ansi-regex/-/ansi-regex-3.0.0.tgz",
					"integrity": "sha1-7QMXwyIGT3lGbAKWa922Bas32Zg="
				},
				"strip-ansi": {
					"version": "4.0.0",
					"resolved": "https://registry.npmjs.org/strip-ansi/-/strip-ansi-4.0.0.tgz",
					"integrity": "sha1-qEeQIusaw2iocTibY1JixQXuNo8=",
					"requires": {
						"ansi-regex": "^3.0.0"
					}
				}
			}
		},
		"strip-ansi": {
			"version": "3.0.1",
			"resolved": "https://registry.npmjs.org/strip-ansi/-/strip-ansi-3.0.1.tgz",
			"integrity": "sha1-ajhfuIU9lS1f8F0Oiq+UJ43GPc8=",
			"requires": {
				"ansi-regex": "^2.0.0"
			}
		},
		"supports-color": {
			"version": "2.0.0",
			"resolved": "https://registry.npmjs.org/supports-color/-/supports-color-2.0.0.tgz",
			"integrity": "sha1-U10EXOa2Nj+kARcIRimZXp3zJMc="
		},
		"synthetic-dom": {
			"version": "1.4.0",
			"resolved": "https://registry.npmjs.org/synthetic-dom/-/synthetic-dom-1.4.0.tgz",
			"integrity": "sha512-mHv51ZsmZ+ShT/4s5kg+MGUIhY7Ltq4v03xpN1c8T1Krb5pScsh/lzEjyhrVD0soVDbThbd2e+4dD9vnDG4rhg=="
		},
		"through": {
			"version": "2.3.8",
			"resolved": "https://registry.npmjs.org/through/-/through-2.3.8.tgz",
			"integrity": "sha1-DdTJ/6q8NXlgsbckEV1+Doai4fU="
		},
		"tiny-warning": {
			"version": "1.0.3",
			"resolved": "https://registry.npmjs.org/tiny-warning/-/tiny-warning-1.0.3.tgz",
			"integrity": "sha512-lBN9zLN/oAf68o3zNXYrdCt1kP8WsiGW8Oo2ka41b2IM5JL/S1CTyX1rW0mb/zSuJun0ZUrDxx4sqvYS2FWzPA==",
			"dev": true
		},
		"tmp": {
			"version": "0.0.33",
			"resolved": "https://registry.npmjs.org/tmp/-/tmp-0.0.33.tgz",
			"integrity": "sha512-jRCJlojKnZ3addtTOjdIqoRuPEKBvNXcGYqzO6zWZX8KfKEpnGY5jfggJQ3EjKuu8D4bJRr0y+cYJFmYbImXGw==",
			"requires": {
				"os-tmpdir": "~1.0.2"
			}
		},
		"tslib": {
			"version": "1.11.1",
			"resolved": "https://registry.npmjs.org/tslib/-/tslib-1.11.1.tgz",
			"integrity": "sha512-aZW88SY8kQbU7gpV19lN24LtXh/yD4ZZg6qieAJDDg+YBsJcSmLGK9QpnUjAKVG/xefmvJGd1WUmfpT/g6AJGA=="
		},
		"ua-parser-js": {
			"version": "0.7.21",
			"resolved": "https://registry.npmjs.org/ua-parser-js/-/ua-parser-js-0.7.21.tgz",
			"integrity": "sha512-+O8/qh/Qj8CgC6eYBVBykMrNtp5Gebn4dlGD/kKXVkJNDwyrAwSIqwz8CDf+tsAIWVycKcku6gIXJ0qwx/ZXaQ=="
		},
		"whatwg-fetch": {
			"version": "3.0.0",
			"resolved": "https://registry.npmjs.org/whatwg-fetch/-/whatwg-fetch-3.0.0.tgz",
			"integrity": "sha512-9GSJUgz1D4MfyKU7KRqwOjXCXTqWdFNvEr7eUBYchQiVc744mqK/MzXPNR2WsPkmkOa4ywfg8C2n8h+13Bey1Q=="
		}
	}
}
