{
	"name": "@ui-schema/dictionary",
	"version": "0.0.12",
	"lockfileVersion": 3,
	"requires": true,
	"packages": {
		"": {
			"name": "@ui-schema/dictionary",
			"version": "0.0.12",
			"license": "MIT",
			"devDependencies": {
				"immutable": "^5.0.0"
			},
			"peerDependencies": {
				"@ui-schema/json-schema": "~0.5.0-alpha.0",
				"immutable": "^4.0.0 || ^5.0.0"
			},
			"peerDependenciesMeta": {
				"immutable": {
					"optional": true
				}
			}
		},
		"node_modules/immutable": {
			"version": "5.0.3",
			"resolved": "https://registry.npmjs.org/immutable/-/immutable-5.0.3.tgz",
			"integrity": "sha512-P8IdPQHq3lA1xVeBRi5VPqUm5HDgKnx0Ru51wZz5mjxHr5n3RWhjIpOFU7ybkUxfB+5IToy+OLaHYDBIWsv+uw==",
			"dev": true,
			"license": "MIT"
		}
	}
}
