{
	"name": "@ui-schema/dictionary",
	"version": "0.0.13",
	"lockfileVersion": 3,
	"requires": true,
	"packages": {
		"": {
			"name": "@ui-schema/dictionary",
			"version": "0.0.13",
			"license": "MIT",
			"devDependencies": {
				"immutable": "^5.0.0"
			},
			"peerDependencies": {
				"@ui-schema/json-schema": "~0.5.0-alpha.0",
				"immutable": "^4.0.0 || ^5.0.0"
			},
			"peerDependenciesMeta": {
				"immutable": {
					"optional": true
				}
			}
		},
		"node_modules/immutable": {
			"version": "5.1.3",
			"resolved": "https://registry.npmjs.org/immutable/-/immutable-5.1.3.tgz",
			"integrity": "sha512-+chQdDfvscSF1SJqv2gn4SRO2ZyS3xL3r7IW/wWEEzrzLisnOlKiQu5ytC/BVNcS15C39WT2Hg/bjKjDMcu+zg==",
			"dev": true,
			"license": "MIT"
		}
	}
}
